<?xml version="1.0" encoding="utf-8"?>
<Project ToolsVersion="4.0" xmlns="http://schemas.microsoft.com/developer/msbuild/2003">
  <ItemGroup>
    <Filter Include="Engine">
      <UniqueIdentifier>{9BCB94FE-674B-40EA-8690-D716A6901EF6}</UniqueIdentifier>
    </Filter>
    <Filter Include="EngineResources">
      <UniqueIdentifier>{CC325B07-B7CA-4719-B915-00B762186ED3}</UniqueIdentifier>
    </Filter>
    <Filter Include="Library">
      <UniqueIdentifier>{5C235134-EC7C-4103-B4F6-5A8C0CAE9FC6}</UniqueIdentifier>
    </Filter>
    <Filter Include="EngineResources\HLSL">
      <UniqueIdentifier>{B3A59136-85F0-4974-AB73-49CBA8BA342A}</UniqueIdentifier>
    </Filter>
    <Filter Include="Engine\Application">
      <UniqueIdentifier>{F3117A89-023A-4A90-A69B-AFDC1251AB8B}</UniqueIdentifier>
    </Filter>
    <Filter Include="Engine\Assets">
      <UniqueIdentifier>{BA491CE7-93FB-4509-9B77-01B1D4D8C3BA}</UniqueIdentifier>
    </Filter>
    <Filter Include="Engine\Debug">
      <UniqueIdentifier>{31588EE9-8812-4C36-B194-B136EFCFF2F7}</UniqueIdentifier>
    </Filter>
    <Filter Include="Engine\GraphicsAPI">
      <UniqueIdentifier>{58C19847-B3D8-421F-8E92-100B180A5C08}</UniqueIdentifier>
    </Filter>
    <Filter Include="Engine\Module">
      <UniqueIdentifier>{C6124283-34FF-41EF-8255-2B57DDFA0D7B}</UniqueIdentifier>
    </Filter>
    <Filter Include="Engine\Runtime">
      <UniqueIdentifier>{0AC014E8-A950-460E-8E13-24FDED54471E}</UniqueIdentifier>
    </Filter>
    <Filter Include="Library\Math">
      <UniqueIdentifier>{B8182BF7-5430-4235-9A8D-2D65DFE9E427}</UniqueIdentifier>
    </Filter>
    <Filter Include="Library\Utility">
      <UniqueIdentifier>{FA7B1CCA-8B3A-4200-B51B-0D3417A0B063}</UniqueIdentifier>
    </Filter>
    <Filter Include="EngineResources\HLSL\Debug">
      <UniqueIdentifier>{375615D8-B6DB-484D-A210-7AF32ECDD284}</UniqueIdentifier>
    </Filter>
    <Filter Include="EngineResources\HLSL\Deferred">
      <UniqueIdentifier>{62E735AA-FCD2-4DBD-A0C9-418C6A89FF60}</UniqueIdentifier>
    </Filter>
    <Filter Include="EngineResources\HLSL\Forward">
      <UniqueIdentifier>{3E89C97B-D646-4B35-BC33-7D89A89C7DE8}</UniqueIdentifier>
    </Filter>
    <Filter Include="EngineResources\HLSL\Misc">
      <UniqueIdentifier>{59055DA7-EAE6-404A-96AE-10C824023C06}</UniqueIdentifier>
    </Filter>
    <Filter Include="EngineResources\HLSL\Posteffect">
      <UniqueIdentifier>{9F71561E-1A88-4782-8F78-82BFD4DE1C01}</UniqueIdentifier>
    </Filter>
    <Filter Include="EngineResources\HLSL\Sprite">
      <UniqueIdentifier>{5FAB97BB-F3DC-42C9-AC2E-66A9DF15DC64}</UniqueIdentifier>
    </Filter>
    <Filter Include="EngineResources\HLSL\Tools">
      <UniqueIdentifier>{8A630CCF-BF0A-4EE1-AF61-31527C7AB7DA}</UniqueIdentifier>
    </Filter>
    <Filter Include="Engine\Application\ProjectSettings">
      <UniqueIdentifier>{1384021A-6474-4374-93CF-98757D99AEBC}</UniqueIdentifier>
    </Filter>
    <Filter Include="Engine\Assets\Animation">
      <UniqueIdentifier>{FA947650-18B3-4D6E-BA0C-157B10DA3307}</UniqueIdentifier>
    </Filter>
    <Filter Include="Engine\Assets\Audio">
      <UniqueIdentifier>{5339EAC0-DB11-4471-81B0-812DF51AADB3}</UniqueIdentifier>
    </Filter>
    <Filter Include="Engine\Assets\BackgroundLoader">
      <UniqueIdentifier>{AC8EF155-82CC-4804-8945-97EA225E8E6B}</UniqueIdentifier>
    </Filter>
    <Filter Include="Engine\Assets\Json">
      <UniqueIdentifier>{BE55D00F-9A2E-47C6-A596-32D25469B4DE}</UniqueIdentifier>
    </Filter>
    <Filter Include="Engine\Assets\PolygonMesh">
      <UniqueIdentifier>{4546D2A5-5120-44C4-A8AA-4634D47AC5BB}</UniqueIdentifier>
    </Filter>
    <Filter Include="Engine\Assets\PrimitiveGeometry">
      <UniqueIdentifier>{6267351D-92F1-4B7C-964A-301347BF5E2A}</UniqueIdentifier>
    </Filter>
    <Filter Include="Engine\Assets\Shader">
      <UniqueIdentifier>{E361D6DD-3E5F-4551-AF8F-C8E824AE5154}</UniqueIdentifier>
    </Filter>
    <Filter Include="Engine\Assets\Texture">
      <UniqueIdentifier>{19A4AEE2-1376-473B-8AD0-3CDD4A17FDB8}</UniqueIdentifier>
    </Filter>
    <Filter Include="Engine\Debug\DebugValues">
      <UniqueIdentifier>{0474A0F4-E9C4-4D0B-A313-9A590E3D8803}</UniqueIdentifier>
    </Filter>
    <Filter Include="Engine\Debug\Editor">
      <UniqueIdentifier>{CF8D3223-F83D-439D-8018-11180A2C5A97}</UniqueIdentifier>
    </Filter>
    <Filter Include="Engine\Debug\ImGui">
      <UniqueIdentifier>{FE00D2E9-B1B2-47E3-A86A-6C76BB14635C}</UniqueIdentifier>
    </Filter>
    <Filter Include="Engine\Debug\Profiler">
      <UniqueIdentifier>{811782B1-8550-4317-B14E-57508D2923F8}</UniqueIdentifier>
    </Filter>
    <Filter Include="Engine\GraphicsAPI\DirectX">
      <UniqueIdentifier>{0F997899-5652-4CE5-B58F-7F715596FD20}</UniqueIdentifier>
    </Filter>
    <Filter Include="Engine\Module\DrawExecutor">
      <UniqueIdentifier>{20E14B00-EF33-4213-BC40-CC1B533FDD8F}</UniqueIdentifier>
    </Filter>
    <Filter Include="Engine\Module\Manager">
      <UniqueIdentifier>{007919C7-C24E-40BC-ABF5-AB0E1253A0FC}</UniqueIdentifier>
    </Filter>
    <Filter Include="Engine\Module\Render">
      <UniqueIdentifier>{3190F673-494E-4779-BF0F-6D538A2EDB9E}</UniqueIdentifier>
    </Filter>
    <Filter Include="Engine\Module\World">
      <UniqueIdentifier>{69C80498-31B2-41B6-8B0E-1436B120052D}</UniqueIdentifier>
    </Filter>
    <Filter Include="Engine\Runtime\Clock">
      <UniqueIdentifier>{0A0EA82B-1E05-4847-827A-0475A58CEF11}</UniqueIdentifier>
    </Filter>
    <Filter Include="Engine\Runtime\Input">
      <UniqueIdentifier>{0970C5A6-0A3F-41A9-A5E9-6E206555547D}</UniqueIdentifier>
    </Filter>
    <Filter Include="Engine\Runtime\Scene">
      <UniqueIdentifier>{E4059380-7C7D-4662-981A-0F573DB7125F}</UniqueIdentifier>
    </Filter>
    <Filter Include="Library\Utility\Template">
      <UniqueIdentifier>{26EA6ADD-E394-4FD7-BDF4-25AB66655A39}</UniqueIdentifier>
    </Filter>
    <Filter Include="Library\Utility\Tools">
      <UniqueIdentifier>{9415E01B-51DC-4D03-B735-EAFA2E645A84}</UniqueIdentifier>
    </Filter>
    <Filter Include="EngineResources\HLSL\Debug\NormalColor">
      <UniqueIdentifier>{880974DA-4781-4162-A509-30AE4DD23682}</UniqueIdentifier>
    </Filter>
    <Filter Include="EngineResources\HLSL\Debug\Wireframe">
      <UniqueIdentifier>{E09DD1AF-0D79-4AEB-BE58-AFDF534C8AB7}</UniqueIdentifier>
    </Filter>
    <Filter Include="EngineResources\HLSL\Deferred\Lighting">
      <UniqueIdentifier>{85C633BC-57F3-40F4-A264-507B41A8943F}</UniqueIdentifier>
    </Filter>
    <Filter Include="EngineResources\HLSL\Deferred\Mesh">
      <UniqueIdentifier>{B57A13DE-A6E0-4CA7-9B85-1453E5FB7252}</UniqueIdentifier>
    </Filter>
    <Filter Include="EngineResources\HLSL\Forward\Mesh">
      <UniqueIdentifier>{BBDB5F63-FDC7-44FA-A695-021EEFE7CFC5}</UniqueIdentifier>
    </Filter>
    <Filter Include="EngineResources\HLSL\Forward\Particle">
      <UniqueIdentifier>{08A5DD7E-CBA9-4992-AA98-837BAF146982}</UniqueIdentifier>
    </Filter>
    <Filter Include="EngineResources\HLSL\Forward\Primitive">
      <UniqueIdentifier>{BC4EE7A4-0CDF-4094-8815-83AC483535C3}</UniqueIdentifier>
    </Filter>
    <Filter Include="EngineResources\HLSL\Misc\PrimitiveGeometry">
      <UniqueIdentifier>{773F52D9-E980-41A5-81FC-9D74A64E8394}</UniqueIdentifier>
    </Filter>
    <Filter Include="EngineResources\HLSL\Posteffect\ChromaticAberration">
      <UniqueIdentifier>{98649650-4A5D-48D1-BAEB-2496D3AB4F45}</UniqueIdentifier>
    </Filter>
    <Filter Include="EngineResources\HLSL\Posteffect\Grayscale">
      <UniqueIdentifier>{AF1831D7-6320-4738-A8A7-6AA06C9716E0}</UniqueIdentifier>
    </Filter>
    <Filter Include="EngineResources\HLSL\Posteffect\Outline">
      <UniqueIdentifier>{7829B337-3E44-40A5-A294-CC0B89528AEA}</UniqueIdentifier>
    </Filter>
    <Filter Include="EngineResources\HLSL\Posteffect\RadialBlur">
      <UniqueIdentifier>{988782A4-052C-4515-9183-2277543C5877}</UniqueIdentifier>
    </Filter>
    <Filter Include="EngineResources\HLSL\Tools\Lighing">
      <UniqueIdentifier>{9EF8C981-FEDA-471A-B358-29CA2CFC412D}</UniqueIdentifier>
    </Filter>
    <Filter Include="Engine\Assets\Animation\NodeAnimation">
      <UniqueIdentifier>{BF7EBB52-090E-4908-85B9-B1447359B21C}</UniqueIdentifier>
    </Filter>
    <Filter Include="Engine\Assets\Animation\Skeleton">
      <UniqueIdentifier>{1194A641-4FE5-4952-8EB3-ACC854D0054F}</UniqueIdentifier>
    </Filter>
    <Filter Include="Engine\Debug\Editor\Adapter">
      <UniqueIdentifier>{75338800-D1F1-481F-848E-EA5674DF14C6}</UniqueIdentifier>
    </Filter>
    <Filter Include="Engine\Debug\Editor\Command">
      <UniqueIdentifier>{91953045-C1FC-47D0-82A1-14992E7E040E}</UniqueIdentifier>
    </Filter>
    <Filter Include="Engine\Debug\Editor\Core">
      <UniqueIdentifier>{32EB50A5-6355-488C-90FC-FAAEC94FE4DC}</UniqueIdentifier>
    </Filter>
    <Filter Include="Engine\Debug\Editor\RemoteObject">
      <UniqueIdentifier>{D9ABE62A-1DC4-4256-917D-1419A6B275A8}</UniqueIdentifier>
    </Filter>
    <Filter Include="Engine\Debug\Editor\Window">
      <UniqueIdentifier>{9BFC2B4E-8346-4F69-809C-538722F7D5F9}</UniqueIdentifier>
    </Filter>
    <Filter Include="Engine\Debug\ImGui\ImGuiJsonEditor">
      <UniqueIdentifier>{2BBB71C5-E832-40E8-B977-AD3B7976C9C7}</UniqueIdentifier>
    </Filter>
    <Filter Include="Engine\Debug\ImGui\ImGuiLoadManager">
      <UniqueIdentifier>{6601B3CB-95FD-4D8B-A44C-60CED43EB56C}</UniqueIdentifier>
    </Filter>
    <Filter Include="Engine\Debug\ImGui\ImGuiManager">
      <UniqueIdentifier>{D490D22B-20C2-4178-AAD9-E81FC00AB3CC}</UniqueIdentifier>
    </Filter>
    <Filter Include="Engine\Debug\ImGui\ImGuiTK">
      <UniqueIdentifier>{E623B9FE-F93B-429F-B2B3-54830BB3A7E6}</UniqueIdentifier>
    </Filter>
    <Filter Include="Engine\GraphicsAPI\DirectX\DxCommand">
      <UniqueIdentifier>{2C394212-A694-4EEF-9736-8F62200795A7}</UniqueIdentifier>
    </Filter>
    <Filter Include="Engine\GraphicsAPI\DirectX\DxCompiler">
      <UniqueIdentifier>{D333BBCD-7F13-47B7-A5DD-D8C8F3B38B08}</UniqueIdentifier>
    </Filter>
    <Filter Include="Engine\GraphicsAPI\DirectX\DxDescriptorHeap">
      <UniqueIdentifier>{31397F2B-54FD-48E3-AF1C-3DB881D972D9}</UniqueIdentifier>
    </Filter>
    <Filter Include="Engine\GraphicsAPI\DirectX\DxDevice">
      <UniqueIdentifier>{C71CAD8A-19BC-45DF-8F9A-6BFD4E8D6DA3}</UniqueIdentifier>
    </Filter>
    <Filter Include="Engine\GraphicsAPI\DirectX\DxPipelineState">
      <UniqueIdentifier>{F4B3588D-AB23-4A83-B1CD-CEEA32D2974E}</UniqueIdentifier>
    </Filter>
    <Filter Include="Engine\GraphicsAPI\DirectX\DxResource">
      <UniqueIdentifier>{714F385C-84A9-41B7-8CCC-01F18A733431}</UniqueIdentifier>
    </Filter>
    <Filter Include="Engine\GraphicsAPI\DirectX\DxSwapChain">
      <UniqueIdentifier>{9B022554-F808-47F3-83B8-CCB5D32B1B98}</UniqueIdentifier>
    </Filter>
    <Filter Include="Engine\Module\DrawExecutor\LightingExecutor">
      <UniqueIdentifier>{40148289-124D-48E1-8D77-50B51E39F80D}</UniqueIdentifier>
    </Filter>
    <Filter Include="Engine\Module\DrawExecutor\Mesh">
      <UniqueIdentifier>{AB508B03-DF80-4EB5-948D-EEC11A066237}</UniqueIdentifier>
    </Filter>
    <Filter Include="Engine\Module\DrawExecutor\PrimitiveGeometryDrawExecutor">
      <UniqueIdentifier>{A4946E19-6682-4F2E-B2B7-D8E40C410647}</UniqueIdentifier>
    </Filter>
    <Filter Include="Engine\Module\Manager\Camera">
      <UniqueIdentifier>{30F9B521-C165-43B6-8F2D-AC09ADF38C27}</UniqueIdentifier>
    </Filter>
    <Filter Include="Engine\Module\Manager\RuntimeStorage">
      <UniqueIdentifier>{3150F57E-F22B-4B51-8B4A-2D5AD4AC1FE5}</UniqueIdentifier>
    </Filter>
    <Filter Include="Engine\Module\Manager\SceneScript">
      <UniqueIdentifier>{144DDD92-270E-41BA-B0AF-0B6AF6FDB3DF}</UniqueIdentifier>
    </Filter>
    <Filter Include="Engine\Module\Manager\World">
      <UniqueIdentifier>{ABB48B42-62B2-4F7B-8679-21520DBFF98A}</UniqueIdentifier>
    </Filter>
    <Filter Include="Engine\Module\Render\RenderNode">
      <UniqueIdentifier>{DAE47EBF-DF0C-4211-8CAB-C812A826CD79}</UniqueIdentifier>
    </Filter>
    <Filter Include="Engine\Module\Render\RenderPSO">
      <UniqueIdentifier>{E01336C4-73DF-459D-8566-6F8E38528B2F}</UniqueIdentifier>
    </Filter>
    <Filter Include="Engine\Module\Render\RenderPath">
      <UniqueIdentifier>{6D3FAE4F-8637-4435-813F-14EE0F66CB63}</UniqueIdentifier>
    </Filter>
    <Filter Include="Engine\Module\Render\RenderSubtree">
      <UniqueIdentifier>{33132EA3-6FCE-4B34-9266-1A799298AF9D}</UniqueIdentifier>
    </Filter>
    <Filter Include="Engine\Module\Render\RenderTargetCollection">
      <UniqueIdentifier>{A2D0D30A-9C72-4D91-BFAD-BC7BEB058430}</UniqueIdentifier>
    </Filter>
    <Filter Include="Engine\Module\Render\RenderTargetGroup">
      <UniqueIdentifier>{21EABB0E-CC47-435C-B042-4BE939E8E361}</UniqueIdentifier>
    </Filter>
    <Filter Include="Engine\Module\World\Camera">
      <UniqueIdentifier>{C03DE78C-D8C1-4B88-96DC-628D160068CD}</UniqueIdentifier>
    </Filter>
    <Filter Include="Engine\Module\World\Collision">
      <UniqueIdentifier>{F29B072E-68EC-43F1-9809-6A623B0767A3}</UniqueIdentifier>
    </Filter>
    <Filter Include="Engine\Module\World\Light">
      <UniqueIdentifier>{7788DCFF-1EE8-4375-AB4A-9AC92281CA79}</UniqueIdentifier>
    </Filter>
    <Filter Include="Engine\Module\World\Mesh">
      <UniqueIdentifier>{1559C74D-C8C9-46F7-819B-4D7F4FC122C8}</UniqueIdentifier>
    </Filter>
    <Filter Include="Engine\Module\World\Particle">
      <UniqueIdentifier>{36ECD0A9-5F8B-43E8-81C6-935FE2086170}</UniqueIdentifier>
    </Filter>
    <Filter Include="Engine\Module\World\Sprite">
      <UniqueIdentifier>{515352E4-77C5-4104-B70C-0002E3EE1C59}</UniqueIdentifier>
    </Filter>
    <Filter Include="Engine\Module\World\WorldInstance">
      <UniqueIdentifier>{F2C25492-489F-4358-A991-F799C6E20929}</UniqueIdentifier>
    </Filter>
    <Filter Include="EngineResources\HLSL\Forward\Particle\ParticleBillboard">
      <UniqueIdentifier>{48A3A890-C289-4F09-834B-F7B92BA6A93D}</UniqueIdentifier>
    </Filter>
    <Filter Include="EngineResources\HLSL\Forward\Particle\ParticleMesh">
      <UniqueIdentifier>{51A8FD19-A113-464A-8C41-EE2F7D440383}</UniqueIdentifier>
    </Filter>
    <Filter Include="Engine\Debug\Editor\RemoteObject\WorldInstance">
      <UniqueIdentifier>{92202F84-83A3-4B32-9208-0A77F71E9A8B}</UniqueIdentifier>
    </Filter>
    <Filter Include="Engine\Debug\Editor\Window\EditorWorldView">
      <UniqueIdentifier>{25B309C5-0317-4663-A1B2-4174AB5BBB0B}</UniqueIdentifier>
    </Filter>
    <Filter Include="Engine\GraphicsAPI\DirectX\DxDescriptorHeap\DSVDescroptorHeap">
      <UniqueIdentifier>{63CE6C01-74D9-45DB-B3AD-FFA03EADC00B}</UniqueIdentifier>
    </Filter>
    <Filter Include="Engine\GraphicsAPI\DirectX\DxDescriptorHeap\RTVDescriptorHeap">
      <UniqueIdentifier>{0000B008-2E96-49A8-BB5C-CEAE55A55C4B}</UniqueIdentifier>
    </Filter>
    <Filter Include="Engine\GraphicsAPI\DirectX\DxDescriptorHeap\SRVDescriptorHeap">
      <UniqueIdentifier>{D26A20E4-3ED9-4F8F-9E63-AE911FCD4A72}</UniqueIdentifier>
    </Filter>
    <Filter Include="Engine\GraphicsAPI\DirectX\DxPipelineState\PSOBuilder">
      <UniqueIdentifier>{41D0BD26-5565-4B3C-8C25-003522E1BDD9}</UniqueIdentifier>
    </Filter>
    <Filter Include="Engine\GraphicsAPI\DirectX\DxResource\ConstantBuffer">
      <UniqueIdentifier>{4E2CC82E-C048-46CC-A58C-4665CD67BEA3}</UniqueIdentifier>
    </Filter>
    <Filter Include="Engine\GraphicsAPI\DirectX\DxResource\IndexBuffer">
      <UniqueIdentifier>{629C5A0A-B799-44FD-B90F-BE5DCE0CEEDF}</UniqueIdentifier>
    </Filter>
    <Filter Include="Engine\GraphicsAPI\DirectX\DxResource\StructuredBuffer">
      <UniqueIdentifier>{4FDB19D6-EFCA-40AA-B0BA-8827F9B934A7}</UniqueIdentifier>
    </Filter>
    <Filter Include="Engine\GraphicsAPI\DirectX\DxResource\TextureResource">
      <UniqueIdentifier>{70E7C5D8-6689-4494-9760-B43A53318A11}</UniqueIdentifier>
    </Filter>
    <Filter Include="Engine\GraphicsAPI\DirectX\DxResource\VertexBuffer">
      <UniqueIdentifier>{53CD66E2-48B3-4B54-96D3-9BEE24F70C77}</UniqueIdentifier>
    </Filter>
    <Filter Include="Engine\Module\DrawExecutor\Mesh\Forward">
      <UniqueIdentifier>{43275278-A127-4848-9F7B-9B9C4711BFF5}</UniqueIdentifier>
    </Filter>
    <Filter Include="Engine\Module\DrawExecutor\Mesh\Primitive">
      <UniqueIdentifier>{10049DB1-1EFA-4F25-81E5-D07CF720C9F0}</UniqueIdentifier>
    </Filter>
    <Filter Include="Engine\Module\Render\RenderNode\Loader">
      <UniqueIdentifier>{B322D751-7F77-416A-88D4-92BD1A2C4278}</UniqueIdentifier>
    </Filter>
    <Filter Include="Engine\Module\Render\RenderPSO\2D">
      <UniqueIdentifier>{7FB34A9E-5031-48CB-96DC-D2FB54FD5361}</UniqueIdentifier>
    </Filter>
    <Filter Include="Engine\Module\Render\RenderPSO\Debug">
      <UniqueIdentifier>{5FB2094C-89A7-4547-A34A-4832C11199EA}</UniqueIdentifier>
    </Filter>
    <Filter Include="Engine\Module\Render\RenderPSO\Deferred">
      <UniqueIdentifier>{9E5C918C-90F2-48C5-AA5A-A28A4E61DA44}</UniqueIdentifier>
    </Filter>
    <Filter Include="Engine\Module\Render\RenderPSO\Forward">
      <UniqueIdentifier>{1A52531C-5B0D-4137-8693-E70E27912EB3}</UniqueIdentifier>
    </Filter>
    <Filter Include="Engine\Module\Render\RenderPSO\Posteffect">
      <UniqueIdentifier>{AB4660C0-1C5F-4BEB-B9B2-60F35ABA90C9}</UniqueIdentifier>
    </Filter>
    <Filter Include="Engine\Module\World\Collision\Collider">
      <UniqueIdentifier>{C7FB776F-4ECE-4663-847F-6ABDDEC3A906}</UniqueIdentifier>
    </Filter>
    <Filter Include="Engine\Module\World\Light\DirectionalLight">
      <UniqueIdentifier>{99377CAC-FFC0-4352-B188-FE324D4D6723}</UniqueIdentifier>
    </Filter>
    <Filter Include="Engine\Module\World\Light\PointLight">
      <UniqueIdentifier>{C0347602-EC4B-4E86-AF8B-F185C15E9847}</UniqueIdentifier>
    </Filter>
    <Filter Include="Engine\Module\World\Light\SpotLight">
      <UniqueIdentifier>{C28DE135-7A00-4B31-915C-EE3B861C4341}</UniqueIdentifier>
    </Filter>
    <Filter Include="Engine\Module\World\Mesh\Primitive">
      <UniqueIdentifier>{C76B8616-DA2E-4665-BB97-7DF9D6D936C5}</UniqueIdentifier>
    </Filter>
    <Filter Include="Engine\Module\World\Particle\DrawSystem">
      <UniqueIdentifier>{291A0102-E3FB-45D3-90DE-D19780FC6941}</UniqueIdentifier>
    </Filter>
    <Filter Include="Engine\Module\World\Particle\Particle">
      <UniqueIdentifier>{D7A6EF89-AA58-4BBD-8633-4CC6992D59F7}</UniqueIdentifier>
    </Filter>
    <Filter Include="Engine\Debug\Editor\RemoteObject\WorldInstance\Camera">
      <UniqueIdentifier>{8725FDFA-71D5-446A-8A5C-AEB09F522B7C}</UniqueIdentifier>
    </Filter>
    <Filter Include="Engine\Debug\Editor\RemoteObject\WorldInstance\Collider">
      <UniqueIdentifier>{AF78CD98-834C-4752-A5BD-99F7EA49215B}</UniqueIdentifier>
    </Filter>
    <Filter Include="Engine\Debug\Editor\RemoteObject\WorldInstance\Mesh">
      <UniqueIdentifier>{FD032018-1EB9-4062-A323-BF7D7C316A49}</UniqueIdentifier>
    </Filter>
    <Filter Include="Engine\GraphicsAPI\DirectX\DxResource\TextureResource\IResourceView">
      <UniqueIdentifier>{A9DFA45E-5601-4A89-A911-BB2286F02312}</UniqueIdentifier>
    </Filter>
    <Filter Include="Engine\Module\Render\RenderPSO\2D\Sprite">
      <UniqueIdentifier>{A1B4E072-EF3B-46FC-925C-546948755EED}</UniqueIdentifier>
    </Filter>
    <Filter Include="Engine\Module\Render\RenderPSO\Debug\Line">
      <UniqueIdentifier>{0CD30858-94D4-4738-81BD-2042CC502D75}</UniqueIdentifier>
    </Filter>
    <Filter Include="Engine\Module\Render\RenderPSO\Debug\PrimitiveLine">
      <UniqueIdentifier>{3DE83BAF-BFE0-49FA-A019-87101AF60FDE}</UniqueIdentifier>
    </Filter>
    <Filter Include="Engine\Module\Render\RenderPSO\Deferred\Lighting">
      <UniqueIdentifier>{35588841-B9FC-43FD-9952-E4DDC24133D6}</UniqueIdentifier>
    </Filter>
    <Filter Include="Engine\Module\Render\RenderPSO\Deferred\Mesh">
      <UniqueIdentifier>{09CE5FD6-C65E-4C91-BF0C-3980C973D587}</UniqueIdentifier>
    </Filter>
    <Filter Include="Engine\Module\Render\RenderPSO\Forward\Mesh">
      <UniqueIdentifier>{75D9DFC2-E74A-41C1-84CE-A73E9F92AFFC}</UniqueIdentifier>
    </Filter>
    <Filter Include="Engine\Module\Render\RenderPSO\Forward\Particle">
      <UniqueIdentifier>{0C340FF2-DE16-4DE8-9696-677BD2E0010F}</UniqueIdentifier>
    </Filter>
    <Filter Include="Engine\Module\Render\RenderPSO\Forward\Primitive">
      <UniqueIdentifier>{6E4621FD-9E03-42CC-82B5-E9E83D2BF0C9}</UniqueIdentifier>
    </Filter>
    <Filter Include="Engine\Module\Render\RenderPSO\Posteffect\ChromaticAberration">
      <UniqueIdentifier>{0FB9D6F1-4A2E-4BD8-B2DF-A27A0B879DB8}</UniqueIdentifier>
    </Filter>
    <Filter Include="Engine\Module\Render\RenderPSO\Posteffect\Grayscale">
      <UniqueIdentifier>{20656B24-C8E1-4477-9B1F-FFF82C7DA1BB}</UniqueIdentifier>
    </Filter>
    <Filter Include="Engine\Module\Render\RenderPSO\Posteffect\Outline">
      <UniqueIdentifier>{D08C17AF-F02A-4BAB-A352-7C6EF49884C8}</UniqueIdentifier>
    </Filter>
    <Filter Include="Engine\Module\Render\RenderPSO\Posteffect\RadialBlur">
      <UniqueIdentifier>{9D350E7B-A20A-4CCE-BB39-46FB30BAB971}</UniqueIdentifier>
    </Filter>
    <Filter Include="Engine\Module\Render\RenderPSO\Forward\Particle\ParticleBillboardNode">
      <UniqueIdentifier>{472ABBB3-6836-44E9-86F4-E86445EAC700}</UniqueIdentifier>
    </Filter>
    <Filter Include="Engine\Module\Render\RenderPSO\Forward\Particle\ParticleMeshNode">
      <UniqueIdentifier>{EDE60456-ED9E-4C41-821D-2F9512088A81}</UniqueIdentifier>
    </Filter>
    <Filter Include="Engine\Module\Render\RenderPSO\Forward\Particle\ParticleSpriteNode">
      <UniqueIdentifier>{AB558251-42AE-44DF-A7DF-3410F0D13C86}</UniqueIdentifier>
    </Filter>
    <Filter Include="Misc">
      <UniqueIdentifier>{1eace4cc-765d-4c77-8cb7-b72151829569}</UniqueIdentifier>
    </Filter>
  </ItemGroup>
  <ItemGroup>
    <ClCompile Include="Engine\Assets\BaseAssetBuilder.cpp">
      <Filter>Engine\Assets</Filter>
    </ClCompile>
    <ClCompile Include="Engine\Module\Manager\Camera\CameraManager.cpp">
      <Filter>Engine\Module\Manager\Camera</Filter>
    </ClCompile>
    <ClCompile Include="Engine\Debug\Editor\Window\EditorWorldView\EditorDebugCamera.cpp">
      <Filter>Engine\Debug\Editor\Window\EditorWorldView</Filter>
    </ClCompile>
    <ClCompile Include="Engine\Debug\Editor\Window\EditorWorldView\EditorWorldView.cpp">
      <Filter>Engine\Debug\Editor\Window\EditorWorldView</Filter>
    </ClCompile>
    <ClCompile Include="Engine\Debug\Editor\Command\EditorCommandReparent.cpp">
      <Filter>Engine\Debug\Editor\Command</Filter>
    </ClCompile>
    <ClCompile Include="Engine\Debug\Editor\Core\EditorHierarchyDandD.cpp">
      <Filter>Engine\Debug\Editor\Core</Filter>
    </ClCompile>
    <ClCompile Include="Engine\Debug\Editor\Window\EditorLogWindow.cpp">
      <Filter>Engine\Debug\Editor\Window</Filter>
    </ClCompile>
    <ClCompile Include="Engine\Debug\Editor\Adapter\EditorValueField.cpp">
      <Filter>Engine\Debug\Editor\Adapter</Filter>
    </ClCompile>
    <ClCompile Include="Engine\Debug\Editor\Command\EditorCommandScope.cpp">
      <Filter>Engine\Debug\Editor\Command</Filter>
    </ClCompile>
    <ClCompile Include="Engine\Debug\Editor\Command\EditorValueChangeCommandHandler.cpp">
      <Filter>Engine\Debug\Editor\Command</Filter>
    </ClCompile>
    <ClCompile Include="Engine\Debug\Editor\Core\EditorSceneList.cpp">
      <Filter>Engine\Debug\Editor\Core</Filter>
    </ClCompile>
    <ClCompile Include="Engine\Debug\Editor\RemoteObject\EditorDeletedObjectPool.cpp">
      <Filter>Engine\Debug\Editor\RemoteObject</Filter>
    </ClCompile>
    <ClCompile Include="Engine\Debug\Editor\Command\EditorDeleteObjectCommand.cpp">
      <Filter>Engine\Debug\Editor\Command</Filter>
    </ClCompile>
    <ClCompile Include="Engine\Debug\Editor\Command\EditorCreateObjectCommand.cpp">
      <Filter>Engine\Debug\Editor\Command</Filter>
    </ClCompile>
    <ClCompile Include="Engine\Debug\Editor\Command\EditorSelectCommand.cpp">
      <Filter>Engine\Debug\Editor\Command</Filter>
    </ClCompile>
    <ClCompile Include="Engine\Debug\Editor\Command\EditorCommandInvoker.cpp">
      <Filter>Engine\Debug\Editor\Command</Filter>
    </ClCompile>
    <ClCompile Include="Engine\Debug\Editor\Core\EditorSelectObject.cpp">
      <Filter>Engine\Debug\Editor\Core</Filter>
    </ClCompile>
    <ClCompile Include="Engine\Debug\Editor\Core\EditorGizmo.cpp">
      <Filter>Engine\Debug\Editor\Core</Filter>
    </ClCompile>
    <ClCompile Include="Engine\Debug\Editor\Adapter\EditorSceneSerializer.cpp">
      <Filter>Engine\Debug\Editor\Adapter</Filter>
    </ClCompile>
    <ClCompile Include="Engine\Debug\Editor\Window\EditorHierarchy.cpp">
      <Filter>Engine\Debug\Editor\Window</Filter>
    </ClCompile>
    <ClCompile Include="Engine\Debug\Editor\Window\EditorInspector.cpp">
      <Filter>Engine\Debug\Editor\Window</Filter>
    </ClCompile>
    <ClCompile Include="Engine\Debug\Editor\EditorMain.cpp">
      <Filter>Engine\Debug\Editor</Filter>
    </ClCompile>
    <ClCompile Include="Engine\Debug\Editor\Window\EditorSceneView.cpp">
      <Filter>Engine\Debug\Editor\Window</Filter>
    </ClCompile>
    <ClCompile Include="Engine\Debug\Editor\Window\IEditorWindow.cpp">
      <Filter>Engine\Debug\Editor\Window</Filter>
    </ClCompile>
    <ClCompile Include="Engine\Debug\Editor\RemoteObject\FolderObject.cpp">
      <Filter>Engine\Debug\Editor\RemoteObject</Filter>
    </ClCompile>
    <ClCompile Include="Engine\Debug\Editor\RemoteObject\IRemoteObject.cpp">
      <Filter>Engine\Debug\Editor\RemoteObject</Filter>
    </ClCompile>
    <ClCompile Include="Engine\Debug\Editor\RemoteObject\RemoteSceneObject.cpp">
      <Filter>Engine\Debug\Editor\RemoteObject</Filter>
    </ClCompile>
    <ClCompile Include="Engine\Debug\Editor\RemoteObject\WorldInstance\RemoteWorldInstance.cpp">
      <Filter>Engine\Debug\Editor\RemoteObject\WorldInstance</Filter>
    </ClCompile>
    <ClCompile Include="Engine\Debug\Editor\RemoteObject\RemoteWorldObject.cpp">
      <Filter>Engine\Debug\Editor\RemoteObject</Filter>
    </ClCompile>
    <ClCompile Include="Engine\GraphicsAPI\DirectX\DxResource\TextureResource\TempTexture.cpp">
      <Filter>Engine\GraphicsAPI\DirectX\DxResource\TextureResource</Filter>
    </ClCompile>
    <ClCompile Include="Engine\Application\ProjectSettings\ProjectSettings.cpp">
      <Filter>Engine\Application\ProjectSettings</Filter>
    </ClCompile>
    <ClCompile Include="Engine\Module\Render\RenderNode\IRenderNode.cpp">
      <Filter>Engine\Module\Render\RenderNode</Filter>
    </ClCompile>
    <ClCompile Include="Engine\Module\Manager\World\InstanceBucket.cpp">
      <Filter>Engine\Module\Manager\World</Filter>
    </ClCompile>
    <ClCompile Include="Engine\Module\Render\RenderPSO\PostEffectPSO.cpp">
      <Filter>Engine\Module\Render\RenderPSO</Filter>
    </ClCompile>
    <ClCompile Include="Engine\Runtime\Scene\Scene.cpp">
      <Filter>Engine\Runtime\Scene</Filter>
    </ClCompile>
    <ClCompile Include="Library\Utility\Template\string_hashed.cpp">
      <Filter>Library\Utility\Template</Filter>
    </ClCompile>
    <ClCompile Include="Library\Utility\Template\call_once.cpp">
      <Filter>Library\Utility\Template</Filter>
    </ClCompile>
    <ClCompile Include="Engine\GraphicsAPI\DirectX\DxResource\TextureResource\DepthStencilTexture.cpp">
      <Filter>Engine\GraphicsAPI\DirectX\DxResource\TextureResource</Filter>
    </ClCompile>
    <ClCompile Include="Engine\GraphicsAPI\DirectX\DxResource\TextureResource\IResourceView\RenderTargetView.cpp">
      <Filter>Engine\GraphicsAPI\DirectX\DxResource\TextureResource\IResourceView</Filter>
    </ClCompile>
    <ClCompile Include="Engine\GraphicsAPI\DirectX\DxResource\TextureResource\IResourceView\ShaderResourceView.cpp">
      <Filter>Engine\GraphicsAPI\DirectX\DxResource\TextureResource\IResourceView</Filter>
    </ClCompile>
    <ClCompile Include="Engine\GraphicsAPI\DirectX\DxResource\TextureResource\StaticTexture.cpp">
      <Filter>Engine\GraphicsAPI\DirectX\DxResource\TextureResource</Filter>
    </ClCompile>
    <ClCompile Include="Engine\GraphicsAPI\DirectX\DxResource\TextureResource\RenderTexture.cpp">
      <Filter>Engine\GraphicsAPI\DirectX\DxResource\TextureResource</Filter>
    </ClCompile>
    <ClCompile Include="Engine\GraphicsAPI\DirectX\DxResource\TextureResource\ScreenTexture.cpp">
      <Filter>Engine\GraphicsAPI\DirectX\DxResource\TextureResource</Filter>
    </ClCompile>
    <ClCompile Include="Engine\Assets\Texture\TextureAsset.cpp">
      <Filter>Engine\Assets\Texture</Filter>
    </ClCompile>
    <ClCompile Include="Engine\Debug\Editor\RemoteObject\RemoteErrorObject.cpp">
      <Filter>Engine\Debug\Editor\RemoteObject</Filter>
    </ClCompile>
    <ClCompile Include="Engine\Debug\Editor\RemoteObject\WorldInstance\Mesh\RemoteStaticMeshInstance.cpp">
      <Filter>Engine\Debug\Editor\RemoteObject\WorldInstance\Mesh</Filter>
    </ClCompile>
    <ClCompile Include="Engine\Debug\Editor\RemoteObject\WorldInstance\Camera\RemoteCamera3dInstance.cpp">
      <Filter>Engine\Debug\Editor\RemoteObject\WorldInstance\Camera</Filter>
    </ClCompile>
    <ClCompile Include="Engine\Debug\Editor\RemoteObject\WorldInstance\Mesh\RemoteSkinningMeshInstance.cpp">
      <Filter>Engine\Debug\Editor\RemoteObject\WorldInstance\Mesh</Filter>
    </ClCompile>
    <ClCompile Include="Engine\Module\Manager\World\WorldRoot.cpp">
      <Filter>Engine\Module\Manager\World</Filter>
    </ClCompile>
    <ClCompile Include="Engine\Module\DrawExecutor\Mesh\Forward\StaticMeshDrawExecutorForward.cpp">
      <Filter>Engine\Module\DrawExecutor\Mesh\Forward</Filter>
    </ClCompile>
    <ClCompile Include="Engine\Debug\Editor\RemoteObject\WorldInstance\Collider\RemoteAABBColliderInstance.cpp">
      <Filter>Engine\Debug\Editor\RemoteObject\WorldInstance\Collider</Filter>
    </ClCompile>
    <ClCompile Include="Engine\Debug\Editor\RemoteObject\WorldInstance\Collider\RemoteSphereColliderInstance.cpp">
      <Filter>Engine\Debug\Editor\RemoteObject\WorldInstance\Collider</Filter>
    </ClCompile>
    <ClCompile Include="Engine\Module\Render\RenderSubtree\LayerRenderSubtree.cpp">
      <Filter>Engine\Module\Render\RenderSubtree</Filter>
    </ClCompile>
    <ClCompile Include="Engine\Module\Render\RenderDAG.cpp">
      <Filter>Engine\Module\Render</Filter>
    </ClCompile>
    <ClCompile Include="Engine\Module\Render\RenderNode\WorldLayerRenderNode.cpp">
      <Filter>Engine\Module\Render\RenderNode</Filter>
    </ClCompile>
    <ClCompile Include="Engine\Module\Render\WorldRenderCollection.cpp">
      <Filter>Engine\Module\Render</Filter>
    </ClCompile>
    <ClCompile Include="Engine\Module\Manager\World\WorldCluster.cpp">
      <Filter>Engine\Module\Manager\World</Filter>
    </ClCompile>
    <ClCompile Include="Engine\Module\Render\RenderTargetCollection\RenderTargetCollection.cpp">
      <Filter>Engine\Module\Render\RenderTargetCollection</Filter>
    </ClCompile>
    <ClCompile Include="Engine\Module\Render\RenderNode\PostEffectNode.cpp">
      <Filter>Engine\Module\Render\RenderNode</Filter>
    </ClCompile>
    <ClCompile Include="Engine\Module\Render\RenderNode\Loader\RenderNodeLoader.cpp">
      <Filter>Engine\Module\Render\RenderNode\Loader</Filter>
    </ClCompile>
    <ClCompile Include="Engine\Module\Render\RenderNode\Loader\PostEffectPSOLoader.cpp">
      <Filter>Engine\Module\Render\RenderNode\Loader</Filter>
    </ClCompile>
    <ClCompile Include="Engine\Module\Manager\RuntimeStorage\RuntimeStorage.cpp">
      <Filter>Engine\Module\Manager\RuntimeStorage</Filter>
    </ClCompile>
    <ClCompile Include="Engine\Runtime\Scene\SceneManager2.cpp">
      <Filter>Engine\Runtime\Scene</Filter>
    </ClCompile>
    <ClCompile Include="Engine\Module\Manager\SceneScript\ISceneScript.cpp">
      <Filter>Engine\Module\Manager\SceneScript</Filter>
    </ClCompile>
    <ClCompile Include="Engine\Module\Manager\SceneScript\SceneScriptManager.cpp">
      <Filter>Engine\Module\Manager\SceneScript</Filter>
    </ClCompile>
    <None Include="EngineResources\HLSL\Debug\NormalColor\NormalColor.hlsli">
      <Filter>EngineResources\HLSL\Debug\NormalColor</Filter>
    </None>
    <None Include="EngineResources\HLSL\Deferred\Deferred.hlsli">
      <Filter>EngineResources\HLSL\Deferred</Filter>
    </None>
    <None Include="EngineResources\HLSL\Forward\Forward.hlsli">
      <Filter>EngineResources\HLSL\Forward</Filter>
    </None>
    <None Include="EngineResources\HLSL\Forward\Particle\ParticleBillboard\ParticleBillboard.hlsli">
      <Filter>EngineResources\HLSL\Forward\Particle\ParticleBillboard</Filter>
    </None>
    <None Include="EngineResources\HLSL\Forward\Particle\ParticleMesh\ParticleMesh.hlsli">
      <Filter>EngineResources\HLSL\Forward\Particle\ParticleMesh</Filter>
    </None>
    <None Include="EngineResources\HLSL\FullscreenShader.hlsli">
      <Filter>EngineResources\HLSL</Filter>
    </None>
    <None Include="EngineResources\HLSL\Misc\PrimitiveGeometry\PrimitiveGeometry.hlsli">
      <Filter>EngineResources\HLSL\Misc\PrimitiveGeometry</Filter>
    </None>
    <None Include="EngineResources\HLSL\Posteffect\ChromaticAberration\ChromaticAberration.hlsli">
      <Filter>EngineResources\HLSL\Posteffect\ChromaticAberration</Filter>
    </None>
    <None Include="EngineResources\HLSL\Posteffect\Grayscale\Grayscale.hlsli">
      <Filter>EngineResources\HLSL\Posteffect\Grayscale</Filter>
    </None>
    <None Include="EngineResources\HLSL\Posteffect\RadialBlur\RadialBlur.hlsli">
      <Filter>EngineResources\HLSL\Posteffect\RadialBlur</Filter>
    </None>
    <None Include="EngineResources\HLSL\Sprite\Sprite.hlsli">
      <Filter>EngineResources\HLSL\Sprite</Filter>
    </None>
    <None Include="EngineResources\HLSL\Tools\Lighing\CalcLighting.hlsli">
      <Filter>EngineResources\HLSL\Tools\Lighing</Filter>
    </None>
    <None Include="EngineResources\HLSL\Tools\Lighing\DirectionalLighting.hlsli">
      <Filter>EngineResources\HLSL\Tools\Lighing</Filter>
    </None>
    <None Include="EngineResources\HLSL\Tools\Lighing\PointLighting.hlsli">
      <Filter>EngineResources\HLSL\Tools\Lighing</Filter>
    </None>
    <None Include="EngineResources\HLSL\Tools\Lighing\SpotLighting.hlsli">
      <Filter>EngineResources\HLSL\Tools\Lighing</Filter>
    </None>
    <None Include="EngineResources\HLSL\Tools\MathTool.hlsli">
      <Filter>EngineResources\HLSL\Tools</Filter>
    </None>
    <None Include="EngineResources\HLSL\Tools\PackA2.hlsli">
      <Filter>EngineResources\HLSL\Tools</Filter>
    </None>
    <None Include="EngineResources\HLSL\Tools\PackNormalV2.hlsli">
      <Filter>EngineResources\HLSL\Tools</Filter>
    </None>
    <None Include="EngineResources\HLSL\Tools\PackShininess.hlsli">
      <Filter>EngineResources\HLSL\Tools</Filter>
    </None>
    <None Include="EngineResources\HLSL\Tools\ToLinearZBuffer.hlsli">
      <Filter>EngineResources\HLSL\Tools</Filter>
    </None>
    <None Include="EngineResources\HLSL\Tools\UnormNormal.hlsli">
      <Filter>EngineResources\HLSL\Tools</Filter>
    </None>
    <ClCompile Include="Engine\GraphicsAPI\DirectX\DxResource\TextureResource\IResourceView\DepthStencilView.cpp">
      <Filter>Engine\GraphicsAPI\DirectX\DxResource\TextureResource\IResourceView</Filter>
    </ClCompile>
    <ClCompile Include="Engine\Assets\Shader\ShaderAsset.cpp">
      <Filter>Engine\Assets\Shader</Filter>
    </ClCompile>
    <ClCompile Include="Engine\Assets\Shader\ShaderAssetBuilder.cpp">
      <Filter>Engine\Assets\Shader</Filter>
    </ClCompile>
    <ClCompile Include="Engine\Assets\Shader\ShaderLibrary.cpp">
      <Filter>Engine\Assets\Shader</Filter>
    </ClCompile>
    <ClCompile Include="Engine\GraphicsAPI\DirectX\DxCompiler\DxcManager.cpp">
      <Filter>Engine\GraphicsAPI\DirectX\DxCompiler</Filter>
    </ClCompile>
    <ClCompile Include="Engine\GraphicsAPI\DirectX\DxCompiler\DxShaderReflection.cpp">
      <Filter>Engine\GraphicsAPI\DirectX\DxCompiler</Filter>
    </ClCompile>
    <ClCompile Include="Engine\GraphicsAPI\DirectX\DxPipelineState\DxPipelineState.cpp">
      <Filter>Engine\GraphicsAPI\DirectX\DxPipelineState</Filter>
    </ClCompile>
    <ClCompile Include="Engine\GraphicsAPI\DirectX\DxPipelineState\PSOBuilder\PSOBuilder.cpp">
      <Filter>Engine\GraphicsAPI\DirectX\DxPipelineState\PSOBuilder</Filter>
    </ClCompile>
    <ClCompile Include="Engine\GraphicsAPI\RenderingSystemValues.cpp">
      <Filter>Engine\GraphicsAPI</Filter>
    </ClCompile>
    <ClCompile Include="Engine\Module\DrawExecutor\Mesh\Primitive\Rect3dDrawExecutor.cpp">
      <Filter>Engine\Module\DrawExecutor\Mesh\Primitive</Filter>
    </ClCompile>
    <ClCompile Include="Engine\Module\DrawExecutor\Mesh\Primitive\Rect3dDrawManager.cpp">
      <Filter>Engine\Module\DrawExecutor\Mesh\Primitive</Filter>
    </ClCompile>
    <ClCompile Include="Engine\Module\Render\RenderPSO\Deferred\Lighting\NonLightingPixelNode.cpp">
      <Filter>Engine\Module\Render\RenderPSO\Deferred\Lighting</Filter>
    </ClCompile>
    <ClCompile Include="Engine\Module\Render\RenderPSO\Forward\Primitive\Rect3dNode.cpp">
      <Filter>Engine\Module\Render\RenderPSO\Forward\Primitive</Filter>
    </ClCompile>
    <ClCompile Include="Engine\Module\World\Mesh\IDrawInstance.cpp">
      <Filter>Engine\Module\World\Mesh</Filter>
    </ClCompile>
    <ClCompile Include="Engine\Module\World\Mesh\IMultiMeshInstance.cpp">
      <Filter>Engine\Module\World\Mesh</Filter>
    </ClCompile>
    <ClCompile Include="Engine\Module\World\Mesh\Primitive\Rect3d.cpp">
      <Filter>Engine\Module\World\Mesh\Primitive</Filter>
    </ClCompile>
    <ClCompile Include="Engine\GraphicsAPI\DirectX\DxResource\TextureResource\ITextureResource.cpp">
      <Filter>Engine\GraphicsAPI\DirectX\DxResource\TextureResource</Filter>
    </ClCompile>
    <ClCompile Include="Library\Utility\Tools\Easing.cpp">
      <Filter>Library\Utility\Tools</Filter>
    </ClCompile>
    <ClCompile Include="Library\Utility\Tools\ChronoUtility.cpp">
      <Filter>Library\Utility\Tools</Filter>
    </ClCompile>
    <ClCompile Include="Engine\Application\CrashHandler.cpp">
      <Filter>Engine\Application</Filter>
    </ClCompile>
    <ClCompile Include="Engine\Assets\Audio\AudioManager.cpp">
      <Filter>Engine\Assets\Audio</Filter>
    </ClCompile>
    <ClCompile Include="Engine\Module\DrawExecutor\LightingExecutor\DirectionalLightingExecutor.cpp">
      <Filter>Engine\Module\DrawExecutor\LightingExecutor</Filter>
    </ClCompile>
    <ClCompile Include="Engine\Module\Render\RenderPSO\Deferred\Lighting\DirectionalLighingNode.cpp">
      <Filter>Engine\Module\Render\RenderPSO\Deferred\Lighting</Filter>
    </ClCompile>
    <ClCompile Include="Engine\Module\Render\RenderPSO\Deferred\Mesh\StaticMeshNodeDeferred.cpp">
      <Filter>Engine\Module\Render\RenderPSO\Deferred\Mesh</Filter>
    </ClCompile>
    <ClCompile Include="Engine\Module\DrawExecutor\PrimitiveGeometryDrawExecutor\PrimitiveGeometryDrawExecutor.cpp">
      <Filter>Engine\Module\DrawExecutor\PrimitiveGeometryDrawExecutor</Filter>
    </ClCompile>
    <ClCompile Include="Engine\Module\World\Collision\Collider\AABBCollider.cpp">
      <Filter>Engine\Module\World\Collision\Collider</Filter>
    </ClCompile>
    <ClCompile Include="Engine\Application\Framework.cpp">
      <Filter>Engine\Application</Filter>
    </ClCompile>
    <ClCompile Include="Engine\Module\DrawExecutor\Mesh\StaticMeshDrawExecutor.cpp">
      <Filter>Engine\Module\DrawExecutor\Mesh</Filter>
    </ClCompile>
    <ClCompile Include="Engine\Module\DrawExecutor\Mesh\StaticMeshDrawManager.cpp">
      <Filter>Engine\Module\DrawExecutor\Mesh</Filter>
    </ClCompile>
    <ClCompile Include="Engine\Module\DrawExecutor\Mesh\SkinningMeshDrawExecutor.cpp">
      <Filter>Engine\Module\DrawExecutor\Mesh</Filter>
    </ClCompile>
    <ClCompile Include="Engine\Debug\Profiler\TimestampProfiler.cpp">
      <Filter>Engine\Debug\Profiler</Filter>
    </ClCompile>
    <ClCompile Include="Engine\Module\DrawExecutor\Mesh\SkinningMeshDrawManager.cpp">
      <Filter>Engine\Module\DrawExecutor\Mesh</Filter>
    </ClCompile>
    <ClCompile Include="Engine\Runtime\Input\InputHandler.cpp">
      <Filter>Engine\Runtime\Input</Filter>
    </ClCompile>
    <ClCompile Include="Library\Math\Affine.cpp">
      <Filter>Library\Math</Filter>
    </ClCompile>
    <ClCompile Include="Library\Math\Basis.cpp">
      <Filter>Library\Math</Filter>
    </ClCompile>
    <ClCompile Include="Engine\Assets\Audio\AudioAssetBuilder.cpp">
      <Filter>Engine\Assets\Audio</Filter>
    </ClCompile>
    <ClCompile Include="Engine\Module\World\Mesh\SkinningMeshInstance.cpp">
      <Filter>Engine\Module\World\Mesh</Filter>
    </ClCompile>
    <ClCompile Include="Engine\Module\World\Light\PointLight\PointLightInstance.cpp">
      <Filter>Engine\Module\World\Light\PointLight</Filter>
    </ClCompile>
    <ClCompile Include="Engine\Module\World\Light\SpotLight\SpotLightInstance.cpp">
      <Filter>Engine\Module\World\Light\SpotLight</Filter>
    </ClCompile>
    <ClCompile Include="Engine\Module\World\Particle\ParticleEmitterInstance.cpp">
      <Filter>Engine\Module\World\Particle</Filter>
    </ClCompile>
    <ClCompile Include="Engine\Assets\Json\JsonAsset.cpp">
      <Filter>Engine\Assets\Json</Filter>
    </ClCompile>
    <ClCompile Include="Engine\Debug\ImGui\ImGuiJsonEditor\ImGuiValueEditor.cpp">
      <Filter>Engine\Debug\ImGui\ImGuiJsonEditor</Filter>
    </ClCompile>
    <ClCompile Include="Library\Math\Color3.cpp">
      <Filter>Library\Math</Filter>
    </ClCompile>
    <ClCompile Include="Engine\Module\Render\RenderPSO\Debug\Line\LineNode.cpp">
      <Filter>Engine\Module\Render\RenderPSO\Debug\Line</Filter>
    </ClCompile>
    <ClCompile Include="Engine\Debug\ImGui\ImGuiTK\ImGuiTK.cpp">
      <Filter>Engine\Debug\ImGui\ImGuiTK</Filter>
    </ClCompile>
    <ClCompile Include="Engine\Module\World\Particle\DrawSystem\BaseParticleDrawSystem.cpp">
      <Filter>Engine\Module\World\Particle\DrawSystem</Filter>
    </ClCompile>
    <ClCompile Include="Engine\Module\World\Particle\DrawSystem\ParticleDrawSystemRect.cpp">
      <Filter>Engine\Module\World\Particle\DrawSystem</Filter>
    </ClCompile>
    <ClCompile Include="Engine\Module\World\Particle\DrawSystem\ParticleDrawSystemMesh.cpp">
      <Filter>Engine\Module\World\Particle\DrawSystem</Filter>
    </ClCompile>
    <ClCompile Include="Engine\Assets\Animation\NodeAnimation\NodeAnimationAsset.cpp">
      <Filter>Engine\Assets\Animation\NodeAnimation</Filter>
    </ClCompile>
    <ClCompile Include="Engine\Assets\Animation\NodeAnimation\NodeAnimationPlayer.cpp">
      <Filter>Engine\Assets\Animation\NodeAnimation</Filter>
    </ClCompile>
    <ClCompile Include="Engine\Assets\Animation\Skeleton\SkeletonAsset.cpp">
      <Filter>Engine\Assets\Animation\Skeleton</Filter>
    </ClCompile>
    <ClCompile Include="Engine\Assets\Animation\NodeAnimation\NodeAnimationLibrary.cpp">
      <Filter>Engine\Assets\Animation\NodeAnimation</Filter>
    </ClCompile>
    <ClCompile Include="Engine\Assets\Animation\Skeleton\SkeletonLibrary.cpp">
      <Filter>Engine\Assets\Animation\Skeleton</Filter>
    </ClCompile>
    <ClCompile Include="Engine\Module\Render\RenderPSO\Forward\Mesh\SkinningMeshNodeForward.cpp">
      <Filter>Engine\Module\Render\RenderPSO\Forward\Mesh</Filter>
    </ClCompile>
    <ClCompile Include="Engine\Assets\PolygonMesh\PolygonMeshBuilder.cpp">
      <Filter>Engine\Assets\PolygonMesh</Filter>
    </ClCompile>
    <ClCompile Include="Engine\Assets\Animation\Skeleton\SkeletonAssetBuilder.cpp">
      <Filter>Engine\Assets\Animation\Skeleton</Filter>
    </ClCompile>
    <ClCompile Include="Engine\Assets\Animation\NodeAnimation\NodeAnimationAssetBuilder.cpp">
      <Filter>Engine\Assets\Animation\NodeAnimation</Filter>
    </ClCompile>
    <ClCompile Include="Engine\Assets\PrimitiveGeometry\PrimitiveGeometryAsset.cpp">
      <Filter>Engine\Assets\PrimitiveGeometry</Filter>
    </ClCompile>
    <ClCompile Include="Engine\Assets\PrimitiveGeometry\PrimitiveGeometryLibrary.cpp">
      <Filter>Engine\Assets\PrimitiveGeometry</Filter>
    </ClCompile>
    <ClCompile Include="Engine\Module\Render\RenderPSO\Debug\PrimitiveLine\PrimitiveLineNode.cpp">
      <Filter>Engine\Module\Render\RenderPSO\Debug\PrimitiveLine</Filter>
    </ClCompile>
    <ClCompile Include="Engine\Module\Render\RenderPSO\Deferred\Lighting\PointLightingNode.cpp">
      <Filter>Engine\Module\Render\RenderPSO\Deferred\Lighting</Filter>
    </ClCompile>
    <ClCompile Include="Engine\Module\Render\RenderPSO\Deferred\Mesh\SkinningMeshNodeDeferred.cpp">
      <Filter>Engine\Module\Render\RenderPSO\Deferred\Mesh</Filter>
    </ClCompile>
    <ClCompile Include="Engine\Module\DrawExecutor\LightingExecutor\PointLightingExecutor.cpp">
      <Filter>Engine\Module\DrawExecutor\LightingExecutor</Filter>
    </ClCompile>
    <ClCompile Include="Engine\Module\World\Collision\CollisionCallbackManager.cpp">
      <Filter>Engine\Module\World\Collision</Filter>
    </ClCompile>
    <ClCompile Include="Engine\Module\World\Light\DirectionalLight\DirectionalLightInstance.cpp">
      <Filter>Engine\Module\World\Light\DirectionalLight</Filter>
    </ClCompile>
    <ClCompile Include="Engine\Debug\DebugValues\DebugValues.cpp">
      <Filter>Engine\Debug\DebugValues</Filter>
    </ClCompile>
    <ClCompile Include="Engine\Assets\Audio\AudioLibrary.cpp">
      <Filter>Engine\Assets\Audio</Filter>
    </ClCompile>
    <ClCompile Include="Engine\Assets\Audio\AudioPlayer.cpp">
      <Filter>Engine\Assets\Audio</Filter>
    </ClCompile>
    <ClCompile Include="Engine\Assets\Audio\AudioAsset.cpp">
      <Filter>Engine\Assets\Audio</Filter>
    </ClCompile>
    <ClCompile Include="Engine\Runtime\Input\Input.cpp">
      <Filter>Engine\Runtime\Input</Filter>
    </ClCompile>
    <ClCompile Include="Engine\Runtime\Scene\BaseScene.cpp">
      <Filter>Engine\Runtime\Scene</Filter>
    </ClCompile>
    <ClCompile Include="Engine\Runtime\Scene\SceneManager.cpp">
      <Filter>Engine\Runtime\Scene</Filter>
    </ClCompile>
    <ClCompile Include="Engine\Runtime\Clock\WorldClock.cpp">
      <Filter>Engine\Runtime\Clock</Filter>
    </ClCompile>
    <ClCompile Include="Engine\Debug\ImGui\ImGuiLoadManager\ImGuiLoadManager.cpp">
      <Filter>Engine\Debug\ImGui\ImGuiLoadManager</Filter>
    </ClCompile>
    <ClCompile Include="Engine\Debug\ImGui\ImGuiManager\ImGuiManager.cpp">
      <Filter>Engine\Debug\ImGui\ImGuiManager</Filter>
    </ClCompile>
    <ClCompile Include="Engine\Application\Output.cpp">
      <Filter>Engine\Application</Filter>
    </ClCompile>
    <ClCompile Include="Engine\GraphicsAPI\DirectX\DxCommand\DxCommand.cpp">
      <Filter>Engine\GraphicsAPI\DirectX\DxCommand</Filter>
    </ClCompile>
    <ClCompile Include="Engine\GraphicsAPI\DirectX\DxCore.cpp">
      <Filter>Engine\GraphicsAPI\DirectX</Filter>
    </ClCompile>
    <ClCompile Include="Engine\GraphicsAPI\DirectX\DxDescriptorHeap\DxDescriptorHeap.cpp">
      <Filter>Engine\GraphicsAPI\DirectX\DxDescriptorHeap</Filter>
    </ClCompile>
    <ClCompile Include="Engine\GraphicsAPI\DirectX\DxDescriptorHeap\DSVDescroptorHeap\DSVDescriptorHeap.cpp">
      <Filter>Engine\GraphicsAPI\DirectX\DxDescriptorHeap\DSVDescroptorHeap</Filter>
    </ClCompile>
    <ClCompile Include="Engine\GraphicsAPI\DirectX\DxDescriptorHeap\RTVDescriptorHeap\RTVDescriptorHeap.cpp">
      <Filter>Engine\GraphicsAPI\DirectX\DxDescriptorHeap\RTVDescriptorHeap</Filter>
    </ClCompile>
    <ClCompile Include="Engine\GraphicsAPI\DirectX\DxDescriptorHeap\SRVDescriptorHeap\SRVDescriptorHeap.cpp">
      <Filter>Engine\GraphicsAPI\DirectX\DxDescriptorHeap\SRVDescriptorHeap</Filter>
    </ClCompile>
    <ClCompile Include="Engine\GraphicsAPI\DirectX\DxDevice\DxDevice.cpp">
      <Filter>Engine\GraphicsAPI\DirectX\DxDevice</Filter>
    </ClCompile>
    <ClCompile Include="Engine\GraphicsAPI\DirectX\DxResource\DxResource.cpp">
      <Filter>Engine\GraphicsAPI\DirectX\DxResource</Filter>
    </ClCompile>
    <ClCompile Include="Engine\GraphicsAPI\DirectX\DxResource\IndexBuffer\IndexBuffer.cpp">
      <Filter>Engine\GraphicsAPI\DirectX\DxResource\IndexBuffer</Filter>
    </ClCompile>
    <ClCompile Include="Engine\GraphicsAPI\DirectX\DxSwapChain\DxSwapChain.cpp">
      <Filter>Engine\GraphicsAPI\DirectX\DxSwapChain</Filter>
    </ClCompile>
    <ClCompile Include="Library\Utility\Tools\RandomEngine.cpp">
      <Filter>Library\Utility\Tools</Filter>
    </ClCompile>
    <ClCompile Include="Library\Math\Matrix3x3.cpp">
      <Filter>Library\Math</Filter>
    </ClCompile>
    <ClCompile Include="Library\Math\Matrix4x4.cpp">
      <Filter>Library\Math</Filter>
    </ClCompile>
    <ClCompile Include="Library\Math\Quaternion.cpp">
      <Filter>Library\Math</Filter>
    </ClCompile>
    <ClCompile Include="Library\Math\Vector2.cpp">
      <Filter>Library\Math</Filter>
    </ClCompile>
    <ClCompile Include="Library\Math\Vector3.cpp">
      <Filter>Library\Math</Filter>
    </ClCompile>
    <ClCompile Include="Engine\Module\World\Camera\Camera2D.cpp">
      <Filter>Engine\Module\World\Camera</Filter>
    </ClCompile>
    <ClCompile Include="Engine\Module\World\Camera\Camera3D.cpp">
      <Filter>Engine\Module\World\Camera</Filter>
    </ClCompile>
    <ClCompile Include="Engine\Module\World\Collision\Collider\BaseCollider.cpp">
      <Filter>Engine\Module\World\Collision\Collider</Filter>
    </ClCompile>
    <ClCompile Include="Engine\Module\World\Collision\Collider\SphereCollider.cpp">
      <Filter>Engine\Module\World\Collision\Collider</Filter>
    </ClCompile>
    <ClCompile Include="Engine\Module\World\Collision\CollisionManager.cpp">
      <Filter>Engine\Module\World\Collision</Filter>
    </ClCompile>
    <ClCompile Include="Library\Math\Color4.cpp">
      <Filter>Library\Math</Filter>
    </ClCompile>
    <ClCompile Include="Engine\Module\World\Mesh\StaticMeshInstance.cpp">
      <Filter>Engine\Module\World\Mesh</Filter>
    </ClCompile>
    <ClCompile Include="Engine\Module\World\Sprite\SpriteInstance.cpp">
      <Filter>Engine\Module\World\Sprite</Filter>
    </ClCompile>
    <ClCompile Include="Library\Math\Hierarchy.cpp">
      <Filter>Library\Math</Filter>
    </ClCompile>
    <ClCompile Include="Engine\Module\World\Particle\Particle\Particle.cpp">
      <Filter>Engine\Module\World\Particle\Particle</Filter>
    </ClCompile>
    <ClCompile Include="Engine\Assets\PolygonMesh\PolygonMesh.cpp">
      <Filter>Engine\Assets\PolygonMesh</Filter>
    </ClCompile>
    <ClCompile Include="Engine\Assets\PolygonMesh\PolygonMeshLibrary.cpp">
      <Filter>Engine\Assets\PolygonMesh</Filter>
    </ClCompile>
    <ClCompile Include="Engine\Assets\Texture\TextureLibrary.cpp">
      <Filter>Engine\Assets\Texture</Filter>
    </ClCompile>
    <ClCompile Include="Library\Math\Transform2D.cpp">
      <Filter>Library\Math</Filter>
    </ClCompile>
    <ClCompile Include="Library\Math\Transform3D.cpp">
      <Filter>Library\Math</Filter>
    </ClCompile>
    <ClCompile Include="Engine\Module\World\WorldInstance\WorldInstance.cpp">
      <Filter>Engine\Module\World\WorldInstance</Filter>
    </ClCompile>
    <ClCompile Include="Engine\Module\Render\RenderPSO\BaseRenderNode.cpp">
      <Filter>Engine\Module\Render\RenderPSO</Filter>
    </ClCompile>
    <ClCompile Include="Engine\Module\Render\RenderPSO\Posteffect\ChromaticAberration\ChromaticAberrationNode.cpp">
      <Filter>Engine\Module\Render\RenderPSO\Posteffect\ChromaticAberration</Filter>
    </ClCompile>
    <ClCompile Include="Engine\Module\Render\RenderPSO\Posteffect\Grayscale\GrayscaleNode.cpp">
      <Filter>Engine\Module\Render\RenderPSO\Posteffect\Grayscale</Filter>
    </ClCompile>
    <ClCompile Include="Engine\Module\Render\RenderPSO\Forward\Mesh\StaticMeshNodeForward.cpp">
      <Filter>Engine\Module\Render\RenderPSO\Forward\Mesh</Filter>
    </ClCompile>
    <ClCompile Include="Engine\Module\Render\RenderPSO\Posteffect\Outline\OutlineNode.cpp">
      <Filter>Engine\Module\Render\RenderPSO\Posteffect\Outline</Filter>
    </ClCompile>
    <ClCompile Include="Engine\Module\Render\RenderPSO\Forward\Particle\ParticleBillboardNode\ParticleBillboardNode.cpp">
      <Filter>Engine\Module\Render\RenderPSO\Forward\Particle\ParticleBillboardNode</Filter>
    </ClCompile>
    <ClCompile Include="Engine\Module\Render\RenderPSO\Forward\Particle\ParticleMeshNode\ParticleMeshNode.cpp">
      <Filter>Engine\Module\Render\RenderPSO\Forward\Particle\ParticleMeshNode</Filter>
    </ClCompile>
    <ClCompile Include="Engine\Module\Render\RenderPSO\Forward\Particle\ParticleSpriteNode\ParticleSpriteNode.cpp">
      <Filter>Engine\Module\Render\RenderPSO\Forward\Particle\ParticleSpriteNode</Filter>
    </ClCompile>
    <ClCompile Include="Engine\Module\Render\RenderPSO\Posteffect\RadialBlur\RadialBlurNode.cpp">
      <Filter>Engine\Module\Render\RenderPSO\Posteffect\RadialBlur</Filter>
    </ClCompile>
    <ClCompile Include="Engine\Module\Render\RenderPSO\2D\Sprite\SpriteNode.cpp">
      <Filter>Engine\Module\Render\RenderPSO\2D\Sprite</Filter>
    </ClCompile>
    <ClCompile Include="Engine\Module\Render\RenderPath\RenderPath.cpp">
      <Filter>Engine\Module\Render\RenderPath</Filter>
    </ClCompile>
    <ClCompile Include="Engine\Module\Render\RenderTargetGroup\BaseRenderTargetGroup.cpp">
      <Filter>Engine\Module\Render\RenderTargetGroup</Filter>
    </ClCompile>
    <ClCompile Include="Engine\Module\Render\RenderTargetGroup\SingleRenderTarget.cpp">
      <Filter>Engine\Module\Render\RenderTargetGroup</Filter>
    </ClCompile>
    <ClCompile Include="Engine\Module\Render\RenderTargetGroup\SwapChainRenderTargetGroup.cpp">
      <Filter>Engine\Module\Render\RenderTargetGroup</Filter>
    </ClCompile>
    <ClCompile Include="Engine\Assets\BackgroundLoader\BackgroundLoader.cpp">
      <Filter>Engine\Assets\BackgroundLoader</Filter>
    </ClCompile>
    <ClCompile Include="Library\Utility\Tools\ConvertString.cpp">
      <Filter>Library\Utility\Tools</Filter>
    </ClCompile>
    <ClCompile Include="Engine\Application\WinApp.cpp">
      <Filter>Engine\Application</Filter>
    </ClCompile>
    <ClCompile Include="Library\Math\VectorConverter.cpp">
      <Filter>Library\Math</Filter>
    </ClCompile>
    <ClCompile Include="Engine\Assets\Texture\TextureAssetBuilder.cpp">
      <Filter>Engine\Assets\Texture</Filter>
    </ClCompile>
    <ClCompile Include="Engine\Module\World\WorldManager.cpp">
      <Filter>Engine\Module\World</Filter>
    </ClCompile>
    <ClCompile Include="Engine\Debug\Profiler\WorldClockProfiler.cpp">
      <Filter>Engine\Debug\Profiler</Filter>
    </ClCompile>
    <ClCompile Include="Engine\Runtime\Clock\WorldTimer.cpp">
      <Filter>Engine\Runtime\Clock</Filter>
    </ClCompile>
    <ClInclude Include="Engine\Module\Manager\Camera\CameraManager.h">
      <Filter>Engine\Module\Manager\Camera</Filter>
    </ClInclude>
    <ClInclude Include="Engine\Debug\Editor\Window\EditorWorldView\EditorDebugCamera.h">
      <Filter>Engine\Debug\Editor\Window\EditorWorldView</Filter>
    </ClInclude>
    <ClInclude Include="Engine\Debug\Editor\Window\EditorWorldView\EditorWorldView.h">
      <Filter>Engine\Debug\Editor\Window\EditorWorldView</Filter>
    </ClInclude>
    <ClInclude Include="Engine\Debug\Editor\Command\EditorCommandReparent.h">
      <Filter>Engine\Debug\Editor\Command</Filter>
    </ClInclude>
    <ClInclude Include="Engine\Debug\Editor\Core\EditorHierarchyDandD.h">
      <Filter>Engine\Debug\Editor\Core</Filter>
    </ClInclude>
    <ClInclude Include="Engine\Debug\Editor\Window\EditorLogWindow.h">
      <Filter>Engine\Debug\Editor\Window</Filter>
    </ClInclude>
    <ClInclude Include="Engine\Debug\Editor\Command\EditorCommandScope.h">
      <Filter>Engine\Debug\Editor\Command</Filter>
    </ClInclude>
    <ClInclude Include="Engine\Debug\Editor\Command\EditorCommandResizeContainer.h">
      <Filter>Engine\Debug\Editor\Command</Filter>
    </ClInclude>
    <ClInclude Include="Engine\Debug\Editor\Command\EditorValueChangeCommandHandler.h">
      <Filter>Engine\Debug\Editor\Command</Filter>
    </ClInclude>
    <ClInclude Include="Engine\Debug\Editor\Command\EditorValueChangeCommand.h">
      <Filter>Engine\Debug\Editor\Command</Filter>
    </ClInclude>
    <ClInclude Include="Engine\Debug\Editor\Core\EditorSceneList.h">
      <Filter>Engine\Debug\Editor\Core</Filter>
    </ClInclude>
    <ClInclude Include="Engine\Debug\Editor\RemoteObject\EditorDeletedObjectPool.h">
      <Filter>Engine\Debug\Editor\RemoteObject</Filter>
    </ClInclude>
    <ClInclude Include="Engine\Debug\Editor\Command\EditorDeleteObjectCommand.h">
      <Filter>Engine\Debug\Editor\Command</Filter>
    </ClInclude>
    <ClInclude Include="Engine\Debug\Editor\Command\EditorCreateObjectCommand.h">
      <Filter>Engine\Debug\Editor\Command</Filter>
    </ClInclude>
    <ClInclude Include="Engine\Debug\Editor\Command\EditorSelectCommand.h">
      <Filter>Engine\Debug\Editor\Command</Filter>
    </ClInclude>
    <ClInclude Include="Engine\Debug\Editor\Command\EditorCommandInvoker.h">
      <Filter>Engine\Debug\Editor\Command</Filter>
    </ClInclude>
    <ClInclude Include="Engine\Debug\Editor\Core\EditorSelectObject.h">
      <Filter>Engine\Debug\Editor\Core</Filter>
    </ClInclude>
    <ClInclude Include="Engine\Debug\Editor\Core\EditorGizmo.h">
      <Filter>Engine\Debug\Editor\Core</Filter>
    </ClInclude>
    <ClInclude Include="Engine\Debug\Editor\Adapter\EditorSceneSerializer.h">
      <Filter>Engine\Debug\Editor\Adapter</Filter>
    </ClInclude>
    <ClInclude Include="Engine\Debug\Editor\Window\EditorHierarchy.h">
      <Filter>Engine\Debug\Editor\Window</Filter>
    </ClInclude>
    <ClInclude Include="Engine\Debug\Editor\Window\EditorInspector.h">
      <Filter>Engine\Debug\Editor\Window</Filter>
    </ClInclude>
    <ClInclude Include="Engine\Debug\Editor\EditorMain.h">
      <Filter>Engine\Debug\Editor</Filter>
    </ClInclude>
    <ClInclude Include="Engine\Debug\Editor\Window\EditorSceneView.h">
      <Filter>Engine\Debug\Editor\Window</Filter>
    </ClInclude>
    <ClInclude Include="Engine\Debug\Editor\Window\IEditorWindow.h">
      <Filter>Engine\Debug\Editor\Window</Filter>
    </ClInclude>
    <ClInclude Include="Engine\Debug\Editor\RemoteObject\FolderObject.h">
      <Filter>Engine\Debug\Editor\RemoteObject</Filter>
    </ClInclude>
    <ClInclude Include="Engine\Debug\Editor\RemoteObject\IRemoteObject.h">
      <Filter>Engine\Debug\Editor\RemoteObject</Filter>
    </ClInclude>
    <ClInclude Include="Engine\Debug\Editor\RemoteObject\RemoteSceneObject.h">
      <Filter>Engine\Debug\Editor\RemoteObject</Filter>
    </ClInclude>
    <ClInclude Include="Engine\Debug\Editor\RemoteObject\WorldInstance\RemoteWorldInstance.h">
      <Filter>Engine\Debug\Editor\RemoteObject\WorldInstance</Filter>
    </ClInclude>
    <ClInclude Include="Engine\Debug\Editor\RemoteObject\RemoteWorldObject.h">
      <Filter>Engine\Debug\Editor\RemoteObject</Filter>
    </ClInclude>
    <ClInclude Include="Engine\Debug\ImGui\ImGuiManager\ImGuiStyleSetter.h">
      <Filter>Engine\Debug\ImGui\ImGuiManager</Filter>
    </ClInclude>
    <ClInclude Include="Engine\GraphicsAPI\DirectX\DxResource\TextureResource\TempTexture.h">
      <Filter>Engine\GraphicsAPI\DirectX\DxResource\TextureResource</Filter>
    </ClInclude>
    <ClInclude Include="Engine\Application\ProjectSettings\ProjectSettings.h">
      <Filter>Engine\Application\ProjectSettings</Filter>
    </ClInclude>
    <ClInclude Include="Engine\Debug\Editor\RemoteObject\WorldInstance\IRemoteInstance.h">
      <Filter>Engine\Debug\Editor\RemoteObject\WorldInstance</Filter>
    </ClInclude>
    <ClInclude Include="Engine\Debug\Editor\Command\IEditorCommand.h">
      <Filter>Engine\Debug\Editor\Command</Filter>
    </ClInclude>
    <ClInclude Include="Engine\Module\Render\RenderNode\IRenderNode.h">
      <Filter>Engine\Module\Render\RenderNode</Filter>
    </ClInclude>
    <ClInclude Include="Engine\Module\Manager\World\InstanceBucket.h">
      <Filter>Engine\Module\Manager\World</Filter>
    </ClInclude>
    <ClInclude Include="Engine\Runtime\Scene\Scene.h">
      <Filter>Engine\Runtime\Scene</Filter>
    </ClInclude>
    <ClInclude Include="Library\Utility\Template\string_hashed.h">
      <Filter>Library\Utility\Template</Filter>
    </ClInclude>
    <ClInclude Include="Library\Utility\Template\call_once.h">
      <Filter>Library\Utility\Template</Filter>
    </ClInclude>
    <ClInclude Include="Engine\GraphicsAPI\DirectX\DxResource\TextureResource\DepthStencilTexture.h">
      <Filter>Engine\GraphicsAPI\DirectX\DxResource\TextureResource</Filter>
    </ClInclude>
    <ClInclude Include="Engine\GraphicsAPI\DirectX\DxResource\TextureResource\IResourceView\RenderTargetView.h">
      <Filter>Engine\GraphicsAPI\DirectX\DxResource\TextureResource\IResourceView</Filter>
    </ClInclude>
    <ClInclude Include="Engine\GraphicsAPI\DirectX\DxResource\TextureResource\IResourceView\ShaderResourceView.h">
      <Filter>Engine\GraphicsAPI\DirectX\DxResource\TextureResource\IResourceView</Filter>
    </ClInclude>
    <ClInclude Include="Engine\GraphicsAPI\DirectX\DxResource\TextureResource\StaticTexture.h">
      <Filter>Engine\GraphicsAPI\DirectX\DxResource\TextureResource</Filter>
    </ClInclude>
    <ClInclude Include="Engine\GraphicsAPI\DirectX\DxResource\TextureResource\RenderTexture.h">
      <Filter>Engine\GraphicsAPI\DirectX\DxResource\TextureResource</Filter>
    </ClInclude>
    <ClInclude Include="Engine\GraphicsAPI\DirectX\DxResource\TextureResource\ScreenTexture.h">
      <Filter>Engine\GraphicsAPI\DirectX\DxResource\TextureResource</Filter>
    </ClInclude>
    <ClInclude Include="Engine\Assets\Texture\TextureAsset.h">
      <Filter>Engine\Assets\Texture</Filter>
    </ClInclude>
    <ClInclude Include="Engine\Debug\Editor\RemoteObject\RemoteErrorObject.h">
      <Filter>Engine\Debug\Editor\RemoteObject</Filter>
    </ClInclude>
    <ClInclude Include="Engine\Debug\Editor\RemoteObject\WorldInstance\Mesh\RemoteStaticMeshInstance.h">
      <Filter>Engine\Debug\Editor\RemoteObject\WorldInstance\Mesh</Filter>
    </ClInclude>
    <ClInclude Include="Engine\Debug\Editor\RemoteObject\WorldInstance\Camera\RemoteCamera3dInstance.h">
      <Filter>Engine\Debug\Editor\RemoteObject\WorldInstance\Camera</Filter>
    </ClInclude>
    <ClInclude Include="Engine\Debug\Editor\RemoteObject\WorldInstance\Mesh\RemoteSkinningMeshInstance.h">
      <Filter>Engine\Debug\Editor\RemoteObject\WorldInstance\Mesh</Filter>
    </ClInclude>
    <ClInclude Include="Engine\Debug\Editor\Adapter\EditorValueField.h">
      <Filter>Engine\Debug\Editor\Adapter</Filter>
    </ClInclude>
    <ClInclude Include="Engine\Module\Manager\World\WorldRoot.h">
      <Filter>Engine\Module\Manager\World</Filter>
    </ClInclude>
    <ClInclude Include="Engine\Module\DrawExecutor\Mesh\Forward\StaticMeshDrawExecutorForward.h">
      <Filter>Engine\Module\DrawExecutor\Mesh\Forward</Filter>
    </ClInclude>
    <ClInclude Include="Engine\Debug\Editor\RemoteObject\WorldInstance\Collider\RemoteAABBColliderInstance.h">
      <Filter>Engine\Debug\Editor\RemoteObject\WorldInstance\Collider</Filter>
    </ClInclude>
    <ClInclude Include="Engine\Debug\Editor\RemoteObject\WorldInstance\Collider\RemoteSphereColliderInstance.h">
      <Filter>Engine\Debug\Editor\RemoteObject\WorldInstance\Collider</Filter>
    </ClInclude>
    <ClInclude Include="Engine\Module\Render\RenderSubtree\LayerRenderSubtree.h">
      <Filter>Engine\Module\Render\RenderSubtree</Filter>
    </ClInclude>
    <ClInclude Include="Engine\Module\Render\RenderDAG.h">
      <Filter>Engine\Module\Render</Filter>
    </ClInclude>
    <ClInclude Include="Engine\Module\Render\RenderNode\WorldLayerRenderNode.h">
      <Filter>Engine\Module\Render\RenderNode</Filter>
    </ClInclude>
    <ClInclude Include="Engine\Module\Render\WorldRenderCollection.h">
      <Filter>Engine\Module\Render</Filter>
    </ClInclude>
    <ClInclude Include="Engine\Module\Manager\World\WorldCluster.h">
      <Filter>Engine\Module\Manager\World</Filter>
    </ClInclude>
    <ClInclude Include="Engine\Module\Render\RenderTargetCollection\RenderTargetCollection.h">
      <Filter>Engine\Module\Render\RenderTargetCollection</Filter>
    </ClInclude>
    <ClInclude Include="Engine\Module\Render\RenderNode\PostEffectNode.h">
      <Filter>Engine\Module\Render\RenderNode</Filter>
    </ClInclude>
    <ClInclude Include="Engine\Module\Render\RenderPSO\PostEffectPSO.h">
      <Filter>Engine\Module\Render\RenderPSO</Filter>
    </ClInclude>
    <ClInclude Include="Engine\Module\Render\RenderNode\Loader\RenderNodeLoader.h">
      <Filter>Engine\Module\Render\RenderNode\Loader</Filter>
    </ClInclude>
    <ClInclude Include="Engine\Module\Render\RenderNode\Loader\PostEffectPSOLoader.h">
      <Filter>Engine\Module\Render\RenderNode\Loader</Filter>
    </ClInclude>
    <ClInclude Include="Engine\Module\Manager\RuntimeStorage\RuntimeStorage.h">
      <Filter>Engine\Module\Manager\RuntimeStorage</Filter>
    </ClInclude>
    <ClInclude Include="Engine\Runtime\Scene\SceneManager2.h">
      <Filter>Engine\Runtime\Scene</Filter>
    </ClInclude>
    <ClInclude Include="Engine\Module\Manager\SceneScript\ISceneScript.h">
      <Filter>Engine\Module\Manager\SceneScript</Filter>
    </ClInclude>
    <ClInclude Include="Engine\Module\Manager\SceneScript\SceneScriptManager.h">
      <Filter>Engine\Module\Manager\SceneScript</Filter>
    </ClInclude>
    <ClInclude Include="Engine\GraphicsAPI\DirectX\DxResource\TextureResource\IResourceView\DepthStencilView.h">
      <Filter>Engine\GraphicsAPI\DirectX\DxResource\TextureResource\IResourceView</Filter>
    </ClInclude>
    <ClInclude Include="Engine\Assets\Shader\ShaderAsset.h">
      <Filter>Engine\Assets\Shader</Filter>
    </ClInclude>
    <ClInclude Include="Engine\Assets\Shader\ShaderAssetBuilder.h">
      <Filter>Engine\Assets\Shader</Filter>
    </ClInclude>
    <ClInclude Include="Engine\Assets\Shader\ShaderLibrary.h">
      <Filter>Engine\Assets\Shader</Filter>
    </ClInclude>
    <ClInclude Include="Engine\GraphicsAPI\DirectX\DxCompiler\DxcManager.h">
      <Filter>Engine\GraphicsAPI\DirectX\DxCompiler</Filter>
    </ClInclude>
    <ClInclude Include="Engine\GraphicsAPI\DirectX\DxCompiler\DxShaderReflection.h">
      <Filter>Engine\GraphicsAPI\DirectX\DxCompiler</Filter>
    </ClInclude>
    <ClInclude Include="Engine\GraphicsAPI\DirectX\DxPipelineState\DxPipelineState.h">
      <Filter>Engine\GraphicsAPI\DirectX\DxPipelineState</Filter>
    </ClInclude>
    <ClInclude Include="Engine\GraphicsAPI\DirectX\DxPipelineState\PSOBuilder\PSOBuilder.h">
      <Filter>Engine\GraphicsAPI\DirectX\DxPipelineState\PSOBuilder</Filter>
    </ClInclude>
    <ClInclude Include="Engine\GraphicsAPI\DirectX\DxResource\ConceptCPUBuffer.h">
      <Filter>Engine\GraphicsAPI\DirectX\DxResource</Filter>
    </ClInclude>
    <ClInclude Include="Engine\GraphicsAPI\RenderingSystemValues.h">
      <Filter>Engine\GraphicsAPI</Filter>
    </ClInclude>
    <ClInclude Include="Engine\Module\DrawExecutor\BaseDrawManager.h">
      <Filter>Engine\Module\DrawExecutor</Filter>
    </ClInclude>
    <ClInclude Include="Engine\Module\DrawExecutor\Mesh\Primitive\Rect3dDrawExecutor.h">
      <Filter>Engine\Module\DrawExecutor\Mesh\Primitive</Filter>
    </ClInclude>
    <ClInclude Include="Engine\Module\DrawExecutor\Mesh\Primitive\Rect3dDrawManager.h">
      <Filter>Engine\Module\DrawExecutor\Mesh\Primitive</Filter>
    </ClInclude>
    <ClInclude Include="Engine\Module\Render\RenderPSO\Deferred\Lighting\NonLightingPixelNode.h">
      <Filter>Engine\Module\Render\RenderPSO\Deferred\Lighting</Filter>
    </ClInclude>
    <ClInclude Include="Engine\Module\Render\RenderPSO\Forward\Primitive\Rect3dNode.h">
      <Filter>Engine\Module\Render\RenderPSO\Forward\Primitive</Filter>
    </ClInclude>
    <ClInclude Include="Engine\Module\World\Mesh\IDrawInstance.h">
      <Filter>Engine\Module\World\Mesh</Filter>
    </ClInclude>
    <ClInclude Include="Engine\Module\World\Mesh\IMultiMeshInstance.h">
      <Filter>Engine\Module\World\Mesh</Filter>
    </ClInclude>
    <ClInclude Include="Engine\Module\World\Mesh\Primitive\IPrimitiveInstance.h">
      <Filter>Engine\Module\World\Mesh\Primitive</Filter>
    </ClInclude>
    <ClInclude Include="Engine\Module\World\Mesh\Primitive\Rect3d.h">
      <Filter>Engine\Module\World\Mesh\Primitive</Filter>
    </ClInclude>
    <ClInclude Include="Engine\GraphicsAPI\DirectX\DxResource\TextureResource\ITextureResource.h">
      <Filter>Engine\GraphicsAPI\DirectX\DxResource\TextureResource</Filter>
    </ClInclude>
    <ClInclude Include="Engine\GraphicsAPI\DirectX\DxResource\TextureResource\IResourceView\IResourceView.h">
      <Filter>Engine\GraphicsAPI\DirectX\DxResource\TextureResource\IResourceView</Filter>
    </ClInclude>
    <ClInclude Include="Library\Utility\Tools\Functions.h">
      <Filter>Library\Utility\Tools</Filter>
    </ClInclude>
    <ClInclude Include="Library\Utility\Tools\Easing.h">
      <Filter>Library\Utility\Tools</Filter>
    </ClInclude>
    <ClInclude Include="Library\Math\Fraction.h">
      <Filter>Library\Math</Filter>
    </ClInclude>
    <ClInclude Include="Library\Utility\Tools\MathEPS.h">
      <Filter>Library\Utility\Tools</Filter>
    </ClInclude>
    <ClInclude Include="Library\Utility\BuiltinTypes.h">
      <Filter>Library\Utility</Filter>
    </ClInclude>
    <ClInclude Include="Library\Utility\Tools\ChronoUtility.h">
      <Filter>Library\Utility\Tools</Filter>
    </ClInclude>
    <ClInclude Include="Engine\Application\CrashHandler.h">
      <Filter>Engine\Application</Filter>
    </ClInclude>
    <ClInclude Include="Engine\Assets\Audio\AudioManager.h">
      <Filter>Engine\Assets\Audio</Filter>
    </ClInclude>
    <ClInclude Include="Engine\GraphicsAPI\DirectX\DxResource\StructuredBuffer\MdStructuredBuffer.h">
      <Filter>Engine\GraphicsAPI\DirectX\DxResource\StructuredBuffer</Filter>
    </ClInclude>
    <ClInclude Include="Engine\Runtime\Scene\BaseSceneFactory.h">
      <Filter>Engine\Runtime\Scene</Filter>
    </ClInclude>
    <ClInclude Include="Engine\Module\DrawExecutor\BaseDrawExecutor.h">
      <Filter>Engine\Module\DrawExecutor</Filter>
    </ClInclude>
    <ClInclude Include="Engine\Module\DrawExecutor\LightingExecutor\DirectionalLightingExecutor.h">
      <Filter>Engine\Module\DrawExecutor\LightingExecutor</Filter>
    </ClInclude>
    <ClInclude Include="Engine\Module\Render\RenderPSO\Deferred\DeferredAdaptor.h">
      <Filter>Engine\Module\Render\RenderPSO\Deferred</Filter>
    </ClInclude>
    <ClInclude Include="Engine\Module\Render\RenderPSO\Deferred\Lighting\DirectionalLighingNode.h">
      <Filter>Engine\Module\Render\RenderPSO\Deferred\Lighting</Filter>
    </ClInclude>
    <ClInclude Include="Engine\Module\Render\RenderPSO\Deferred\Mesh\StaticMeshNodeDeferred.h">
      <Filter>Engine\Module\Render\RenderPSO\Deferred\Mesh</Filter>
    </ClInclude>
    <ClInclude Include="Engine\Module\DrawExecutor\PrimitiveGeometryDrawExecutor\PrimitiveGeometryDrawExecutor.h">
      <Filter>Engine\Module\DrawExecutor\PrimitiveGeometryDrawExecutor</Filter>
    </ClInclude>
    <ClInclude Include="Engine\Module\World\Collision\Collider\AABBCollider.h">
      <Filter>Engine\Module\World\Collision\Collider</Filter>
    </ClInclude>
    <ClInclude Include="Engine\Application\Framework.h">
      <Filter>Engine\Application</Filter>
    </ClInclude>
    <ClInclude Include="Engine\Module\DrawExecutor\Mesh\StaticMeshDrawExecutor.h">
      <Filter>Engine\Module\DrawExecutor\Mesh</Filter>
    </ClInclude>
    <ClInclude Include="Engine\Module\DrawExecutor\Mesh\StaticMeshDrawManager.h">
      <Filter>Engine\Module\DrawExecutor\Mesh</Filter>
    </ClInclude>
    <ClInclude Include="Engine\Module\DrawExecutor\Mesh\SkinningMeshDrawExecutor.h">
      <Filter>Engine\Module\DrawExecutor\Mesh</Filter>
    </ClInclude>
    <ClInclude Include="Engine\Debug\Profiler\TimestampProfiler.h">
      <Filter>Engine\Debug\Profiler</Filter>
    </ClInclude>
    <ClInclude Include="Engine\Module\DrawExecutor\Mesh\SkinningMeshDrawManager.h">
      <Filter>Engine\Module\DrawExecutor\Mesh</Filter>
    </ClInclude>
    <ClInclude Include="Engine\Runtime\Input\InputHandler.h">
      <Filter>Engine\Runtime\Input</Filter>
    </ClInclude>
    <ClInclude Include="Library\Math\Affine.h">
      <Filter>Library\Math</Filter>
    </ClInclude>
    <ClInclude Include="Library\Math\Basis.h">
      <Filter>Library\Math</Filter>
    </ClInclude>
    <ClInclude Include="Engine\Assets\Audio\AudioAssetBuilder.h">
      <Filter>Engine\Assets\Audio</Filter>
    </ClInclude>
    <ClInclude Include="Engine\Module\World\Mesh\SkinningMeshInstance.h">
      <Filter>Engine\Module\World\Mesh</Filter>
    </ClInclude>
    <ClInclude Include="Engine\Debug\ImGui\ImGuiJsonEditor\ValueEditorObject.h">
      <Filter>Engine\Debug\ImGui\ImGuiJsonEditor</Filter>
    </ClInclude>
    <ClInclude Include="Engine\Module\World\Light\PointLight\PointLightInstance.h">
      <Filter>Engine\Module\World\Light\PointLight</Filter>
    </ClInclude>
    <ClInclude Include="Engine\Module\World\Light\SpotLight\SpotLightInstance.h">
      <Filter>Engine\Module\World\Light\SpotLight</Filter>
    </ClInclude>
    <ClInclude Include="Engine\Module\World\Particle\ParticleEmitterInstance.h">
      <Filter>Engine\Module\World\Particle</Filter>
    </ClInclude>
    <ClInclude Include="Engine\Assets\Json\JsonAsset.h">
      <Filter>Engine\Assets\Json</Filter>
    </ClInclude>
    <ClInclude Include="Engine\Debug\ImGui\ImGuiJsonEditor\ImGuiValueEditor.h">
      <Filter>Engine\Debug\ImGui\ImGuiJsonEditor</Filter>
    </ClInclude>
    <ClInclude Include="Engine\Assets\Json\JsonSerializer.h">
      <Filter>Engine\Assets\Json</Filter>
    </ClInclude>
    <ClInclude Include="Engine\Assets\BaseAssetBuilder.h">
      <Filter>Engine\Assets</Filter>
    </ClInclude>
    <ClInclude Include="Library\Math\Color3.h">
      <Filter>Library\Math</Filter>
    </ClInclude>
    <ClInclude Include="Engine\Module\Render\RenderPSO\Debug\Line\LineNode.h">
      <Filter>Engine\Module\Render\RenderPSO\Debug\Line</Filter>
    </ClInclude>
    <ClInclude Include="Engine\Debug\ImGui\ImGuiTK\ImGuiTK.h">
      <Filter>Engine\Debug\ImGui\ImGuiTK</Filter>
    </ClInclude>
    <ClInclude Include="Engine\Module\World\Particle\DrawSystem\BaseParticleDrawSystem.h">
      <Filter>Engine\Module\World\Particle\DrawSystem</Filter>
    </ClInclude>
    <ClInclude Include="Engine\Module\World\Particle\DrawSystem\ParticleDrawSystemRect.h">
      <Filter>Engine\Module\World\Particle\DrawSystem</Filter>
    </ClInclude>
    <ClInclude Include="Engine\Module\World\Particle\DrawSystem\ParticleDrawSystemMesh.h">
      <Filter>Engine\Module\World\Particle\DrawSystem</Filter>
    </ClInclude>
    <ClInclude Include="Engine\Assets\Animation\NodeAnimation\NodeAnimationAsset.h">
      <Filter>Engine\Assets\Animation\NodeAnimation</Filter>
    </ClInclude>
    <ClInclude Include="Engine\Assets\Animation\NodeAnimation\NodeAnimationPlayer.h">
      <Filter>Engine\Assets\Animation\NodeAnimation</Filter>
    </ClInclude>
    <ClInclude Include="Engine\Assets\Animation\Skeleton\SkeletonAsset.h">
      <Filter>Engine\Assets\Animation\Skeleton</Filter>
    </ClInclude>
    <ClInclude Include="Engine\Assets\Animation\NodeAnimation\NodeAnimationLibrary.h">
      <Filter>Engine\Assets\Animation\NodeAnimation</Filter>
    </ClInclude>
    <ClInclude Include="Engine\Assets\Animation\Skeleton\SkeletonLibrary.h">
      <Filter>Engine\Assets\Animation\Skeleton</Filter>
    </ClInclude>
    <ClInclude Include="Engine\Module\Render\RenderPSO\Forward\Mesh\SkinningMeshNodeForward.h">
      <Filter>Engine\Module\Render\RenderPSO\Forward\Mesh</Filter>
    </ClInclude>
    <ClInclude Include="Engine\Assets\PolygonMesh\PolygonMeshBuilder.h">
      <Filter>Engine\Assets\PolygonMesh</Filter>
    </ClInclude>
    <ClInclude Include="Engine\Assets\Animation\Skeleton\SkeletonAssetBuilder.h">
      <Filter>Engine\Assets\Animation\Skeleton</Filter>
    </ClInclude>
    <ClInclude Include="Engine\Assets\Animation\NodeAnimation\NodeAnimationAssetBuilder.h">
      <Filter>Engine\Assets\Animation\NodeAnimation</Filter>
    </ClInclude>
    <ClInclude Include="Library\Utility\Template\Reference.h">
      <Filter>Library\Utility\Template</Filter>
    </ClInclude>
    <ClInclude Include="Engine\Assets\PrimitiveGeometry\PrimitiveGeometryAsset.h">
      <Filter>Engine\Assets\PrimitiveGeometry</Filter>
    </ClInclude>
    <ClInclude Include="Engine\Assets\PrimitiveGeometry\PrimitiveGeometryLibrary.h">
      <Filter>Engine\Assets\PrimitiveGeometry</Filter>
    </ClInclude>
    <ClInclude Include="Engine\Module\Render\RenderPSO\Debug\PrimitiveLine\PrimitiveLineNode.h">
      <Filter>Engine\Module\Render\RenderPSO\Debug\PrimitiveLine</Filter>
    </ClInclude>
    <ClInclude Include="Engine\Module\Render\RenderPSO\Deferred\Lighting\PointLightingNode.h">
      <Filter>Engine\Module\Render\RenderPSO\Deferred\Lighting</Filter>
    </ClInclude>
    <ClInclude Include="Engine\Module\Render\RenderPSO\Deferred\Mesh\SkinningMeshNodeDeferred.h">
      <Filter>Engine\Module\Render\RenderPSO\Deferred\Mesh</Filter>
    </ClInclude>
    <ClInclude Include="Engine\Module\DrawExecutor\LightingExecutor\PointLightingExecutor.h">
      <Filter>Engine\Module\DrawExecutor\LightingExecutor</Filter>
    </ClInclude>
    <ClInclude Include="Engine\Module\World\Collision\CollisionCallbackManager.h">
      <Filter>Engine\Module\World\Collision</Filter>
    </ClInclude>
    <ClInclude Include="Engine\Module\World\Light\DirectionalLight\DirectionalLightInstance.h">
      <Filter>Engine\Module\World\Light\DirectionalLight</Filter>
    </ClInclude>
    <ClInclude Include="Engine\Application\EngineSettings.h">
      <Filter>Engine\Application</Filter>
    </ClInclude>
    <ClInclude Include="Engine\Debug\DebugValues\DebugValues.h">
      <Filter>Engine\Debug\DebugValues</Filter>
    </ClInclude>
    <ClInclude Include="Engine\GraphicsAPI\DirectX\DxSystemValues.h">
      <Filter>Engine\GraphicsAPI\DirectX</Filter>
    </ClInclude>
    <ClInclude Include="Engine\Assets\Audio\AudioLibrary.h">
      <Filter>Engine\Assets\Audio</Filter>
    </ClInclude>
    <ClInclude Include="Engine\Assets\Audio\AudioPlayer.h">
      <Filter>Engine\Assets\Audio</Filter>
    </ClInclude>
    <ClInclude Include="Engine\Assets\Audio\AudioAsset.h">
      <Filter>Engine\Assets\Audio</Filter>
    </ClInclude>
    <ClInclude Include="Engine\Runtime\Input\Input.h">
      <Filter>Engine\Runtime\Input</Filter>
    </ClInclude>
    <ClInclude Include="Engine\Runtime\Input\InputEnum.h">
      <Filter>Engine\Runtime\Input</Filter>
    </ClInclude>
    <ClInclude Include="Engine\Runtime\Scene\BaseScene.h">
      <Filter>Engine\Runtime\Scene</Filter>
    </ClInclude>
    <ClInclude Include="Engine\Runtime\Scene\SceneManager.h">
      <Filter>Engine\Runtime\Scene</Filter>
    </ClInclude>
    <ClInclude Include="Engine\Runtime\Clock\WorldClock.h">
      <Filter>Engine\Runtime\Clock</Filter>
    </ClInclude>
    <ClInclude Include="Engine\Debug\ImGui\ImGuiLoadManager\ImGuiLoadManager.h">
      <Filter>Engine\Debug\ImGui\ImGuiLoadManager</Filter>
    </ClInclude>
    <ClInclude Include="Engine\Debug\ImGui\ImGuiManager\ImGuiManager.h">
      <Filter>Engine\Debug\ImGui\ImGuiManager</Filter>
    </ClInclude>
    <ClInclude Include="Engine\Application\Output.h">
      <Filter>Engine\Application</Filter>
    </ClInclude>
    <ClInclude Include="Engine\GraphicsAPI\DirectX\DxCommand\DxCommand.h">
      <Filter>Engine\GraphicsAPI\DirectX\DxCommand</Filter>
    </ClInclude>
    <ClInclude Include="Engine\GraphicsAPI\DirectX\DxCore.h">
      <Filter>Engine\GraphicsAPI\DirectX</Filter>
    </ClInclude>
    <ClInclude Include="Engine\GraphicsAPI\DirectX\DxDescriptorHeap\DxDescriptorHeap.h">
      <Filter>Engine\GraphicsAPI\DirectX\DxDescriptorHeap</Filter>
    </ClInclude>
    <ClInclude Include="Engine\GraphicsAPI\DirectX\DxDescriptorHeap\DSVDescroptorHeap\DSVDescriptorHeap.h">
      <Filter>Engine\GraphicsAPI\DirectX\DxDescriptorHeap\DSVDescroptorHeap</Filter>
    </ClInclude>
    <ClInclude Include="Engine\GraphicsAPI\DirectX\DxDescriptorHeap\RTVDescriptorHeap\RTVDescriptorHeap.h">
      <Filter>Engine\GraphicsAPI\DirectX\DxDescriptorHeap\RTVDescriptorHeap</Filter>
    </ClInclude>
    <ClInclude Include="Engine\GraphicsAPI\DirectX\DxDescriptorHeap\SRVDescriptorHeap\SRVDescriptorHeap.h">
      <Filter>Engine\GraphicsAPI\DirectX\DxDescriptorHeap\SRVDescriptorHeap</Filter>
    </ClInclude>
    <ClInclude Include="Engine\GraphicsAPI\DirectX\DxDevice\DxDevice.h">
      <Filter>Engine\GraphicsAPI\DirectX\DxDevice</Filter>
    </ClInclude>
    <ClInclude Include="Engine\GraphicsAPI\DirectX\DxResource\BufferObjects.h">
      <Filter>Engine\GraphicsAPI\DirectX\DxResource</Filter>
    </ClInclude>
    <ClInclude Include="Engine\GraphicsAPI\DirectX\DxResource\ConstantBuffer\ConstantBuffer.h">
      <Filter>Engine\GraphicsAPI\DirectX\DxResource\ConstantBuffer</Filter>
    </ClInclude>
    <ClInclude Include="Engine\GraphicsAPI\DirectX\DxResource\DxResource.h">
      <Filter>Engine\GraphicsAPI\DirectX\DxResource</Filter>
    </ClInclude>
    <ClInclude Include="Engine\GraphicsAPI\DirectX\DxResource\IndexBuffer\IndexBuffer.h">
      <Filter>Engine\GraphicsAPI\DirectX\DxResource\IndexBuffer</Filter>
    </ClInclude>
    <ClInclude Include="Engine\GraphicsAPI\DirectX\DxResource\StructuredBuffer\StructuredBuffer.h">
      <Filter>Engine\GraphicsAPI\DirectX\DxResource\StructuredBuffer</Filter>
    </ClInclude>
    <ClInclude Include="Engine\GraphicsAPI\DirectX\DxResource\VertexBuffer\VertexBuffer.h">
      <Filter>Engine\GraphicsAPI\DirectX\DxResource\VertexBuffer</Filter>
    </ClInclude>
    <ClInclude Include="Engine\GraphicsAPI\DirectX\DxSwapChain\DxSwapChain.h">
      <Filter>Engine\GraphicsAPI\DirectX\DxSwapChain</Filter>
    </ClInclude>
    <ClInclude Include="Library\Utility\Template\SingletonInterface.h">
      <Filter>Library\Utility\Template</Filter>
    </ClInclude>
    <ClInclude Include="Library\Utility\Template\SortedPair.h">
      <Filter>Library\Utility\Template</Filter>
    </ClInclude>
    <ClInclude Include="Library\Utility\Tools\ConstructorMacro.h">
      <Filter>Library\Utility\Tools</Filter>
    </ClInclude>
    <ClInclude Include="Library\Utility\Tools\Hash.h">
      <Filter>Library\Utility\Tools</Filter>
    </ClInclude>
    <ClInclude Include="Library\Utility\Tools\RandomEngine.h">
      <Filter>Library\Utility\Tools</Filter>
    </ClInclude>
    <ClInclude Include="Library\Math\Definition.h">
      <Filter>Library\Math</Filter>
    </ClInclude>
    <ClInclude Include="Library\Math\Matrix.h">
      <Filter>Library\Math</Filter>
    </ClInclude>
    <ClInclude Include="Library\Math\Matrix3x3.h">
      <Filter>Library\Math</Filter>
    </ClInclude>
    <ClInclude Include="Library\Math\Matrix4x4.h">
      <Filter>Library\Math</Filter>
    </ClInclude>
    <ClInclude Include="Library\Math\Quaternion.h">
      <Filter>Library\Math</Filter>
    </ClInclude>
    <ClInclude Include="Library\Math\Vector2.h">
      <Filter>Library\Math</Filter>
    </ClInclude>
    <ClInclude Include="Library\Math\Vector3.h">
      <Filter>Library\Math</Filter>
    </ClInclude>
    <ClInclude Include="Library\Utility\Template\Behavior.h">
      <Filter>Library\Utility\Template</Filter>
    </ClInclude>
    <ClInclude Include="Engine\Module\World\Camera\Camera2D.h">
      <Filter>Engine\Module\World\Camera</Filter>
    </ClInclude>
    <ClInclude Include="Engine\Module\World\Camera\Camera3D.h">
      <Filter>Engine\Module\World\Camera</Filter>
    </ClInclude>
    <ClInclude Include="Engine\Module\World\Collision\Collider\BaseCollider.h">
      <Filter>Engine\Module\World\Collision\Collider</Filter>
    </ClInclude>
    <ClInclude Include="Engine\Module\World\Collision\Collider\SphereCollider.h">
      <Filter>Engine\Module\World\Collision\Collider</Filter>
    </ClInclude>
    <ClInclude Include="Engine\Module\World\Collision\CollisionFunctions.h">
      <Filter>Engine\Module\World\Collision</Filter>
    </ClInclude>
    <ClInclude Include="Engine\Module\World\Collision\CollisionManager.h">
      <Filter>Engine\Module\World\Collision</Filter>
    </ClInclude>
    <ClInclude Include="Library\Math\Color4.h">
      <Filter>Library\Math</Filter>
    </ClInclude>
    <ClInclude Include="Engine\Module\World\Mesh\StaticMeshInstance.h">
      <Filter>Engine\Module\World\Mesh</Filter>
    </ClInclude>
    <ClInclude Include="Engine\Module\World\Sprite\SpriteInstance.h">
      <Filter>Engine\Module\World\Sprite</Filter>
    </ClInclude>
    <ClInclude Include="Library\Math\Hierarchy.h">
      <Filter>Library\Math</Filter>
    </ClInclude>
    <ClInclude Include="Engine\Module\World\Particle\DrawSystem\ParticleBufferValue.h">
      <Filter>Engine\Module\World\Particle\DrawSystem</Filter>
    </ClInclude>
    <ClInclude Include="Engine\Module\World\Particle\Particle\Particle.h">
      <Filter>Engine\Module\World\Particle\Particle</Filter>
    </ClInclude>
    <ClInclude Include="Engine\Assets\PolygonMesh\PolygonMesh.h">
      <Filter>Engine\Assets\PolygonMesh</Filter>
    </ClInclude>
    <ClInclude Include="Engine\Assets\PolygonMesh\PolygonMeshLibrary.h">
      <Filter>Engine\Assets\PolygonMesh</Filter>
    </ClInclude>
    <ClInclude Include="Engine\Assets\Texture\TextureLibrary.h">
      <Filter>Engine\Assets\Texture</Filter>
    </ClInclude>
    <ClInclude Include="Library\Math\Transform2D.h">
      <Filter>Library\Math</Filter>
    </ClInclude>
    <ClInclude Include="Library\Math\Transform3D.h">
      <Filter>Library\Math</Filter>
    </ClInclude>
    <ClInclude Include="Engine\Module\World\WorldInstance\WorldInstance.h">
      <Filter>Engine\Module\World\WorldInstance</Filter>
    </ClInclude>
    <ClInclude Include="Engine\Module\Render\RenderPSO\BaseRenderNode.h">
      <Filter>Engine\Module\Render\RenderPSO</Filter>
    </ClInclude>
    <ClInclude Include="Engine\Module\Render\RenderPSO\Posteffect\ChromaticAberration\ChromaticAberrationNode.h">
      <Filter>Engine\Module\Render\RenderPSO\Posteffect\ChromaticAberration</Filter>
    </ClInclude>
    <ClInclude Include="Engine\Module\Render\RenderPSO\Posteffect\Grayscale\GrayscaleNode.h">
      <Filter>Engine\Module\Render\RenderPSO\Posteffect\Grayscale</Filter>
    </ClInclude>
    <ClInclude Include="Engine\Module\Render\RenderPSO\Forward\Mesh\StaticMeshNodeForward.h">
      <Filter>Engine\Module\Render\RenderPSO\Forward\Mesh</Filter>
    </ClInclude>
    <ClInclude Include="Engine\Module\Render\RenderPSO\Posteffect\Outline\OutlineNode.h">
      <Filter>Engine\Module\Render\RenderPSO\Posteffect\Outline</Filter>
    </ClInclude>
    <ClInclude Include="Engine\Module\Render\RenderPSO\Forward\Particle\ParticleBillboardNode\ParticleBillboardNode.h">
      <Filter>Engine\Module\Render\RenderPSO\Forward\Particle\ParticleBillboardNode</Filter>
    </ClInclude>
    <ClInclude Include="Engine\Module\Render\RenderPSO\Forward\Particle\ParticleMeshNode\ParticleMeshNode.h">
      <Filter>Engine\Module\Render\RenderPSO\Forward\Particle\ParticleMeshNode</Filter>
    </ClInclude>
    <ClInclude Include="Engine\Module\Render\RenderPSO\Forward\Particle\ParticleSpriteNode\ParticleSpriteNode.h">
      <Filter>Engine\Module\Render\RenderPSO\Forward\Particle\ParticleSpriteNode</Filter>
    </ClInclude>
    <ClInclude Include="Engine\Module\Render\RenderPSO\Posteffect\RadialBlur\RadialBlurNode.h">
      <Filter>Engine\Module\Render\RenderPSO\Posteffect\RadialBlur</Filter>
    </ClInclude>
    <ClInclude Include="Engine\Module\Render\RenderPSO\2D\Sprite\SpriteNode.h">
      <Filter>Engine\Module\Render\RenderPSO\2D\Sprite</Filter>
    </ClInclude>
    <ClInclude Include="Engine\Module\Render\RenderPath\RenderPath.h">
      <Filter>Engine\Module\Render\RenderPath</Filter>
    </ClInclude>
    <ClInclude Include="Engine\Module\Render\RenderTargetGroup\BaseRenderTargetGroup.h">
      <Filter>Engine\Module\Render\RenderTargetGroup</Filter>
    </ClInclude>
    <ClInclude Include="Engine\Module\Render\RenderTargetGroup\MultiRenderTarget.h">
      <Filter>Engine\Module\Render\RenderTargetGroup</Filter>
    </ClInclude>
    <ClInclude Include="Engine\Module\Render\RenderTargetGroup\SingleRenderTarget.h">
      <Filter>Engine\Module\Render\RenderTargetGroup</Filter>
    </ClInclude>
    <ClInclude Include="Engine\Module\Render\RenderTargetGroup\SwapChainRenderTargetGroup.h">
      <Filter>Engine\Module\Render\RenderTargetGroup</Filter>
    </ClInclude>
    <ClInclude Include="Library\Utility\Template\Array2D.h">
      <Filter>Library\Utility\Template</Filter>
    </ClInclude>
    <ClInclude Include="Engine\Assets\BackgroundLoader\BackgroundLoader.h">
      <Filter>Engine\Assets\BackgroundLoader</Filter>
    </ClInclude>
    <ClInclude Include="Library\Utility\Template\bitflag.h">
      <Filter>Library\Utility\Template</Filter>
    </ClInclude>
    <ClInclude Include="Library\Utility\Tools\ConvertString.h">
      <Filter>Library\Utility\Tools</Filter>
    </ClInclude>
    <ClInclude Include="Library\Utility\Tools\SmartPointer.h">
      <Filter>Library\Utility\Tools</Filter>
    </ClInclude>
    <ClInclude Include="Library\Utility\Template\TimedCall.h">
      <Filter>Library\Utility\Template</Filter>
    </ClInclude>
    <ClInclude Include="Engine\Application\WinApp.h">
      <Filter>Engine\Application</Filter>
    </ClInclude>
    <ClInclude Include="Library\Math\VectorConverter.h">
      <Filter>Library\Math</Filter>
    </ClInclude>
    <ClInclude Include="Engine\Module\World\Light\BaseLightInstance.h">
      <Filter>Engine\Module\World\Light</Filter>
    </ClInclude>
    <ClInclude Include="Engine\Assets\Texture\TextureAssetBuilder.h">
      <Filter>Engine\Assets\Texture</Filter>
    </ClInclude>
    <ClInclude Include="Engine\Module\World\WorldManager.h">
      <Filter>Engine\Module\World</Filter>
    </ClInclude>
    <ClInclude Include="Engine\Debug\Profiler\WorldClockProfiler.h">
      <Filter>Engine\Debug\Profiler</Filter>
    </ClInclude>
    <ClInclude Include="Engine\Runtime\Clock\WorldTimer.h">
      <Filter>Engine\Runtime\Clock</Filter>
    </ClInclude>
    <FxCompile Include="EngineResources\HLSL\Debug\NormalColor\NormalColor.PS.hlsl">
      <Filter>EngineResources\HLSL\Debug\NormalColor</Filter>
    </FxCompile>
    <FxCompile Include="EngineResources\HLSL\Debug\NormalColor\NormalColor.VS.hlsl">
      <Filter>EngineResources\HLSL\Debug\NormalColor</Filter>
    </FxCompile>
    <FxCompile Include="EngineResources\HLSL\Debug\Wireframe\Wireframe3d.PS.hlsl">
      <Filter>EngineResources\HLSL\Debug\Wireframe</Filter>
    </FxCompile>
    <FxCompile Include="EngineResources\HLSL\Debug\Wireframe\Wireframe3d.VS.hlsl">
      <Filter>EngineResources\HLSL\Debug\Wireframe</Filter>
    </FxCompile>
    <FxCompile Include="EngineResources\HLSL\Deferred\Deferred.PS.hlsl">
      <Filter>EngineResources\HLSL\Deferred</Filter>
    </FxCompile>
    <FxCompile Include="EngineResources\HLSL\Deferred\Lighting\DirectionalLighting.PS.hlsl">
      <Filter>EngineResources\HLSL\Deferred\Lighting</Filter>
    </FxCompile>
    <FxCompile Include="EngineResources\HLSL\Deferred\Lighting\NonLighting.PS.hlsl">
      <Filter>EngineResources\HLSL\Deferred\Lighting</Filter>
    </FxCompile>
    <FxCompile Include="EngineResources\HLSL\Deferred\Lighting\PointLighting.PS.hlsl">
      <Filter>EngineResources\HLSL\Deferred\Lighting</Filter>
    </FxCompile>
    <FxCompile Include="EngineResources\HLSL\Deferred\Lighting\SpotLighting.PS.hlsl">
      <Filter>EngineResources\HLSL\Deferred\Lighting</Filter>
    </FxCompile>
    <FxCompile Include="EngineResources\HLSL\Deferred\Lighting\SpotLightVolume.VS.hlsl">
      <Filter>EngineResources\HLSL\Deferred\Lighting</Filter>
    </FxCompile>
    <FxCompile Include="EngineResources\HLSL\Deferred\Mesh\SkinningMesh.VS.hlsl">
      <Filter>EngineResources\HLSL\Deferred\Mesh</Filter>
    </FxCompile>
    <FxCompile Include="EngineResources\HLSL\Deferred\Mesh\StaticMesh.VS.hlsl">
      <Filter>EngineResources\HLSL\Deferred\Mesh</Filter>
    </FxCompile>
    <FxCompile Include="EngineResources\HLSL\Forward\Forward.PS.hlsl">
      <Filter>EngineResources\HLSL\Forward</Filter>
    </FxCompile>
    <FxCompile Include="EngineResources\HLSL\Forward\ForwardAlpha.PS.hlsl">
      <Filter>EngineResources\HLSL\Forward</Filter>
    </FxCompile>
    <FxCompile Include="EngineResources\HLSL\Forward\Mesh\SkinningMesh.VS.hlsl">
      <Filter>EngineResources\HLSL\Forward\Mesh</Filter>
    </FxCompile>
    <FxCompile Include="EngineResources\HLSL\Forward\Mesh\StaticMeshForward.VS.hlsl">
      <Filter>EngineResources\HLSL\Forward\Mesh</Filter>
    </FxCompile>
    <FxCompile Include="EngineResources\HLSL\Forward\Particle\ParticleBillboard\ParticleBillboard.PS.hlsl">
      <Filter>EngineResources\HLSL\Forward\Particle\ParticleBillboard</Filter>
    </FxCompile>
    <FxCompile Include="EngineResources\HLSL\Forward\Particle\ParticleBillboard\ParticleBillboard.VS.hlsl">
      <Filter>EngineResources\HLSL\Forward\Particle\ParticleBillboard</Filter>
    </FxCompile>
    <FxCompile Include="EngineResources\HLSL\Forward\Particle\ParticleMesh\ParticleMesh.PS.hlsl">
      <Filter>EngineResources\HLSL\Forward\Particle\ParticleMesh</Filter>
    </FxCompile>
    <FxCompile Include="EngineResources\HLSL\Forward\Particle\ParticleMesh\ParticleMesh.VS.hlsl">
      <Filter>EngineResources\HLSL\Forward\Particle\ParticleMesh</Filter>
    </FxCompile>
    <FxCompile Include="EngineResources\HLSL\Forward\Primitive\Rect3d.VS.hlsl">
      <Filter>EngineResources\HLSL\Forward\Primitive</Filter>
    </FxCompile>
    <FxCompile Include="EngineResources\HLSL\FullscreenShader.VS.hlsl">
      <Filter>EngineResources\HLSL</Filter>
    </FxCompile>
    <FxCompile Include="EngineResources\HLSL\Misc\PrimitiveGeometry\PrimitiveGeometry.PS.hlsl">
      <Filter>EngineResources\HLSL\Misc\PrimitiveGeometry</Filter>
    </FxCompile>
    <FxCompile Include="EngineResources\HLSL\Misc\PrimitiveGeometry\PrimitiveGeometry.VS.hlsl">
      <Filter>EngineResources\HLSL\Misc\PrimitiveGeometry</Filter>
    </FxCompile>
    <FxCompile Include="EngineResources\HLSL\Posteffect\ChromaticAberration\ChromaticAberration.PS.hlsl">
      <Filter>EngineResources\HLSL\Posteffect\ChromaticAberration</Filter>
    </FxCompile>
    <FxCompile Include="EngineResources\HLSL\Posteffect\Grayscale\Grayscale.PS.hlsl">
      <Filter>EngineResources\HLSL\Posteffect\Grayscale</Filter>
    </FxCompile>
    <FxCompile Include="EngineResources\HLSL\Posteffect\Outline\Outline.PS.hlsl">
      <Filter>EngineResources\HLSL\Posteffect\Outline</Filter>
    </FxCompile>
    <FxCompile Include="EngineResources\HLSL\Posteffect\RadialBlur\RadialBlur.PS.hlsl">
      <Filter>EngineResources\HLSL\Posteffect\RadialBlur</Filter>
    </FxCompile>
    <FxCompile Include="EngineResources\HLSL\Sprite\Sprite.PS.hlsl">
      <Filter>EngineResources\HLSL\Sprite</Filter>
    </FxCompile>
    <FxCompile Include="EngineResources\HLSL\Sprite\Sprite.VS.hlsl">
      <Filter>EngineResources\HLSL\Sprite</Filter>
    </FxCompile>
  </ItemGroup>
  <ItemGroup>
    <Text Include="EngineResources\HLSL\Document.txt">
      <Filter>Misc</Filter>
    </Text>
  </ItemGroup>
</Project>