<?xml version="1.0" encoding="utf-8"?>
<Project ToolsVersion="4.0" xmlns="http://schemas.microsoft.com/developer/msbuild/2003">
  <ItemGroup>
    <Filter Include="ソース ファイル">
      <UniqueIdentifier>{4FC737F1-C7A5-4376-A066-2A32D752A2FF}</UniqueIdentifier>
      <Extensions>cpp;c;cc;cxx;c++;cppm;ixx;def;odl;idl;hpj;bat;asm;asmx</Extensions>
    </Filter>
    <Filter Include="ヘッダー ファイル">
      <UniqueIdentifier>{93995380-89BD-4b04-88EB-625FBE52EBFB}</UniqueIdentifier>
      <Extensions>h;hh;hpp;hxx;h++;hm;inl;inc;ipp;xsd</Extensions>
    </Filter>
    <Filter Include="リソース ファイル">
      <UniqueIdentifier>{67DA6AB6-F800-4c08-8B7A-83BB121AAD01}</UniqueIdentifier>
      <Extensions>rc;ico;cur;bmp;dlg;rc2;rct;bin;rgs;gif;jpg;jpeg;jpe;resx;tiff;tif;png;wav;mfcribbon-ms</Extensions>
    </Filter>
    <Filter Include="Engine">
      <UniqueIdentifier>{10ad22c5-4aa8-488e-881d-d88fcb04690c}</UniqueIdentifier>
    </Filter>
    <Filter Include="Engine\Core">
      <UniqueIdentifier>{93790df6-1fac-4778-a7e6-c2487ad3a6a0}</UniqueIdentifier>
    </Filter>
    <Filter Include="Engine\Utility">
      <UniqueIdentifier>{7e0a2fd3-5cf4-47ac-97e9-ccbbc3643add}</UniqueIdentifier>
    </Filter>
    <Filter Include="Engine\Math">
      <UniqueIdentifier>{dcda5732-fcbb-41ca-8121-c5b256cff780}</UniqueIdentifier>
    </Filter>
    <Filter Include="Engine\HLSL">
      <UniqueIdentifier>{66af74f2-9d7d-461f-8ffa-16b97a7ec79e}</UniqueIdentifier>
    </Filter>
    <Filter Include="external">
      <UniqueIdentifier>{54cfe5d8-dfc7-4d49-9e78-0dfbbca8c0a9}</UniqueIdentifier>
    </Filter>
    <Filter Include="external\imgui">
      <UniqueIdentifier>{9c6c0a71-0eaa-4421-9f43-db8440d2d9ad}</UniqueIdentifier>
    </Filter>
    <Filter Include="WinApp">
      <UniqueIdentifier>{c72d7eb7-46a6-4bb4-938d-65a11e823d75}</UniqueIdentifier>
    </Filter>
    <Filter Include="Engine\Game">
      <UniqueIdentifier>{4efc020a-5287-4a42-8a8f-43d70a133215}</UniqueIdentifier>
    </Filter>
    <Filter Include="Engine\Core\DirectX">
      <UniqueIdentifier>{b771ee1b-1ce3-43c6-a51b-5916e66b1047}</UniqueIdentifier>
    </Filter>
    <Filter Include="Engine\Core\DirectX\Command">
      <UniqueIdentifier>{517b8da3-9195-492d-a66a-a5b28b4d4140}</UniqueIdentifier>
    </Filter>
    <Filter Include="Engine\Core\DirectX\DescriptorHeap">
      <UniqueIdentifier>{ce87a3a8-e1dd-4ed8-888b-87fa8a952f5b}</UniqueIdentifier>
    </Filter>
    <Filter Include="Engine\Core\DirectX\Device">
      <UniqueIdentifier>{62885612-1c2d-4634-bf30-cdd6099fbef7}</UniqueIdentifier>
    </Filter>
    <Filter Include="Engine\Core\DirectX\SwapChain">
      <UniqueIdentifier>{551ee37f-a8e2-4c65-9efa-9c0dc966ac33}</UniqueIdentifier>
    </Filter>
    <Filter Include="Engine\Core\ImGUIManager">
      <UniqueIdentifier>{24684771-dea8-49c9-b66b-9ed3762474b1}</UniqueIdentifier>
    </Filter>
  </ItemGroup>
  <ItemGroup>
    <ClCompile Include="main.cpp">
      <Filter>ソース ファイル</Filter>
    </ClCompile>
    <ClCompile Include="Engine\WinApp.cpp">
      <Filter>WinApp</Filter>
    </ClCompile>
    <ClCompile Include="Engine\Math\Camera3D.cpp">
      <Filter>Engine\Math</Filter>
    </ClCompile>
    <ClCompile Include="Engine\Math\Color.cpp">
      <Filter>Engine\Math</Filter>
    </ClCompile>
    <ClCompile Include="Engine\Math\Definition.cpp">
      <Filter>Engine\Math</Filter>
    </ClCompile>
    <ClCompile Include="Engine\Math\Matrix.cpp">
      <Filter>Engine\Math</Filter>
    </ClCompile>
    <ClCompile Include="Engine\Math\Quaternion.cpp">
      <Filter>Engine\Math</Filter>
    </ClCompile>
    <ClCompile Include="Engine\Math\Transform2D.cpp">
      <Filter>Engine\Math</Filter>
    </ClCompile>
    <ClCompile Include="Engine\Math\Transform3D.cpp">
      <Filter>Engine\Math</Filter>
    </ClCompile>
    <ClCompile Include="Engine\Math\Vector2d.cpp">
      <Filter>Engine\Math</Filter>
    </ClCompile>
    <ClCompile Include="Engine\Math\Vector3D.cpp">
      <Filter>Engine\Math</Filter>
    </ClCompile>
    <ClCompile Include="Engine\Util.cpp">
      <Filter>Engine\Utility</Filter>
    </ClCompile>
    <ClCompile Include="externals\imgui\imgui.cpp">
      <Filter>external\imgui</Filter>
    </ClCompile>
    <ClCompile Include="externals\imgui\imgui_demo.cpp">
      <Filter>external\imgui</Filter>
    </ClCompile>
    <ClCompile Include="externals\imgui\imgui_draw.cpp">
      <Filter>external\imgui</Filter>
    </ClCompile>
    <ClCompile Include="externals\imgui\imgui_impl_dx12.cpp">
      <Filter>external\imgui</Filter>
    </ClCompile>
    <ClCompile Include="externals\imgui\imgui_impl_win32.cpp">
      <Filter>external\imgui</Filter>
    </ClCompile>
    <ClCompile Include="externals\imgui\imgui_tables.cpp">
      <Filter>external\imgui</Filter>
    </ClCompile>
    <ClCompile Include="externals\imgui\imgui_widgets.cpp">
      <Filter>external\imgui</Filter>
    </ClCompile>
    <ClCompile Include="Engine\DirectX\DirectXDevice\DirectXDevice.cpp">
      <Filter>Engine\Core\DirectX\Device</Filter>
    </ClCompile>
    <ClCompile Include="Engine\DirectX\DirectXCommand\DirectXCommand.cpp">
      <Filter>Engine\Core\DirectX\Command</Filter>
    </ClCompile>
    <ClCompile Include="Engine\DirectX\DirectXSwapChain\DirectXSwapChain.cpp">
      <Filter>Engine\Core\DirectX\SwapChain</Filter>
    </ClCompile>
    <ClCompile Include="Engine\DirectX\DirectXDescriptorHeap\DirectXDescriptorHeap.cpp">
      <Filter>Engine\Core\DirectX\DescriptorHeap</Filter>
    </ClCompile>
    <ClCompile Include="Engine\DirectX\DirectXDescriptorHeap\RTVDescriptorHeap\RTVDescriptorHeap.cpp">
      <Filter>Engine\Core\DirectX\DescriptorHeap</Filter>
    </ClCompile>
    <ClCompile Include="Engine\DirectX\DirectXCore.cpp">
      <Filter>Engine\Core\DirectX</Filter>
    </ClCompile>
    <ClCompile Include="Engine\ImGuiManager\ImGuiManager.cpp">
      <Filter>ソース ファイル</Filter>
    </ClCompile>
  </ItemGroup>
  <ItemGroup>
    <ClInclude Include="Engine\WinApp.h">
      <Filter>WinApp</Filter>
    </ClInclude>
    <ClInclude Include="Engine\Math\Array2D.h">
      <Filter>Engine\Math</Filter>
    </ClInclude>
    <ClInclude Include="Engine\Math\Camera3D.h">
      <Filter>Engine\Math</Filter>
    </ClInclude>
    <ClInclude Include="Engine\Math\Color.h">
      <Filter>Engine\Math</Filter>
    </ClInclude>
    <ClInclude Include="Engine\Math\Definition.h">
      <Filter>Engine\Math</Filter>
    </ClInclude>
    <ClInclude Include="Engine\Math\Matrix.h">
      <Filter>Engine\Math</Filter>
    </ClInclude>
    <ClInclude Include="Engine\Math\Quaternion.h">
      <Filter>Engine\Math</Filter>
    </ClInclude>
    <ClInclude Include="Engine\Math\Transform2D.h">
      <Filter>Engine\Math</Filter>
    </ClInclude>
    <ClInclude Include="Engine\Math\Transform3D.h">
      <Filter>Engine\Math</Filter>
    </ClInclude>
    <ClInclude Include="Engine\Math\Vector2d.h">
      <Filter>Engine\Math</Filter>
    </ClInclude>
    <ClInclude Include="Engine\Math\Vector3D.h">
      <Filter>Engine\Math</Filter>
    </ClInclude>
    <ClInclude Include="Engine\Util.h">
      <Filter>Engine\Utility</Filter>
    </ClInclude>
    <ClInclude Include="externals\imgui\imconfig.h">
      <Filter>external\imgui</Filter>
    </ClInclude>
    <ClInclude Include="externals\imgui\imgui.h">
      <Filter>external\imgui</Filter>
    </ClInclude>
    <ClInclude Include="externals\imgui\imgui_impl_dx12.h">
      <Filter>external\imgui</Filter>
    </ClInclude>
    <ClInclude Include="externals\imgui\imgui_impl_win32.h">
      <Filter>external\imgui</Filter>
    </ClInclude>
    <ClInclude Include="externals\imgui\imgui_internal.h">
      <Filter>external\imgui</Filter>
    </ClInclude>
    <ClInclude Include="externals\imgui\imstb_rectpack.h">
      <Filter>external\imgui</Filter>
    </ClInclude>
    <ClInclude Include="externals\imgui\imstb_textedit.h">
      <Filter>external\imgui</Filter>
    </ClInclude>
    <ClInclude Include="externals\imgui\imstb_truetype.h">
      <Filter>external\imgui</Filter>
    </ClInclude>
    <ClInclude Include="Engine\DirectX\DirectXDevice\DirectXDevice.h">
      <Filter>Engine\Core\DirectX\Device</Filter>
    </ClInclude>
    <ClInclude Include="Engine\DirectX\DirectXCommand\DirectXCommand.h">
      <Filter>Engine\Core\DirectX\Command</Filter>
    </ClInclude>
    <ClInclude Include="Engine\DirectX\DirectXSwapChain\DirectXSwapChain.h">
      <Filter>Engine\Core\DirectX\SwapChain</Filter>
    </ClInclude>
    <ClInclude Include="Engine\DirectX\DirectXDescriptorHeap\DirectXDescriptorHeap.h">
      <Filter>Engine\Core\DirectX\DescriptorHeap</Filter>
    </ClInclude>
    <ClInclude Include="Engine\DirectX\DirectXDescriptorHeap\RTVDescriptorHeap\RTVDescriptorHeap.h">
      <Filter>Engine\Core\DirectX\DescriptorHeap</Filter>
    </ClInclude>
    <ClInclude Include="Engine\DirectX\DirectXCore.h">
      <Filter>Engine\Core\DirectX</Filter>
    </ClInclude>
    <ClInclude Include="Engine\ImGuiManager\ImGuiManager.h">
      <Filter>ヘッダー ファイル</Filter>
    </ClInclude>
  </ItemGroup>
  <ItemGroup>
    <Text Include="externals\imgui\LICENSE.txt">
      <Filter>external\imgui</Filter>
    </Text>
  </ItemGroup>
  <ItemGroup>
    <None Include="Engine\HLSL\Object3d.hlsli">
      <Filter>Engine\HLSL</Filter>
    </None>
  </ItemGroup>
  <ItemGroup>
    <FxCompile Include="Engine\HLSL\Object3d.PS.hlsl">
      <Filter>Engine\HLSL</Filter>
    </FxCompile>
    <FxCompile Include="Engine\HLSL\Object3d.VS.hlsl">
      <Filter>Engine\HLSL</Filter>
    </FxCompile>
  </ItemGroup>
</Project>