<?xml version="1.0" encoding="utf-8"?>
<Project ToolsVersion="4.0" xmlns="http://schemas.microsoft.com/developer/msbuild/2003">
  <ItemGroup>
    <Filter Include="ソース ファイル">
      <UniqueIdentifier>{4FC737F1-C7A5-4376-A066-2A32D752A2FF}</UniqueIdentifier>
      <Extensions>cpp;c;cc;cxx;c++;cppm;ixx;def;odl;idl;hpj;bat;asm;asmx</Extensions>
    </Filter>
    <Filter Include="ヘッダー ファイル">
      <UniqueIdentifier>{93995380-89BD-4b04-88EB-625FBE52EBFB}</UniqueIdentifier>
      <Extensions>h;hh;hpp;hxx;h++;hm;inl;inc;ipp;xsd</Extensions>
    </Filter>
    <Filter Include="リソース ファイル">
      <UniqueIdentifier>{67DA6AB6-F800-4c08-8B7A-83BB121AAD01}</UniqueIdentifier>
      <Extensions>rc;ico;cur;bmp;dlg;rc2;rct;bin;rgs;gif;jpg;jpeg;jpe;resx;tiff;tif;png;wav;mfcribbon-ms</Extensions>
    </Filter>
    <Filter Include="Engine">
      <UniqueIdentifier>{10ad22c5-4aa8-488e-881d-d88fcb04690c}</UniqueIdentifier>
    </Filter>
    <Filter Include="Engine\Utility">
      <UniqueIdentifier>{7e0a2fd3-5cf4-47ac-97e9-ccbbc3643add}</UniqueIdentifier>
    </Filter>
    <Filter Include="TestProgram">
      <UniqueIdentifier>{7679c345-a15e-4a48-8c87-5ab6bea6a38e}</UniqueIdentifier>
    </Filter>
    <Filter Include="Engine\Application">
      <UniqueIdentifier>{61139df7-0331-44b6-8507-32770938fc7e}</UniqueIdentifier>
    </Filter>
    <Filter Include="Engine\Debug">
      <UniqueIdentifier>{5ec78aaa-b6d4-4237-a97e-50ca04642a4e}</UniqueIdentifier>
    </Filter>
    <Filter Include="Engine\Debug\ImGUIManager">
      <UniqueIdentifier>{24684771-dea8-49c9-b66b-9ed3762474b1}</UniqueIdentifier>
    </Filter>
    <Filter Include="Engine\Debug\ImGUILoadManager">
      <UniqueIdentifier>{b1afb1bc-1684-4056-83bd-cf5f08b3ae2a}</UniqueIdentifier>
    </Filter>
    <Filter Include="Engine\Module">
      <UniqueIdentifier>{4efc020a-5287-4a42-8a8f-43d70a133215}</UniqueIdentifier>
    </Filter>
    <Filter Include="Game">
      <UniqueIdentifier>{9c839059-164e-4b43-94f7-24ed6b8e0ded}</UniqueIdentifier>
    </Filter>
    <Filter Include="Engine\Debug\Output">
      <UniqueIdentifier>{0aef4221-0958-4fdb-be97-cdb11642a887}</UniqueIdentifier>
    </Filter>
    <Filter Include="Engine\Rendering">
      <UniqueIdentifier>{444cd978-24ad-4333-b263-2ec4d5dfaeb1}</UniqueIdentifier>
    </Filter>
    <Filter Include="Engine\Rendering\DirectX">
      <UniqueIdentifier>{b771ee1b-1ce3-43c6-a51b-5916e66b1047}</UniqueIdentifier>
    </Filter>
    <Filter Include="Engine\Rendering\DirectX\Command">
      <UniqueIdentifier>{517b8da3-9195-492d-a66a-a5b28b4d4140}</UniqueIdentifier>
    </Filter>
    <Filter Include="Engine\Rendering\DirectX\DescriptorHeap">
      <UniqueIdentifier>{ce87a3a8-e1dd-4ed8-888b-87fa8a952f5b}</UniqueIdentifier>
    </Filter>
    <Filter Include="Engine\Rendering\DirectX\DescriptorHeap\RTVDescriptorHeap">
      <UniqueIdentifier>{07d8f712-7bbf-4b10-914b-64b967b588a5}</UniqueIdentifier>
    </Filter>
    <Filter Include="Engine\Rendering\DirectX\DescriptorHeap\DSVDescriptorHeap">
      <UniqueIdentifier>{cd17ec5a-14ba-4d4a-8d32-d6136e53e4d4}</UniqueIdentifier>
    </Filter>
    <Filter Include="Engine\Rendering\DirectX\DescriptorHeap\SRVDescriptorHeap">
      <UniqueIdentifier>{40595801-0513-49a7-a287-7297d2f2295d}</UniqueIdentifier>
    </Filter>
    <Filter Include="Engine\Rendering\DirectX\Device">
      <UniqueIdentifier>{62885612-1c2d-4634-bf30-cdd6099fbef7}</UniqueIdentifier>
    </Filter>
    <Filter Include="Engine\Rendering\DirectX\PiplineState">
      <UniqueIdentifier>{039fc40c-ddce-413c-98d4-ebcf41174f55}</UniqueIdentifier>
    </Filter>
    <Filter Include="Engine\Rendering\DirectX\PiplineState\PSOBuilder">
      <UniqueIdentifier>{e4dbf188-0352-49f8-a087-5c92b8d436d5}</UniqueIdentifier>
    </Filter>
    <Filter Include="Engine\Rendering\DirectX\PiplineState\ShaderBuilder">
      <UniqueIdentifier>{bb327bf5-ebe4-4ac2-9f79-6c0f21e1af36}</UniqueIdentifier>
    </Filter>
    <Filter Include="Engine\Rendering\DirectX\SwapChain">
      <UniqueIdentifier>{551ee37f-a8e2-4c65-9efa-9c0dc966ac33}</UniqueIdentifier>
    </Filter>
    <Filter Include="Engine\Rendering\DirectX\ResourceObject">
      <UniqueIdentifier>{186e89be-05e6-4149-b1f0-577ed1ded71b}</UniqueIdentifier>
    </Filter>
    <Filter Include="Engine\Rendering\DirectX\ResourceObject\RenderTarget">
      <UniqueIdentifier>{f8f1a63e-273e-463a-8f87-ce68ddfc0e5f}</UniqueIdentifier>
    </Filter>
    <Filter Include="Engine\Rendering\DirectX\ResourceObject\VertexBuffer">
      <UniqueIdentifier>{26196e4c-c186-4968-827e-db3e4d4dfd34}</UniqueIdentifier>
    </Filter>
    <Filter Include="Engine\Rendering\DirectX\ResourceObject\IndexBuffer">
      <UniqueIdentifier>{4acc4ffe-ee0e-4e85-8a18-28dcb047dd83}</UniqueIdentifier>
    </Filter>
    <Filter Include="Engine\Rendering\DirectX\ResourceObject\ConstantBuffer">
      <UniqueIdentifier>{437a7a8a-6081-4c43-819b-4b74720b81b5}</UniqueIdentifier>
    </Filter>
    <Filter Include="Engine\Rendering\DirectX\ResourceObject\ConstantBuffer\Material">
      <UniqueIdentifier>{5e9e9f52-22d1-495b-a45f-5ef387d33288}</UniqueIdentifier>
    </Filter>
    <Filter Include="Engine\Rendering\DirectX\ResourceObject\ConstantBuffer\TransformMatrix">
      <UniqueIdentifier>{cc5b3202-9c87-44bf-8a64-2b017f139563}</UniqueIdentifier>
    </Filter>
    <Filter Include="Engine\Rendering\DirectX\ResourceObject\Texture">
      <UniqueIdentifier>{6f54ea19-4a0b-435e-a5a7-e9e5a94d8845}</UniqueIdentifier>
    </Filter>
    <Filter Include="Engine\Rendering\DirectX\ResourceObject\DepthStencil">
      <UniqueIdentifier>{e38972b3-49b5-44c5-adda-02ae47a12411}</UniqueIdentifier>
    </Filter>
    <Filter Include="Engine\Rendering\DirectX\ResourceObject\OffscreenRender">
      <UniqueIdentifier>{8a78a233-5f73-4a1c-8392-5341bcaf8cb7}</UniqueIdentifier>
    </Filter>
    <Filter Include="Engine\Rendering\DirectX\ResourceObject\StructuredBuffer">
      <UniqueIdentifier>{0820ef88-74a4-48cf-a69c-0385ae28dc85}</UniqueIdentifier>
    </Filter>
    <Filter Include="Engine\Rendering\DirectX\ShaderCompiler">
      <UniqueIdentifier>{20e834c2-3ec2-48d0-abd8-23a0fcdd1d85}</UniqueIdentifier>
    </Filter>
    <Filter Include="Engine\Module\Render">
      <UniqueIdentifier>{11b95730-c302-4386-bda2-c895b725172c}</UniqueIdentifier>
    </Filter>
    <Filter Include="Engine\Module\Render\RenderNode">
      <UniqueIdentifier>{292d35d0-d7b0-49c6-83e6-ffa1d4d3aae7}</UniqueIdentifier>
    </Filter>
    <Filter Include="Engine\Module\Render\RenderNode\Grayscale">
      <UniqueIdentifier>{3602e0ab-a4aa-412d-8e2b-67b96ec2e6da}</UniqueIdentifier>
    </Filter>
    <Filter Include="Engine\Module\Render\RenderNode\Base">
      <UniqueIdentifier>{33c7f89a-ef0c-423b-a264-23401625a589}</UniqueIdentifier>
    </Filter>
    <Filter Include="Engine\Module\Render\RenderNode\ChromaticAberration">
      <UniqueIdentifier>{54ee2a3a-82ed-4e34-ae88-7d15476f143e}</UniqueIdentifier>
    </Filter>
    <Filter Include="Engine\Module\Render\RenderNode\Object3D">
      <UniqueIdentifier>{60ab0c62-b074-44d0-b5e7-9f0620d49908}</UniqueIdentifier>
    </Filter>
    <Filter Include="Engine\Module\Render\RenderNode\RadialBlur">
      <UniqueIdentifier>{ecb2b128-e24d-43c5-bd3d-2e5eed5be8d4}</UniqueIdentifier>
    </Filter>
    <Filter Include="Engine\Module\Render\RenderNode\Sprite">
      <UniqueIdentifier>{f44e19e2-9319-45cc-af66-384359fb76d8}</UniqueIdentifier>
    </Filter>
    <Filter Include="Engine\Module\Render\RenderNode\Outline">
      <UniqueIdentifier>{3cdd837f-3fa3-4826-b396-e9133edec5b0}</UniqueIdentifier>
    </Filter>
    <Filter Include="Engine\Module\Render\RenderNode\Particle">
      <UniqueIdentifier>{55a21a48-26d9-4ccd-88ec-714286f9785b}</UniqueIdentifier>
    </Filter>
    <Filter Include="Engine\Module\Render\RenderPath">
      <UniqueIdentifier>{225a09e0-a07d-4a08-bf9b-2d06b7d96cea}</UniqueIdentifier>
    </Filter>
    <Filter Include="Engine\Module\Render\RenderTargetGroup">
      <UniqueIdentifier>{0085d829-dc6e-4727-8983-4e6827bc0cb9}</UniqueIdentifier>
    </Filter>
    <Filter Include="Engine\Module\Render\RenderTargetGroup\SwapChainRenderTargetGroup">
      <UniqueIdentifier>{a168ee1d-4afc-42de-aca1-5e83c05c3af2}</UniqueIdentifier>
    </Filter>
    <Filter Include="Engine\Module\Render\RenderTargetGroup\SingleRenderTarget">
      <UniqueIdentifier>{8f7b8fae-ab3d-48c9-b33f-3aa762a793e8}</UniqueIdentifier>
    </Filter>
    <Filter Include="Engine\Module\Render\RenderTargetGroup\MultiRenderTarget">
      <UniqueIdentifier>{76b5190a-d4bd-4d3a-98ab-6c8e69bcdfe0}</UniqueIdentifier>
    </Filter>
    <Filter Include="Library">
      <UniqueIdentifier>{dc72ee75-c552-4537-9395-461ffb01d0ce}</UniqueIdentifier>
    </Filter>
    <Filter Include="Library\Math">
      <UniqueIdentifier>{afbfe8e8-473b-4369-bd73-9bb226737a23}</UniqueIdentifier>
    </Filter>
    <Filter Include="Engine\Runtime">
      <UniqueIdentifier>{94c777fc-5a5d-4686-87e1-30681304b06a}</UniqueIdentifier>
    </Filter>
    <Filter Include="Engine\Runtime\WorldClock">
      <UniqueIdentifier>{aa787078-d9a9-4d2f-974b-8632c343151e}</UniqueIdentifier>
    </Filter>
    <Filter Include="Engine\Runtime\Input">
      <UniqueIdentifier>{60af8cdc-8c7d-4148-a99c-2c425f771ef4}</UniqueIdentifier>
    </Filter>
    <Filter Include="Engine\Runtime\Scene">
      <UniqueIdentifier>{a652764d-1091-4844-a8c3-ed92140a958e}</UniqueIdentifier>
    </Filter>
    <Filter Include="Engine\Module\World">
      <UniqueIdentifier>{45432bb9-0e72-4257-a7a0-63c22eb68d9b}</UniqueIdentifier>
    </Filter>
    <Filter Include="Engine\Module\World\WorldInstance">
      <UniqueIdentifier>{a00cae3f-2bb1-4881-a714-2b05bfb9d42d}</UniqueIdentifier>
    </Filter>
    <Filter Include="Engine\Module\World\Objects">
      <UniqueIdentifier>{8119391f-a6af-4cc5-8e8e-292abf1697e0}</UniqueIdentifier>
    </Filter>
    <Filter Include="Engine\Module\World\Objects\SpriteObject">
      <UniqueIdentifier>{20bb3871-23b3-4796-a03f-f14f1fe4e010}</UniqueIdentifier>
    </Filter>
    <Filter Include="Engine\Module\World\Objects\GameObject">
      <UniqueIdentifier>{df797618-2ace-4e51-ba59-3ada04b5c8ed}</UniqueIdentifier>
    </Filter>
    <Filter Include="Engine\Module\World\Collision">
      <UniqueIdentifier>{7f774c5d-b61d-4320-832b-43302f9b32b2}</UniqueIdentifier>
    </Filter>
    <Filter Include="Engine\Module\World\Collision\Collider">
      <UniqueIdentifier>{b5f12602-712a-4894-9e5f-cff174516b47}</UniqueIdentifier>
    </Filter>
    <Filter Include="Engine\Module\World\Camera">
      <UniqueIdentifier>{ad7c1d23-0d65-41c3-b321-e30f34effad5}</UniqueIdentifier>
    </Filter>
    <Filter Include="Engine\Resources">
      <UniqueIdentifier>{f7827cb2-b1a8-4d07-a7fe-0a46cf198dba}</UniqueIdentifier>
    </Filter>
    <Filter Include="Engine\Application\WinApp">
      <UniqueIdentifier>{c72d7eb7-46a6-4bb4-938d-65a11e823d75}</UniqueIdentifier>
    </Filter>
    <Filter Include="Engine\Resources\TextureManager">
      <UniqueIdentifier>{1a43e1de-fd6a-4ef6-bc17-6ff5ef39c555}</UniqueIdentifier>
    </Filter>
    <Filter Include="Engine\Resources\PolygonMesh">
      <UniqueIdentifier>{6f82b1b7-d7b3-4911-9050-047cd89e3361}</UniqueIdentifier>
    </Filter>
    <Filter Include="Engine\Resources\BackgroundLoader">
      <UniqueIdentifier>{a8da4bfb-afb5-4d86-8aba-fab735f15aa9}</UniqueIdentifier>
    </Filter>
    <Filter Include="Engine\Utility\Template">
      <UniqueIdentifier>{018c1315-2ffa-4259-9e3f-ecfe617d4251}</UniqueIdentifier>
    </Filter>
    <Filter Include="Engine\Utility\Tools">
      <UniqueIdentifier>{04937eba-1ef5-4d70-8664-a59cdae8ac1e}</UniqueIdentifier>
    </Filter>
    <Filter Include="Engine\Utility\Tools\ConvertString">
      <UniqueIdentifier>{54e423b1-e284-448e-998b-13f187255deb}</UniqueIdentifier>
    </Filter>
    <Filter Include="Engine\Resources\Audio">
      <UniqueIdentifier>{55de4d28-01f6-4fe6-9b64-bd66d1225ffc}</UniqueIdentifier>
    </Filter>
    <Filter Include="Engine\Module\ParticleSystem">
      <UniqueIdentifier>{0df0185f-bb72-451b-93e1-e8fc7d9d331c}</UniqueIdentifier>
    </Filter>
    <Filter Include="Engine\Module\ParticleSystem\Emitter">
      <UniqueIdentifier>{1cd77655-ca16-4921-8cda-2578a1a7bce0}</UniqueIdentifier>
    </Filter>
    <Filter Include="Engine\Module\ParticleSystem\Particle">
      <UniqueIdentifier>{4b8a7812-7c46-4ec1-8f54-63a1f3af6f60}</UniqueIdentifier>
    </Filter>
    <Filter Include="Engine\Module\World\Light">
      <UniqueIdentifier>{e8100ddc-e6d3-4aba-9189-267f2de3a8a4}</UniqueIdentifier>
    </Filter>
    <Filter Include="EngineResources">
      <UniqueIdentifier>{b8ea577e-9353-4de1-bd00-b18ad542340f}</UniqueIdentifier>
    </Filter>
    <Filter Include="EngineResources\HLSL">
      <UniqueIdentifier>{66af74f2-9d7d-461f-8ffa-16b97a7ec79e}</UniqueIdentifier>
    </Filter>
    <Filter Include="EngineResources\HLSL\Texture">
      <UniqueIdentifier>{d4a1b506-8859-414b-bd57-93c4b17bceb0}</UniqueIdentifier>
    </Filter>
    <Filter Include="EngineResources\HLSL\3DObject">
      <UniqueIdentifier>{6df12820-dab8-4963-8c14-41f5ee7b23d4}</UniqueIdentifier>
    </Filter>
    <Filter Include="EngineResources\HLSL\Wireframe">
      <UniqueIdentifier>{92011f93-1b1e-4be8-851b-098699da4cfc}</UniqueIdentifier>
    </Filter>
    <Filter Include="EngineResources\HLSL\NormalColor">
      <UniqueIdentifier>{e2029ee5-c81a-42a8-984a-0b811b891152}</UniqueIdentifier>
    </Filter>
    <Filter Include="EngineResources\HLSL\PostEffect">
      <UniqueIdentifier>{c450cf3f-6853-4187-abc2-a9b2e1371812}</UniqueIdentifier>
    </Filter>
    <Filter Include="EngineResources\HLSL\PostEffect\ChromaticAberration">
      <UniqueIdentifier>{70c12400-9beb-4253-84b4-7a0eaf01698f}</UniqueIdentifier>
    </Filter>
    <Filter Include="EngineResources\HLSL\PostEffect\Grayscale">
      <UniqueIdentifier>{b7eac530-1db4-4522-b3ce-5d174af54aee}</UniqueIdentifier>
    </Filter>
    <Filter Include="EngineResources\HLSL\PostEffect\Outline">
      <UniqueIdentifier>{84412809-fabb-4fa0-9b56-a7598a563396}</UniqueIdentifier>
    </Filter>
    <Filter Include="EngineResources\HLSL\PostEffect\RadialBlur">
      <UniqueIdentifier>{0d55e42f-877a-47a8-bd1e-734b7e4f4f5e}</UniqueIdentifier>
    </Filter>
    <Filter Include="EngineResources\HLSL\Particle">
      <UniqueIdentifier>{c8017c29-38cf-4cc7-8562-7f88718df918}</UniqueIdentifier>
    </Filter>
    <Filter Include="EngineResources\HLSL\Particle\ParticleMesh">
      <UniqueIdentifier>{8ae07648-acfc-4628-b030-5c27df0b4e35}</UniqueIdentifier>
    </Filter>
    <Filter Include="EngineResources\HLSL\Particle\ParticleBillboard">
      <UniqueIdentifier>{eb767786-ad72-4585-93f5-5efd4d99f93f}</UniqueIdentifier>
    </Filter>
  </ItemGroup>
  <ItemGroup>
    <ClCompile Include="main.cpp">
      <Filter>ソース ファイル</Filter>
    </ClCompile>
    <ClCompile Include="Engine\Application\WinApp.cpp">
      <Filter>Engine\Application\WinApp</Filter>
    </ClCompile>
    <ClCompile Include="Engine\Rendering\DirectX\DirectXDevice\DirectXDevice.cpp">
      <Filter>Engine\Rendering\DirectX\Device</Filter>
    </ClCompile>
    <ClCompile Include="Engine\Rendering\DirectX\DirectXCommand\DirectXCommand.cpp">
      <Filter>Engine\Rendering\DirectX\Command</Filter>
    </ClCompile>
    <ClCompile Include="Engine\Rendering\DirectX\DirectXSwapChain\DirectXSwapChain.cpp">
      <Filter>Engine\Rendering\DirectX\SwapChain</Filter>
    </ClCompile>
    <ClCompile Include="Engine\Rendering\DirectX\DirectXDescriptorHeap\DirectXDescriptorHeap.cpp">
      <Filter>Engine\Rendering\DirectX\DescriptorHeap</Filter>
    </ClCompile>
    <ClCompile Include="Engine\Rendering\DirectX\DirectXCore.cpp">
      <Filter>Engine\Rendering\DirectX</Filter>
    </ClCompile>
    <ClCompile Include="Engine\Rendering\DirectX\PipelineState\PipelineState.cpp">
      <Filter>Engine\Rendering\DirectX\PiplineState</Filter>
    </ClCompile>
    <ClCompile Include="Engine\Rendering\DirectX\DirectXResourceObject\DirectXResourceObject.cpp">
      <Filter>Engine\Rendering\DirectX\ResourceObject</Filter>
    </ClCompile>
    <ClCompile Include="Engine\Rendering\DirectX\DirectXResourceObject\RenderTarget\RenderTarget.cpp">
      <Filter>Engine\Rendering\DirectX\ResourceObject\RenderTarget</Filter>
    </ClCompile>
    <ClCompile Include="Engine\Rendering\DirectX\DirectXResourceObject\IndexBuffer\IndexBuffer.cpp">
      <Filter>Engine\Rendering\DirectX\ResourceObject\IndexBuffer</Filter>
    </ClCompile>
    <ClCompile Include="Engine\Rendering\DirectX\DirectXResourceObject\ConstantBuffer\Material\Material.cpp">
      <Filter>Engine\Rendering\DirectX\ResourceObject\ConstantBuffer\Material</Filter>
    </ClCompile>
    <ClCompile Include="Engine\Rendering\DirectX\DirectXResourceObject\ConstantBuffer\TransformMatrix\TransformMatrix.cpp">
      <Filter>Engine\Rendering\DirectX\ResourceObject\ConstantBuffer\TransformMatrix</Filter>
    </ClCompile>
    <ClCompile Include="Engine\Rendering\DirectX\DirectXDescriptorHeap\RTVDescriptorHeap\RTVDescriptorHeap.cpp">
      <Filter>Engine\Rendering\DirectX\DescriptorHeap\RTVDescriptorHeap</Filter>
    </ClCompile>
    <ClCompile Include="Engine\Rendering\DirectX\DirectXResourceObject\Texture\Texture.cpp">
      <Filter>Engine\Rendering\DirectX\ResourceObject\Texture</Filter>
    </ClCompile>
    <ClCompile Include="Engine\Rendering\DirectX\DirectXDescriptorHeap\SRVDescriptorHeap\SRVDescriptorHeap.cpp">
      <Filter>Engine\Rendering\DirectX\DescriptorHeap\SRVDescriptorHeap</Filter>
    </ClCompile>
    <ClCompile Include="Engine\Rendering\DirectX\DirectXDescriptorHeap\DSVDescroptorHeap\DSVDescriptorHeap.cpp">
      <Filter>Engine\Rendering\DirectX\DescriptorHeap\DSVDescriptorHeap</Filter>
    </ClCompile>
    <ClCompile Include="Engine\Rendering\DirectX\DirectXResourceObject\DepthStencil\DepthStencil.cpp">
      <Filter>Engine\Rendering\DirectX\ResourceObject\DepthStencil</Filter>
    </ClCompile>
    <ClCompile Include="Engine\Resources\BackgroundLoader\BackgroundLoader.cpp">
      <Filter>Engine\Resources\BackgroundLoader</Filter>
    </ClCompile>
    <ClCompile Include="Engine\Rendering\DirectX\DirectXResourceObject\OffscreenRender\OffscreenRender.cpp">
      <Filter>Engine\Rendering\DirectX\ResourceObject\OffscreenRender</Filter>
    </ClCompile>
    <ClCompile Include="Engine\Rendering\DirectX\PipelineState\PSOBuilder\PSOBuilder.cpp">
      <Filter>Engine\Rendering\DirectX\PiplineState\PSOBuilder</Filter>
    </ClCompile>
    <ClCompile Include="Engine\Rendering\DirectX\PipelineState\ShaderBuilder\ShaderBuilder.cpp">
      <Filter>Engine\Rendering\DirectX\PiplineState\ShaderBuilder</Filter>
    </ClCompile>
    <ClCompile Include="Engine\Module\Render\RenderPath\RenderPath.cpp">
      <Filter>Engine\Module\Render\RenderPath</Filter>
    </ClCompile>
    <ClCompile Include="Engine\Module\Render\RenderNode\Object3DNode\Object3DNode.cpp">
      <Filter>Engine\Module\Render\RenderNode\Object3D</Filter>
    </ClCompile>
    <ClCompile Include="Engine\Module\Render\RenderTargetGroup\BaseRenderTargetGroup.cpp">
      <Filter>Engine\Module\Render\RenderTargetGroup</Filter>
    </ClCompile>
    <ClCompile Include="Engine\Module\Render\RenderTargetGroup\MultiRenderTarget.cpp">
      <Filter>Engine\Module\Render\RenderTargetGroup\MultiRenderTarget</Filter>
    </ClCompile>
    <ClCompile Include="Engine\Module\Render\RenderTargetGroup\SwapChainRenderTargetGroup.cpp">
      <Filter>Engine\Module\Render\RenderTargetGroup\SwapChainRenderTargetGroup</Filter>
    </ClCompile>
    <ClCompile Include="Engine\Module\Render\RenderTargetGroup\SingleRenderTarget.cpp">
      <Filter>Engine\Module\Render\RenderTargetGroup\SingleRenderTarget</Filter>
    </ClCompile>
    <ClCompile Include="Engine\Module\Render\RenderNode\Grayscale\GrayscaleNode.cpp">
      <Filter>Engine\Module\Render\RenderNode\Grayscale</Filter>
    </ClCompile>
    <ClCompile Include="Engine\Module\Render\RenderNode\BaseRenderNode.cpp">
      <Filter>Engine\Module\Render\RenderNode\Base</Filter>
    </ClCompile>
    <ClCompile Include="Engine\Module\Render\RenderNode\MultiRenderTargetNode.cpp">
      <Filter>Engine\Module\Render\RenderNode\Base</Filter>
    </ClCompile>
    <ClCompile Include="Engine\Module\Render\RenderNode\SingleRenderTargetNode.cpp">
      <Filter>Engine\Module\Render\RenderNode\Base</Filter>
    </ClCompile>
    <ClCompile Include="Engine\Module\Render\RenderNode\ChromaticAberration\ChromaticAberrationNode.cpp">
      <Filter>Engine\Module\Render\RenderNode\ChromaticAberration</Filter>
    </ClCompile>
    <ClCompile Include="Engine\Module\Render\RenderNode\RadialBlur\RadialBlurNode.cpp">
      <Filter>Engine\Module\Render\RenderNode\RadialBlur</Filter>
    </ClCompile>
    <ClCompile Include="Engine\Module\Render\RenderNode\Sprite\SpriteNode.cpp">
      <Filter>Engine\Module\Render\RenderNode\Sprite</Filter>
    </ClCompile>
    <ClCompile Include="TestCode\SceneDemo.cpp">
      <Filter>TestProgram</Filter>
    </ClCompile>
    <ClCompile Include="Engine\Module\Render\RenderNode\Outline\OutlineNode.cpp">
      <Filter>Engine\Module\Render\RenderNode\Outline</Filter>
    </ClCompile>
    <ClCompile Include="Engine\Module\World\Camera\Camera2D.cpp">
      <Filter>Engine\Module\World\Camera</Filter>
    </ClCompile>
    <ClCompile Include="Engine\Module\World\Camera\Camera3D.cpp">
      <Filter>Engine\Module\World\Camera</Filter>
    </ClCompile>
    <ClCompile Include="Engine\Module\World\Collision\CollisionManager.cpp">
      <Filter>Engine\Module\World\Collision</Filter>
    </ClCompile>
    <ClCompile Include="Engine\Module\World\Collision\Collider\SphereCollider.cpp">
      <Filter>Engine\Module\World\Collision\Collider</Filter>
    </ClCompile>
    <ClCompile Include="Engine\Module\World\Collision\Collider\BaseCollider.cpp">
      <Filter>Engine\Module\World\Collision\Collider</Filter>
    </ClCompile>
    <ClCompile Include="Engine\Resources\PolygonMesh\PolygonMesh.cpp">
      <Filter>Engine\Resources\PolygonMesh</Filter>
    </ClCompile>
    <ClCompile Include="Engine\Resources\Texture\TextureManager.cpp">
      <Filter>Engine\Resources\TextureManager</Filter>
    </ClCompile>
    <ClCompile Include="Engine\Runtime\Scene\BaseScene.cpp">
      <Filter>Engine\Runtime\Scene</Filter>
    </ClCompile>
    <ClCompile Include="Engine\Runtime\Scene\SceneManager.cpp">
      <Filter>Engine\Runtime\Scene</Filter>
    </ClCompile>
    <ClCompile Include="Engine\Rendering\DirectX\ShaderCompiler\ShaderCompiler.cpp">
      <Filter>Engine\Rendering\DirectX\ShaderCompiler</Filter>
    </ClCompile>
    <ClCompile Include="Engine\Resources\PolygonMesh\PolygonMeshManager.cpp">
      <Filter>Engine\Resources\PolygonMesh</Filter>
    </ClCompile>
    <ClCompile Include="Engine\Module\World\Mesh\MeshInstance.cpp">
      <Filter>Engine\Module\World\Objects\GameObject</Filter>
    </ClCompile>
    <ClCompile Include="Engine\Module\World\Sprite\SpriteInstance.cpp">
      <Filter>Engine\Module\World\Objects\SpriteObject</Filter>
    </ClCompile>
    <ClCompile Include="Engine\Resources\Audio\AudioManager.cpp">
      <Filter>Engine\Resources\Audio</Filter>
    </ClCompile>
    <ClCompile Include="Engine\Resources\Audio\AudioPlayer.cpp">
      <Filter>Engine\Resources\Audio</Filter>
    </ClCompile>
    <ClCompile Include="Engine\Resources\Audio\AudioResource.cpp">
      <Filter>Engine\Resources\Audio</Filter>
    </ClCompile>
    <ClCompile Include="Engine\Debug\ImGui\ImGuiManager\ImGuiManager.cpp">
      <Filter>Engine\Debug\ImGUIManager</Filter>
    </ClCompile>
    <ClCompile Include="Engine\Debug\ImGui\ImGuiLoadManager\ImGuiLoadManager.cpp">
      <Filter>Engine\Debug\ImGUILoadManager</Filter>
    </ClCompile>
    <ClCompile Include="Engine\Runtime\Input\Input.cpp">
      <Filter>Engine\Runtime\Input</Filter>
    </ClCompile>
    <ClCompile Include="Engine\Module\World\WorldInstance\WorldInstance.cpp">
      <Filter>Engine\Module\World\WorldInstance</Filter>
    </ClCompile>
    <ClCompile Include="Engine\Utility\Tools\ConvertString.cpp">
      <Filter>Engine\Utility\Tools\ConvertString</Filter>
    </ClCompile>
    <ClCompile Include="Engine\Debug\Output.cpp">
      <Filter>Engine\Debug\Output</Filter>
    </ClCompile>
    <ClCompile Include="Engine\Runtime\WorldClock\WorldClock.cpp">
      <Filter>Engine\Runtime\WorldClock</Filter>
    </ClCompile>
    <ClCompile Include="Engine\Module\World\Particle\Particle\Particle.cpp">
      <Filter>Engine\Module\ParticleSystem\Particle</Filter>
    </ClCompile>
    <ClCompile Include="Engine\Module\Render\RenderNode\Particle\ParticleBillboardNode\ParticleBillboardNode.cpp">
      <Filter>Engine\Module\Render\RenderNode\Particle</Filter>
    </ClCompile>
    <ClCompile Include="Engine\Module\Render\RenderNode\Particle\ParticleMeshNode\ParticleMeshNode.cpp">
      <Filter>Engine\Module\Render\RenderNode\Particle</Filter>
    </ClCompile>
    <ClCompile Include="Engine\Module\Render\RenderNode\Particle\ParticleSpriteNode\ParticleSpriteNode.cpp">
      <Filter>Engine\Module\Render\RenderNode\Particle</Filter>
    </ClCompile>
    <ClCompile Include="Library\Math\Matrix3x3.cpp">
      <Filter>Library\Math</Filter>
    </ClCompile>
    <ClCompile Include="Library\Math\Matrix4x4.cpp">
      <Filter>Library\Math</Filter>
    </ClCompile>
    <ClCompile Include="Library\Math\Quaternion.cpp">
      <Filter>Library\Math</Filter>
    </ClCompile>
    <ClCompile Include="Library\Math\Vector2.cpp">
      <Filter>Library\Math</Filter>
    </ClCompile>
    <ClCompile Include="Library\Math\Vector3.cpp">
      <Filter>Library\Math</Filter>
    </ClCompile>
    <ClCompile Include="Library\Math\Color4.cpp">
      <Filter>Library\Math</Filter>
    </ClCompile>
    <ClCompile Include="Library\Math\Transform3D.cpp">
      <Filter>Library\Math</Filter>
    </ClCompile>
    <ClCompile Include="Library\Math\Transform2D.cpp">
      <Filter>Library\Math</Filter>
    </ClCompile>
    <ClCompile Include="Library\Math\Hierarchy.cpp">
      <Filter>Library\Math</Filter>
    </ClCompile>
    <ClCompile Include="Engine\Utility\Tools\RandomEngine.cpp">
      <Filter>Engine\Utility\Tools</Filter>
    </ClCompile>
    <ClCompile Include="Engine\Module\World\Light\DirectionalLight\DirectionalLightInstance.cpp">
      <Filter>Engine\Module\World\Light</Filter>
    </ClCompile>
    <ClCompile Include="Engine\Debug\DebugValues\DebugValues.cpp">
      <Filter>Engine\Debug</Filter>
    </ClCompile>
    <ClCompile Include="Library\Math\VectorConverter.cpp">
      <Filter>Library\Math</Filter>
    </ClCompile>
    <ClCompile Include="Engine\Module\World\Collision\CollisionCallbackManager.cpp">
      <Filter>ソース ファイル</Filter>
    </ClCompile>
    <ClCompile Include="TestCode\CallbackManagerDemo.cpp">
      <Filter>ソース ファイル</Filter>
    </ClCompile>
    <ClCompile Include="Engine\Module\Render\RenderNode\Line\LineNode.cpp">
      <Filter>ソース ファイル</Filter>
    </ClCompile>
    <ClCompile Include="Engine\Debug\ImGui\ImGuiTK\ImGuiTK.cpp">
      <Filter>ソース ファイル</Filter>
    </ClCompile>
    <ClCompile Include="Library\Math\Color3.cpp">
      <Filter>ソース ファイル</Filter>
    </ClCompile>
    <ClCompile Include="Engine\Module\World\Light\PointLight\PointLightInstance.cpp">
      <Filter>ソース ファイル</Filter>
    </ClCompile>
    <ClCompile Include="Engine\Module\World\Light\SpotLight\SpotLightInstance.cpp">
      <Filter>ソース ファイル</Filter>
    </ClCompile>
    <ClCompile Include="Engine\Resources\Json\JsonResource.cpp">
      <Filter>ソース ファイル</Filter>
    </ClCompile>
    <ClCompile Include="Engine\Debug\ImGui\ImGuiJsonEditor\ImGuiValueEditor.cpp">
      <Filter>ソース ファイル</Filter>
    </ClCompile>
    <ClCompile Include="Engine\Module\World\Particle\DrawSystem\BaseParticleDrawSystem.cpp">
      <Filter>ソース ファイル</Filter>
    </ClCompile>
    <ClCompile Include="Engine\Module\World\Particle\DrawSystem\ParticleDrawSystemMesh.cpp">
      <Filter>ソース ファイル</Filter>
    </ClCompile>
    <ClCompile Include="Engine\Module\World\Particle\DrawSystem\ParticleDrawSystemRect.cpp">
      <Filter>ソース ファイル</Filter>
    </ClCompile>
    <ClCompile Include="Engine\Module\World\Particle\ParticleEmitterInstance.cpp">
      <Filter>ソース ファイル</Filter>
    </ClCompile>
    <ClCompile Include="Engine\Resources\Animation\NodeAnimation\NodeAnimationResource.cpp">
      <Filter>ソース ファイル</Filter>
    </ClCompile>
    <ClCompile Include="Engine\Resources\Animation\NodeAnimation\NodeAnimationPlayer.cpp">
      <Filter>ソース ファイル</Filter>
    </ClCompile>
    <ClCompile Include="Engine\Resources\Animation\Skeleton\SkeletonResource.cpp">
      <Filter>ソース ファイル</Filter>
    </ClCompile>
    <ClCompile Include="Engine\Module\World\AnimatedMesh\AnimatedMeshInstance.cpp">
      <Filter>ソース ファイル</Filter>
    </ClCompile>
    <ClCompile Include="Engine\Resources\Animation\NodeAnimation\NodeAnimationManager.cpp">
      <Filter>ソース ファイル</Filter>
    </ClCompile>
    <ClCompile Include="Engine\Resources\Animation\Skeleton\SkeletonManager.cpp">
      <Filter>ソース ファイル</Filter>
    </ClCompile>
    <ClCompile Include="Engine\Module\Render\RenderNode\SkinningMesh\SkinningMeshNode.cpp">
      <Filter>ソース ファイル</Filter>
    </ClCompile>
    <ClCompile Include="Engine\Resources\Texture\TextureResourceBuilder.cpp">
      <Filter>ソース ファイル</Filter>
    </ClCompile>
    <ClCompile Include="Engine\Resources\PolygonMesh\PolygonMeshBuilder.cpp">
      <Filter>ソース ファイル</Filter>
    </ClCompile>
    <ClCompile Include="Engine\Resources\Audio\AudioResourceBuilder.cpp">
      <Filter>ソース ファイル</Filter>
    </ClCompile>
    <ClCompile Include="Engine\Resources\Animation\Skeleton\SkeletonResourceBuilder.cpp">
      <Filter>ソース ファイル</Filter>
    </ClCompile>
    <ClCompile Include="Engine\Resources\Animation\NodeAnimation\NodeAnimationResourceBuilder.cpp">
      <Filter>ソース ファイル</Filter>
    </ClCompile>
    <ClCompile Include="Library\Math\Basis.cpp">
      <Filter>ソース ファイル</Filter>
    </ClCompile>
    <ClCompile Include="Library\Math\Affine.cpp">
      <Filter>ソース ファイル</Filter>
    </ClCompile>
    <ClCompile Include="Engine\Module\World\Collision\Collider\AABBCollider.cpp">
      <Filter>ソース ファイル</Filter>
    </ClCompile>
  </ItemGroup>
  <ItemGroup>
    <ClInclude Include="Engine\Application\WinApp.h">
      <Filter>Engine\Application\WinApp</Filter>
    </ClInclude>
    <ClInclude Include="Engine\Rendering\DirectX\DirectXDevice\DirectXDevice.h">
      <Filter>Engine\Rendering\DirectX\Device</Filter>
    </ClInclude>
    <ClInclude Include="Engine\Rendering\DirectX\DirectXCommand\DirectXCommand.h">
      <Filter>Engine\Rendering\DirectX\Command</Filter>
    </ClInclude>
    <ClInclude Include="Engine\Rendering\DirectX\DirectXSwapChain\DirectXSwapChain.h">
      <Filter>Engine\Rendering\DirectX\SwapChain</Filter>
    </ClInclude>
    <ClInclude Include="Engine\Rendering\DirectX\DirectXDescriptorHeap\DirectXDescriptorHeap.h">
      <Filter>Engine\Rendering\DirectX\DescriptorHeap</Filter>
    </ClInclude>
    <ClInclude Include="Engine\Rendering\DirectX\DirectXCore.h">
      <Filter>Engine\Rendering\DirectX</Filter>
    </ClInclude>
    <ClInclude Include="Engine\Rendering\DirectX\PipelineState\PipelineState.h">
      <Filter>Engine\Rendering\DirectX\PiplineState</Filter>
    </ClInclude>
    <ClInclude Include="Engine\Rendering\DirectX\DirectXResourceObject\DirectXResourceObject.h">
      <Filter>Engine\Rendering\DirectX\ResourceObject</Filter>
    </ClInclude>
    <ClInclude Include="Engine\Rendering\DirectX\DirectXResourceObject\RenderTarget\RenderTarget.h">
      <Filter>Engine\Rendering\DirectX\ResourceObject\RenderTarget</Filter>
    </ClInclude>
    <ClInclude Include="Engine\Rendering\DirectX\DirectXResourceObject\VertexBuffer\VertexBuffer.h">
      <Filter>Engine\Rendering\DirectX\ResourceObject\VertexBuffer</Filter>
    </ClInclude>
    <ClInclude Include="Engine\Rendering\DirectX\DirectXResourceObject\BufferObjects.h">
      <Filter>Engine\Rendering\DirectX\ResourceObject</Filter>
    </ClInclude>
    <ClInclude Include="Engine\Rendering\DirectX\DirectXResourceObject\IndexBuffer\IndexBuffer.h">
      <Filter>Engine\Rendering\DirectX\ResourceObject\IndexBuffer</Filter>
    </ClInclude>
    <ClInclude Include="Engine\Rendering\DirectX\DirectXResourceObject\ConstantBuffer\ConstantBuffer.h">
      <Filter>Engine\Rendering\DirectX\ResourceObject\ConstantBuffer</Filter>
    </ClInclude>
    <ClInclude Include="Engine\Rendering\DirectX\DirectXResourceObject\ConstantBuffer\Material\Material.h">
      <Filter>Engine\Rendering\DirectX\ResourceObject\ConstantBuffer\Material</Filter>
    </ClInclude>
    <ClInclude Include="Engine\Rendering\DirectX\DirectXResourceObject\ConstantBuffer\TransformMatrix\TransformMatrix.h">
      <Filter>Engine\Rendering\DirectX\ResourceObject\ConstantBuffer\TransformMatrix</Filter>
    </ClInclude>
    <ClInclude Include="Engine\Rendering\DirectX\DirectXDescriptorHeap\RTVDescriptorHeap\RTVDescriptorHeap.h">
      <Filter>Engine\Rendering\DirectX\DescriptorHeap\RTVDescriptorHeap</Filter>
    </ClInclude>
    <ClInclude Include="Engine\Rendering\DirectX\DirectXResourceObject\Texture\Texture.h">
      <Filter>Engine\Rendering\DirectX\ResourceObject\Texture</Filter>
    </ClInclude>
    <ClInclude Include="Engine\Rendering\DirectX\DirectXDescriptorHeap\SRVDescriptorHeap\SRVDescriptorHeap.h">
      <Filter>Engine\Rendering\DirectX\DescriptorHeap\SRVDescriptorHeap</Filter>
    </ClInclude>
    <ClInclude Include="Engine\Rendering\DirectX\DirectXDescriptorHeap\DSVDescroptorHeap\DSVDescriptorHeap.h">
      <Filter>Engine\Rendering\DirectX\DescriptorHeap\DSVDescriptorHeap</Filter>
    </ClInclude>
    <ClInclude Include="Engine\Rendering\DirectX\DirectXResourceObject\DepthStencil\DepthStencil.h">
      <Filter>Engine\Rendering\DirectX\ResourceObject\DepthStencil</Filter>
    </ClInclude>
    <ClInclude Include="Engine\Resources\BackgroundLoader\BackgroundLoader.h">
      <Filter>Engine\Resources\BackgroundLoader</Filter>
    </ClInclude>
    <ClInclude Include="Engine\Rendering\DirectX\DirectXResourceObject\OffscreenRender\OffscreenRender.h">
      <Filter>Engine\Rendering\DirectX\ResourceObject\OffscreenRender</Filter>
    </ClInclude>
    <ClInclude Include="Engine\Rendering\DirectX\PipelineState\PSOBuilder\PSOBuilder.h">
      <Filter>Engine\Rendering\DirectX\PiplineState\PSOBuilder</Filter>
    </ClInclude>
    <ClInclude Include="Engine\Rendering\DirectX\PipelineState\ShaderBuilder\ShaderBuilder.h">
      <Filter>Engine\Rendering\DirectX\PiplineState\ShaderBuilder</Filter>
    </ClInclude>
    <ClInclude Include="Engine\Module\Render\RenderPath\RenderPath.h">
      <Filter>Engine\Module\Render\RenderPath</Filter>
    </ClInclude>
    <ClInclude Include="Engine\Module\Render\RenderNode\Object3DNode\Object3DNode.h">
      <Filter>Engine\Module\Render\RenderNode\Object3D</Filter>
    </ClInclude>
    <ClInclude Include="Engine\Module\Render\RenderTargetGroup\BaseRenderTargetGroup.h">
      <Filter>Engine\Module\Render\RenderTargetGroup</Filter>
    </ClInclude>
    <ClInclude Include="Engine\Module\Render\RenderTargetGroup\MultiRenderTarget.h">
      <Filter>Engine\Module\Render\RenderTargetGroup\MultiRenderTarget</Filter>
    </ClInclude>
    <ClInclude Include="Engine\Module\Render\RenderTargetGroup\SwapChainRenderTargetGroup.h">
      <Filter>Engine\Module\Render\RenderTargetGroup\SwapChainRenderTargetGroup</Filter>
    </ClInclude>
    <ClInclude Include="Engine\Module\Render\RenderTargetGroup\SingleRenderTarget.h">
      <Filter>Engine\Module\Render\RenderTargetGroup\SingleRenderTarget</Filter>
    </ClInclude>
    <ClInclude Include="Engine\Module\Render\RenderNode\Grayscale\GrayscaleNode.h">
      <Filter>Engine\Module\Render\RenderNode\Grayscale</Filter>
    </ClInclude>
    <ClInclude Include="Engine\Module\Render\RenderNode\BaseRenderNode.h">
      <Filter>Engine\Module\Render\RenderNode\Base</Filter>
    </ClInclude>
    <ClInclude Include="Engine\Module\Render\RenderNode\MultiRenderTargetNode.h">
      <Filter>Engine\Module\Render\RenderNode\Base</Filter>
    </ClInclude>
    <ClInclude Include="Engine\Module\Render\RenderNode\SingleRenderTargetNode.h">
      <Filter>Engine\Module\Render\RenderNode\Base</Filter>
    </ClInclude>
    <ClInclude Include="Engine\Module\Render\RenderNode\ChromaticAberration\ChromaticAberrationNode.h">
      <Filter>Engine\Module\Render\RenderNode\ChromaticAberration</Filter>
    </ClInclude>
    <ClInclude Include="Engine\Module\Render\RenderNode\RadialBlur\RadialBlurNode.h">
      <Filter>Engine\Module\Render\RenderNode\RadialBlur</Filter>
    </ClInclude>
    <ClInclude Include="Engine\Module\Render\RenderNode\Sprite\SpriteNode.h">
      <Filter>Engine\Module\Render\RenderNode\Sprite</Filter>
    </ClInclude>
    <ClInclude Include="TestCode\SceneDemo.h">
      <Filter>TestProgram</Filter>
    </ClInclude>
    <ClInclude Include="Engine\Module\Render\RenderNode\Outline\OutlineNode.h">
      <Filter>Engine\Module\Render\RenderNode\Outline</Filter>
    </ClInclude>
    <ClInclude Include="Engine\Module\World\Camera\Camera2D.h">
      <Filter>Engine\Module\World\Camera</Filter>
    </ClInclude>
    <ClInclude Include="Engine\Module\World\Camera\Camera3D.h">
      <Filter>Engine\Module\World\Camera</Filter>
    </ClInclude>
    <ClInclude Include="Engine\Module\World\Collision\CollisionFunctions.h">
      <Filter>Engine\Module\World\Collision</Filter>
    </ClInclude>
    <ClInclude Include="Engine\Module\World\Collision\CollisionManager.h">
      <Filter>Engine\Module\World\Collision</Filter>
    </ClInclude>
    <ClInclude Include="Engine\Module\World\Collision\Collider\SphereCollider.h">
      <Filter>Engine\Module\World\Collision\Collider</Filter>
    </ClInclude>
    <ClInclude Include="Engine\Module\World\Collision\Collider\BaseCollider.h">
      <Filter>Engine\Module\World\Collision\Collider</Filter>
    </ClInclude>
    <ClInclude Include="Engine\Resources\PolygonMesh\PolygonMesh.h">
      <Filter>Engine\Resources\PolygonMesh</Filter>
    </ClInclude>
    <ClInclude Include="Engine\Resources\Texture\TextureManager.h">
      <Filter>Engine\Resources\TextureManager</Filter>
    </ClInclude>
    <ClInclude Include="Engine\Runtime\Scene\SceneManager.h">
      <Filter>Engine\Runtime\Scene</Filter>
    </ClInclude>
    <ClInclude Include="Engine\Runtime\Scene\BaseScene.h">
      <Filter>Engine\Runtime\Scene</Filter>
    </ClInclude>
    <ClInclude Include="Engine\Rendering\DirectX\ShaderCompiler\ShaderCompiler.h">
      <Filter>Engine\Rendering\DirectX\ShaderCompiler</Filter>
    </ClInclude>
    <ClInclude Include="Engine\Resources\PolygonMesh\PolygonMeshManager.h">
      <Filter>Engine\Resources\PolygonMesh</Filter>
    </ClInclude>
    <ClInclude Include="Engine\Module\World\Mesh\MeshInstance.h">
      <Filter>Engine\Module\World\Objects\GameObject</Filter>
    </ClInclude>
    <ClInclude Include="Engine\Module\World\Sprite\SpriteInstance.h">
      <Filter>Engine\Module\World\Objects\SpriteObject</Filter>
    </ClInclude>
    <ClInclude Include="Engine\Resources\Audio\AudioManager.h">
      <Filter>Engine\Resources\Audio</Filter>
    </ClInclude>
    <ClInclude Include="Engine\Resources\Audio\AudioPlayer.h">
      <Filter>Engine\Resources\Audio</Filter>
    </ClInclude>
    <ClInclude Include="Engine\Resources\Audio\AudioResource.h">
      <Filter>Engine\Resources\Audio</Filter>
    </ClInclude>
    <ClInclude Include="Engine\Debug\ImGui\ImGuiManager\ImGuiManager.h">
      <Filter>Engine\Debug\ImGUIManager</Filter>
    </ClInclude>
    <ClInclude Include="Engine\Debug\ImGui\ImGuiLoadManager\ImGuiLoadManager.h">
      <Filter>Engine\Debug\ImGUILoadManager</Filter>
    </ClInclude>
    <ClInclude Include="Engine\Runtime\Input\Input.h">
      <Filter>Engine\Runtime\Input</Filter>
    </ClInclude>
    <ClInclude Include="Engine\Runtime\Input\InputEnum.h">
      <Filter>Engine\Runtime\Input</Filter>
    </ClInclude>
    <ClInclude Include="Engine\Module\World\WorldInstance\WorldInstance.h">
      <Filter>Engine\Module\World\WorldInstance</Filter>
    </ClInclude>
    <ClInclude Include="Engine\Debug\Output.h">
      <Filter>Engine\Debug\Output</Filter>
    </ClInclude>
    <ClInclude Include="Engine\Utility\Tools\ConvertString.h">
      <Filter>Engine\Utility\Tools\ConvertString</Filter>
    </ClInclude>
    <ClInclude Include="Engine\Runtime\WorldClock\WorldClock.h">
      <Filter>Engine\Runtime\WorldClock</Filter>
    </ClInclude>
    <ClInclude Include="Engine\Rendering\DirectX\DirectXResourceObject\StructuredBuffer\StructuredBuffer.h">
      <Filter>Engine\Rendering\DirectX\ResourceObject\StructuredBuffer</Filter>
    </ClInclude>
    <ClInclude Include="Engine\Module\World\Particle\Particle\Particle.h">
      <Filter>Engine\Module\ParticleSystem\Particle</Filter>
    </ClInclude>
    <ClInclude Include="Engine\Module\Render\RenderNode\Particle\ParticleBillboardNode\ParticleBillboardNode.h">
      <Filter>Engine\Module\Render\RenderNode\Particle</Filter>
    </ClInclude>
    <ClInclude Include="Engine\Module\Render\RenderNode\Particle\ParticleMeshNode\ParticleMeshNode.h">
      <Filter>Engine\Module\Render\RenderNode\Particle</Filter>
    </ClInclude>
    <ClInclude Include="Engine\Module\Render\RenderNode\Particle\ParticleSpriteNode\ParticleSpriteNode.h">
      <Filter>Engine\Module\Render\RenderNode\Particle</Filter>
    </ClInclude>
    <ClInclude Include="Library\Math\Definition.h">
      <Filter>Library\Math</Filter>
    </ClInclude>
    <ClInclude Include="Library\Math\Matrix.h">
      <Filter>Library\Math</Filter>
    </ClInclude>
    <ClInclude Include="Library\Math\Matrix3x3.h">
      <Filter>Library\Math</Filter>
    </ClInclude>
    <ClInclude Include="Library\Math\Matrix4x4.h">
      <Filter>Library\Math</Filter>
    </ClInclude>
    <ClInclude Include="Library\Math\Quaternion.h">
      <Filter>Library\Math</Filter>
    </ClInclude>
    <ClInclude Include="Library\Math\Vector2.h">
      <Filter>Library\Math</Filter>
    </ClInclude>
    <ClInclude Include="Library\Math\Vector3.h">
      <Filter>Library\Math</Filter>
    </ClInclude>
    <ClInclude Include="Library\Math\Color4.h">
      <Filter>Library\Math</Filter>
    </ClInclude>
    <ClInclude Include="Library\Math\Hierarchy.h">
      <Filter>Library\Math</Filter>
    </ClInclude>
    <ClInclude Include="Library\Math\Transform2D.h">
      <Filter>Library\Math</Filter>
    </ClInclude>
    <ClInclude Include="Library\Math\Transform3D.h">
      <Filter>Library\Math</Filter>
    </ClInclude>
    <ClInclude Include="Engine\Utility\Template\Array2D.h">
      <Filter>Engine\Utility\Template</Filter>
    </ClInclude>
    <ClInclude Include="Engine\Utility\Template\Behavior.h">
      <Filter>Engine\Utility\Template</Filter>
    </ClInclude>
    <ClInclude Include="Engine\Utility\Template\bitflag.h">
      <Filter>Engine\Utility\Template</Filter>
    </ClInclude>
    <ClInclude Include="Engine\Utility\Template\TimedCall.h">
      <Filter>Engine\Utility\Template</Filter>
    </ClInclude>
    <ClInclude Include="Engine\Utility\Tools\SmartPointer.h">
      <Filter>Engine\Utility\Tools</Filter>
    </ClInclude>
    <ClInclude Include="Engine\Utility\Tools\RandomEngine.h">
      <Filter>Engine\Utility\Tools</Filter>
    </ClInclude>
    <ClInclude Include="Engine\Rendering\RenderingSystemValues.h">
      <Filter>Engine\Rendering</Filter>
    </ClInclude>
    <ClInclude Include="Engine\Rendering\DirectX\DirectXSystemValues.h">
      <Filter>Engine\Rendering\DirectX</Filter>
    </ClInclude>
    <ClInclude Include="Engine\Module\World\Particle\DrawSystem\ParticleBufferValue.h">
      <Filter>Engine\Module\ParticleSystem</Filter>
    </ClInclude>
    <ClInclude Include="Engine\Module\World\Light\DirectionalLight\DirectionalLightInstance.h">
      <Filter>Engine\Module\World\Light</Filter>
    </ClInclude>
    <ClInclude Include="Engine\Module\World\Light\BaseLightInstance.h">
      <Filter>Engine\Module\World\Light</Filter>
    </ClInclude>
    <ClInclude Include="Engine\Utility\Tools\ConstructorMacro.h">
      <Filter>Engine\Utility\Tools</Filter>
    </ClInclude>
    <ClInclude Include="Engine\Debug\DebugValues\DebugValues.h">
      <Filter>Engine\Debug</Filter>
    </ClInclude>
    <ClInclude Include="Engine\Application\EngineSettings.h">
      <Filter>Engine\Application</Filter>
    </ClInclude>
    <ClInclude Include="Engine\Utility\Template\SingletonInterface.h">
      <Filter>Engine\Utility\Template</Filter>
    </ClInclude>
    <ClInclude Include="Library\Math\VectorConverter.h">
      <Filter>Library\Math</Filter>
    </ClInclude>
    <ClInclude Include="Engine\Module\World\Collision\CollisionCallbackManager.h">
      <Filter>ヘッダー ファイル</Filter>
    </ClInclude>
    <ClInclude Include="Engine\Utility\Template\SortedPair.h">
      <Filter>ヘッダー ファイル</Filter>
    </ClInclude>
    <ClInclude Include="Engine\Utility\Tools\Hash.h">
      <Filter>ヘッダー ファイル</Filter>
    </ClInclude>
    <ClInclude Include="TestCode\CallbackManagerDemo.h">
      <Filter>ヘッダー ファイル</Filter>
    </ClInclude>
    <ClInclude Include="Engine\Module\Render\RenderNode\Line\LineNode.h">
      <Filter>ヘッダー ファイル</Filter>
    </ClInclude>
    <ClInclude Include="Engine\Debug\ImGui\ImGuiTK\ImGuiTK.h">
      <Filter>ヘッダー ファイル</Filter>
    </ClInclude>
    <ClInclude Include="Library\Math\Color3.h">
      <Filter>ヘッダー ファイル</Filter>
    </ClInclude>
    <ClInclude Include="Engine\Module\World\Light\SpotLight\SpotLightInstance.h">
      <Filter>ヘッダー ファイル</Filter>
    </ClInclude>
    <ClInclude Include="Engine\Module\World\Light\PointLight\PointLightInstance.h">
      <Filter>ヘッダー ファイル</Filter>
    </ClInclude>
    <ClInclude Include="Engine\Resources\Json\JsonResource.h">
      <Filter>ヘッダー ファイル</Filter>
    </ClInclude>
    <ClInclude Include="Engine\Debug\ImGui\ImGuiJsonEditor\ImGuiValueEditor.h">
      <Filter>ヘッダー ファイル</Filter>
    </ClInclude>
    <ClInclude Include="Engine\Resources\Json\JsonSerializer.h">
      <Filter>ヘッダー ファイル</Filter>
    </ClInclude>
    <ClInclude Include="Engine\Debug\ImGui\ImGuiJsonEditor\ValueEditorObject.h">
      <Filter>ヘッダー ファイル</Filter>
    </ClInclude>
    <ClInclude Include="Engine\Module\World\Particle\DrawSystem\BaseParticleDrawSystem.h">
      <Filter>ヘッダー ファイル</Filter>
    </ClInclude>
    <ClInclude Include="Engine\Module\World\Particle\DrawSystem\ParticleDrawSystemMesh.h">
      <Filter>ヘッダー ファイル</Filter>
    </ClInclude>
    <ClInclude Include="Engine\Module\World\Particle\DrawSystem\ParticleDrawSystemRect.h">
      <Filter>ヘッダー ファイル</Filter>
    </ClInclude>
    <ClInclude Include="Engine\Module\World\Particle\ParticleEmitterInstance.h">
      <Filter>ヘッダー ファイル</Filter>
    </ClInclude>
    <ClInclude Include="Engine\Resources\Animation\NodeAnimation\NodeAnimationResource.h">
      <Filter>ヘッダー ファイル</Filter>
    </ClInclude>
    <ClInclude Include="Engine\Resources\Animation\NodeAnimation\NodeAnimationPlayer.h">
      <Filter>ヘッダー ファイル</Filter>
    </ClInclude>
    <ClInclude Include="Engine\Resources\Animation\Skeleton\SkeletonResource.h">
      <Filter>ヘッダー ファイル</Filter>
    </ClInclude>
    <ClInclude Include="Engine\Module\World\AnimatedMesh\AnimatedMeshInstance.h">
      <Filter>ヘッダー ファイル</Filter>
    </ClInclude>
    <ClInclude Include="Engine\Resources\Animation\NodeAnimation\NodeAnimationManager.h">
      <Filter>ヘッダー ファイル</Filter>
    </ClInclude>
    <ClInclude Include="Engine\Resources\Animation\Skeleton\SkeletonManager.h">
      <Filter>ヘッダー ファイル</Filter>
    </ClInclude>
    <ClInclude Include="Engine\Module\Render\RenderNode\SkinningMesh\SkinningMeshNode.h">
      <Filter>ヘッダー ファイル</Filter>
    </ClInclude>
    <ClInclude Include="Engine\Resources\BaseResourceBuilder.h">
      <Filter>ヘッダー ファイル</Filter>
    </ClInclude>
    <ClInclude Include="Engine\Resources\Texture\TextureResourceBuilder.h">
      <Filter>ヘッダー ファイル</Filter>
    </ClInclude>
    <ClInclude Include="Engine\Resources\PolygonMesh\PolygonMeshBuilder.h">
      <Filter>ヘッダー ファイル</Filter>
    </ClInclude>
    <ClInclude Include="Engine\Resources\Audio\AudioResourceBuilder.h">
      <Filter>ヘッダー ファイル</Filter>
    </ClInclude>
    <ClInclude Include="Engine\Resources\Animation\Skeleton\SkeletonResourceBuilder.h">
      <Filter>ヘッダー ファイル</Filter>
    </ClInclude>
    <ClInclude Include="Engine\Resources\Animation\NodeAnimation\NodeAnimationResourceBuilder.h">
      <Filter>ヘッダー ファイル</Filter>
    </ClInclude>
    <ClInclude Include="Library\Math\Basis.h">
      <Filter>ヘッダー ファイル</Filter>
    </ClInclude>
    <ClInclude Include="Library\Math\Affine.h">
      <Filter>ヘッダー ファイル</Filter>
    </ClInclude>
    <ClInclude Include="Engine\Utility\Template\Reference.h">
      <Filter>ヘッダー ファイル</Filter>
    </ClInclude>
    <ClInclude Include="Engine\Module\World\Collision\Collider\AABBCollider.h">
      <Filter>ヘッダー ファイル</Filter>
    </ClInclude>
  </ItemGroup>
  <ItemGroup>
    <FxCompile Include="EngineResources\HLSL\FullscreenShader.hlsl">
      <Filter>EngineResources\HLSL</Filter>
    </FxCompile>
    <FxCompile Include="EngineResources\HLSL\3DObject\Object3d.PS.hlsl">
      <Filter>EngineResources\HLSL\3DObject</Filter>
    </FxCompile>
    <FxCompile Include="EngineResources\HLSL\3DObject\Object3d.VS.hlsl">
      <Filter>EngineResources\HLSL\3DObject</Filter>
    </FxCompile>
    <FxCompile Include="EngineResources\HLSL\NormalColor\NormalColor.PS.hlsl">
      <Filter>EngineResources\HLSL\NormalColor</Filter>
    </FxCompile>
    <FxCompile Include="EngineResources\HLSL\NormalColor\NormalColor.VS.hlsl">
      <Filter>EngineResources\HLSL\NormalColor</Filter>
    </FxCompile>
    <FxCompile Include="EngineResources\HLSL\Wireframe\Wireframe3d.PS.hlsl">
      <Filter>EngineResources\HLSL\Wireframe</Filter>
    </FxCompile>
    <FxCompile Include="EngineResources\HLSL\Wireframe\Wireframe3d.VS.hlsl">
      <Filter>EngineResources\HLSL\Wireframe</Filter>
    </FxCompile>
    <FxCompile Include="EngineResources\HLSL\Sprite\Sprite.PS.hlsl">
      <Filter>EngineResources\HLSL\Texture</Filter>
    </FxCompile>
    <FxCompile Include="EngineResources\HLSL\Sprite\Sprite.VS.hlsl">
      <Filter>EngineResources\HLSL\Texture</Filter>
    </FxCompile>
    <FxCompile Include="EngineResources\HLSL\ChromaticAberration\ChromaticAberration.PS.hlsl">
      <Filter>EngineResources\HLSL\PostEffect\ChromaticAberration</Filter>
    </FxCompile>
    <FxCompile Include="EngineResources\HLSL\Grayscale\Grayscale.PS.hlsl">
      <Filter>EngineResources\HLSL\PostEffect\Grayscale</Filter>
    </FxCompile>
    <FxCompile Include="EngineResources\HLSL\Outline\Outline.PS.hlsl">
      <Filter>EngineResources\HLSL\PostEffect\Outline</Filter>
    </FxCompile>
    <FxCompile Include="EngineResources\HLSL\RadialBlur\RadialBlur.PS.hlsl">
      <Filter>EngineResources\HLSL\PostEffect\RadialBlur</Filter>
    </FxCompile>
    <FxCompile Include="EngineResources\HLSL\Particle\ParticleMesh\ParticleMesh.PS.hlsl">
      <Filter>EngineResources\HLSL\Particle\ParticleMesh</Filter>
    </FxCompile>
    <FxCompile Include="EngineResources\HLSL\Particle\ParticleMesh\ParticleMesh.VS.hlsl">
      <Filter>EngineResources\HLSL\Particle\ParticleMesh</Filter>
    </FxCompile>
    <FxCompile Include="EngineResources\HLSL\Particle\ParticleBillboard\ParticleBillboard.PS.hlsl">
      <Filter>EngineResources\HLSL\Particle\ParticleBillboard</Filter>
    </FxCompile>
    <FxCompile Include="EngineResources\HLSL\Particle\ParticleBillboard\ParticleBillboard.VS.hlsl">
      <Filter>EngineResources\HLSL\Particle\ParticleBillboard</Filter>
    </FxCompile>
  </ItemGroup>
  <ItemGroup>
    <None Include="EngineResources\HLSL\3DObject\Object3d.hlsli">
      <Filter>EngineResources\HLSL\3DObject</Filter>
    </None>
    <None Include="EngineResources\HLSL\NormalColor\NormalColor.hlsli">
      <Filter>EngineResources\HLSL\NormalColor</Filter>
    </None>
    <None Include="EngineResources\HLSL\Sprite\Sprite.hlsli">
      <Filter>EngineResources\HLSL\Texture</Filter>
    </None>
    <None Include="EngineResources\HLSL\ChromaticAberration\ChromaticAberration.hlsli">
      <Filter>EngineResources\HLSL\PostEffect\ChromaticAberration</Filter>
    </None>
    <None Include="EngineResources\HLSL\Grayscale\Grayscale.hlsli">
      <Filter>EngineResources\HLSL\PostEffect\Grayscale</Filter>
    </None>
    <None Include="EngineResources\HLSL\RadialBlur\RadialBlur.hlsli">
      <Filter>EngineResources\HLSL\PostEffect\RadialBlur</Filter>
    </None>
    <None Include="EngineResources\HLSL\Particle\ParticleMesh\ParticleMesh.hlsli">
      <Filter>EngineResources\HLSL\Particle\ParticleMesh</Filter>
    </None>
    <None Include="EngineResources\HLSL\Particle\ParticleBillboard\ParticleBillboard.hlsli">
      <Filter>EngineResources\HLSL\Particle\ParticleBillboard</Filter>
    </None>
  </ItemGroup>
</Project>