<?xml version="1.0" encoding="utf-8"?>
<Project ToolsVersion="Current" xmlns="http://schemas.microsoft.com/developer/msbuild/2003">
  <PropertyGroup>
    <ShowAllFiles>true</ShowAllFiles>
  </PropertyGroup>
  <ItemGroup>
    <ClCompile Include="Scripts\Scene\Factory__Template__.cpp" />
    <ClCompile Include="Scripts\main.cpp" />
    <ClCompile Include="Scripts\__Template__.cpp" />
  </ItemGroup>
  <ItemGroup>
    <ClInclude Include="Scripts\Scene\Factory__Template__.h" />
    <ClInclude Include="Scripts\__Template__.h" />
  </ItemGroup>
</Project>